// !$*UTF8*$!
{
	archiveVersion = 1;
	classes = {
	};
	objectVersion = 46;
	objects = {

/* Begin PBXBuildFile section */
		39AD183A17553765002969FA /* CoreData.framework in Frameworks */ = {isa = PBXBuildFile; fileRef = 39AD183917553765002969FA /* CoreData.framework */; };
		39FF25E416DFA28A0062C3DC /* Foundation.framework in Frameworks */ = {isa = PBXBuildFile; fileRef = 39FF25E316DFA28A0062C3DC /* Foundation.framework */; };
		76444EDF180F069300C41E3D /* MobileCoreServices.framework in Frameworks */ = {isa = PBXBuildFile; fileRef = 76444EDE180F069300C41E3D /* MobileCoreServices.framework */; };
		765992C518D37FF00062CC09 /* Security.framework in Frameworks */ = {isa = PBXBuildFile; fileRef = 765992C418D37FF00062CC09 /* Security.framework */; };
		B709BE8F1A2CA171002FAC06 /* GlobalColors.h in Headers */ = {isa = PBXBuildFile; fileRef = B709BE8E1A2CA171002FAC06 /* GlobalColors.h */; };
		B70E7C6119C0BB8300C2B042 /* API.h in Headers */ = {isa = PBXBuildFile; fileRef = B70E7C1E19C0BB8300C2B042 /* API.h */; };
		B70E7C6219C0BB8300C2B042 /* CredentialManager.h in Headers */ = {isa = PBXBuildFile; fileRef = B70E7C1F19C0BB8300C2B042 /* CredentialManager.h */; };
		B70E7C6419C0BB8300C2B042 /* DataSaver.h in Headers */ = {isa = PBXBuildFile; fileRef = B70E7C2119C0BB8300C2B042 /* DataSaver.h */; };
		B70E7C6519C0BB8300C2B042 /* DLAVAlertView.h in Headers */ = {isa = PBXBuildFile; fileRef = B70E7C2219C0BB8300C2B042 /* DLAVAlertView.h */; };
		B70E7C6619C0BB8300C2B042 /* DLAVAlertViewButtonTheme.h in Headers */ = {isa = PBXBuildFile; fileRef = B70E7C2319C0BB8300C2B042 /* DLAVAlertViewButtonTheme.h */; };
		B70E7C6719C0BB8300C2B042 /* DLAVAlertViewController.h in Headers */ = {isa = PBXBuildFile; fileRef = B70E7C2419C0BB8300C2B042 /* DLAVAlertViewController.h */; };
		B70E7C6819C0BB8300C2B042 /* DLAVAlertViewTextControlTheme.h in Headers */ = {isa = PBXBuildFile; fileRef = B70E7C2519C0BB8300C2B042 /* DLAVAlertViewTextControlTheme.h */; };
		B70E7C6919C0BB8300C2B042 /* DLAVAlertViewTextFieldTheme.h in Headers */ = {isa = PBXBuildFile; fileRef = B70E7C2619C0BB8300C2B042 /* DLAVAlertViewTextFieldTheme.h */; };
		B70E7C6A19C0BB8300C2B042 /* DLAVAlertViewTheme.h in Headers */ = {isa = PBXBuildFile; fileRef = B70E7C2719C0BB8300C2B042 /* DLAVAlertViewTheme.h */; };
		B70E7C6D19C0BB8300C2B042 /* FieldEntry.h in Headers */ = {isa = PBXBuildFile; fileRef = B70E7C2A19C0BB8300C2B042 /* FieldEntry.h */; };
		B70E7C6E19C0BB8300C2B042 /* FieldGrabber.h in Headers */ = {isa = PBXBuildFile; fileRef = B70E7C2B19C0BB8300C2B042 /* FieldGrabber.h */; };
		B70E7C6F19C0BB8300C2B042 /* FieldMatchCell.h in Headers */ = {isa = PBXBuildFile; fileRef = B70E7C2C19C0BB8300C2B042 /* FieldMatchCell.h */; };
		B70E7C7019C0BB8300C2B042 /* FieldMatchingViewController.h in Headers */ = {isa = PBXBuildFile; fileRef = B70E7C2D19C0BB8300C2B042 /* FieldMatchingViewController.h */; };
		B70E7C7119C0BB8300C2B042 /* DataContainer.h in Headers */ = {isa = PBXBuildFile; fileRef = B70E7C2E19C0BB8300C2B042 /* DataContainer.h */; };
		B70E7C7419C0BB8300C2B042 /* iSENSE_API-Prefix.pch in Headers */ = {isa = PBXBuildFile; fileRef = B70E7C3119C0BB8300C2B042 /* iSENSE_API-Prefix.pch */; };
		B70E7C7619C0BB8300C2B042 /* ISenseSearch.h in Headers */ = {isa = PBXBuildFile; fileRef = B70E7C3319C0BB8300C2B042 /* ISenseSearch.h */; };
		B70E7C7719C0BB8300C2B042 /* ISKeys.h in Headers */ = {isa = PBXBuildFile; fileRef = B70E7C3419C0BB8300C2B042 /* ISKeys.h */; };
		B70E7C7A19C0BB8300C2B042 /* ProjectBrowserViewController.h in Headers */ = {isa = PBXBuildFile; fileRef = B70E7C3719C0BB8300C2B042 /* ProjectBrowserViewController.h */; };
		B70E7C7B19C0BB8300C2B042 /* ProjectCell.h in Headers */ = {isa = PBXBuildFile; fileRef = B70E7C3819C0BB8300C2B042 /* ProjectCell.h */; };
		B70E7C7C19C0BB8300C2B042 /* QDataSet.h in Headers */ = {isa = PBXBuildFile; fileRef = B70E7C3919C0BB8300C2B042 /* QDataSet.h */; };
		B70E7C7E19C0BB8300C2B042 /* Queue.h in Headers */ = {isa = PBXBuildFile; fileRef = B70E7C3C19C0BB8300C2B042 /* Queue.h */; };
		B70E7C7F19C0BB8300C2B042 /* QueueCell.h in Headers */ = {isa = PBXBuildFile; fileRef = B70E7C3D19C0BB8300C2B042 /* QueueCell.h */; };
		B70E7C8019C0BB8300C2B042 /* QueueConstants.h in Headers */ = {isa = PBXBuildFile; fileRef = B70E7C3E19C0BB8300C2B042 /* QueueConstants.h */; };
		B70E7C8119C0BB8300C2B042 /* QueueUploaderView.h in Headers */ = {isa = PBXBuildFile; fileRef = B70E7C3F19C0BB8300C2B042 /* QueueUploaderView.h */; };
		B70E7C8319C0BB8300C2B042 /* RDataSet.h in Headers */ = {isa = PBXBuildFile; fileRef = B70E7C4119C0BB8300C2B042 /* RDataSet.h */; };
		B70E7C8419C0BB8300C2B042 /* Reachability.h in Headers */ = {isa = PBXBuildFile; fileRef = B70E7C4219C0BB8300C2B042 /* Reachability.h */; };
		B70E7C8519C0BB8300C2B042 /* RNews.h in Headers */ = {isa = PBXBuildFile; fileRef = B70E7C4319C0BB8300C2B042 /* RNews.h */; };
		B70E7C8719C0BB8300C2B042 /* RPerson.h in Headers */ = {isa = PBXBuildFile; fileRef = B70E7C4519C0BB8300C2B042 /* RPerson.h */; };
		B70E7C8819C0BB8300C2B042 /* RProject.h in Headers */ = {isa = PBXBuildFile; fileRef = B70E7C4619C0BB8300C2B042 /* RProject.h */; };
		B70E7C8919C0BB8300C2B042 /* RProjectField.h in Headers */ = {isa = PBXBuildFile; fileRef = B70E7C4719C0BB8300C2B042 /* RProjectField.h */; };
		B70E7C8A19C0BB8300C2B042 /* RTutorial.h in Headers */ = {isa = PBXBuildFile; fileRef = B70E7C4819C0BB8300C2B042 /* RTutorial.h */; };
		B70E7C9619C0BB8300C2B042 /* StringGrabber.h in Headers */ = {isa = PBXBuildFile; fileRef = B70E7C5419C0BB8300C2B042 /* StringGrabber.h */; };
		B70E7C9719C0BB8300C2B042 /* Waffle.h in Headers */ = {isa = PBXBuildFile; fileRef = B70E7C5519C0BB8300C2B042 /* Waffle.h */; };
		B70E7C9819C0BB8300C2B042 /* WaffleConstants.h in Headers */ = {isa = PBXBuildFile; fileRef = B70E7C5619C0BB8300C2B042 /* WaffleConstants.h */; };
		B70E7CDB19C0BBA700C2B042 /* API.m in Sources */ = {isa = PBXBuildFile; fileRef = B70E7CA219C0BBA700C2B042 /* API.m */; };
		B70E7CDC19C0BBA700C2B042 /* CredentialManager.m in Sources */ = {isa = PBXBuildFile; fileRef = B70E7CA319C0BBA700C2B042 /* CredentialManager.m */; };
		B70E7CDE19C0BBA700C2B042 /* DataSaver.m in Sources */ = {isa = PBXBuildFile; fileRef = B70E7CA519C0BBA700C2B042 /* DataSaver.m */; };
		B70E7CDF19C0BBA700C2B042 /* DLAVAlertView.m in Sources */ = {isa = PBXBuildFile; fileRef = B70E7CA619C0BBA700C2B042 /* DLAVAlertView.m */; };
		B70E7CE019C0BBA700C2B042 /* DLAVAlertViewButtonTheme.m in Sources */ = {isa = PBXBuildFile; fileRef = B70E7CA719C0BBA700C2B042 /* DLAVAlertViewButtonTheme.m */; };
		B70E7CE119C0BBA700C2B042 /* DLAVAlertViewController.m in Sources */ = {isa = PBXBuildFile; fileRef = B70E7CA819C0BBA700C2B042 /* DLAVAlertViewController.m */; };
		B70E7CE219C0BBA700C2B042 /* DLAVAlertViewTextControlTheme.m in Sources */ = {isa = PBXBuildFile; fileRef = B70E7CA919C0BBA700C2B042 /* DLAVAlertViewTextControlTheme.m */; };
		B70E7CE319C0BBA700C2B042 /* DLAVAlertViewTextFieldTheme.m in Sources */ = {isa = PBXBuildFile; fileRef = B70E7CAA19C0BBA700C2B042 /* DLAVAlertViewTextFieldTheme.m */; };
		B70E7CE419C0BBA700C2B042 /* DLAVAlertViewTheme.m in Sources */ = {isa = PBXBuildFile; fileRef = B70E7CAB19C0BBA700C2B042 /* DLAVAlertViewTheme.m */; };
		B70E7CE719C0BBA700C2B042 /* FieldEntry.m in Sources */ = {isa = PBXBuildFile; fileRef = B70E7CAE19C0BBA700C2B042 /* FieldEntry.m */; };
		B70E7CE819C0BBA700C2B042 /* FieldGrabber.m in Sources */ = {isa = PBXBuildFile; fileRef = B70E7CAF19C0BBA700C2B042 /* FieldGrabber.m */; };
		B70E7CE919C0BBA700C2B042 /* FieldMatchCell.m in Sources */ = {isa = PBXBuildFile; fileRef = B70E7CB019C0BBA700C2B042 /* FieldMatchCell.m */; };
		B70E7CEA19C0BBA700C2B042 /* FieldMatchingViewController.m in Sources */ = {isa = PBXBuildFile; fileRef = B70E7CB119C0BBA700C2B042 /* FieldMatchingViewController.m */; };
		B70E7CEB19C0BBA700C2B042 /* DataContainer.m in Sources */ = {isa = PBXBuildFile; fileRef = B70E7CB219C0BBA700C2B042 /* DataContainer.m */; };
		B70E7CEE19C0BBA700C2B042 /* ISenseSearch.m in Sources */ = {isa = PBXBuildFile; fileRef = B70E7CB519C0BBA700C2B042 /* ISenseSearch.m */; };
		B70E7CF119C0BBA700C2B042 /* ProjectBrowserViewController.m in Sources */ = {isa = PBXBuildFile; fileRef = B70E7CB819C0BBA700C2B042 /* ProjectBrowserViewController.m */; };
		B70E7CF219C0BBA700C2B042 /* ProjectCell.m in Sources */ = {isa = PBXBuildFile; fileRef = B70E7CB919C0BBA700C2B042 /* ProjectCell.m */; };
		B70E7CF319C0BBA700C2B042 /* QDataSet.m in Sources */ = {isa = PBXBuildFile; fileRef = B70E7CBA19C0BBA700C2B042 /* QDataSet.m */; };
		B70E7CF419C0BBA700C2B042 /* Queue.m in Sources */ = {isa = PBXBuildFile; fileRef = B70E7CBB19C0BBA700C2B042 /* Queue.m */; };
		B70E7CF519C0BBA700C2B042 /* QueueCell.m in Sources */ = {isa = PBXBuildFile; fileRef = B70E7CBC19C0BBA700C2B042 /* QueueCell.m */; };
		B70E7CF619C0BBA700C2B042 /* QueueUploaderView.m in Sources */ = {isa = PBXBuildFile; fileRef = B70E7CBD19C0BBA700C2B042 /* QueueUploaderView.m */; };
		B70E7CF819C0BBA700C2B042 /* RDataSet.m in Sources */ = {isa = PBXBuildFile; fileRef = B70E7CBF19C0BBA700C2B042 /* RDataSet.m */; };
		B70E7CF919C0BBA700C2B042 /* Reachability.m in Sources */ = {isa = PBXBuildFile; fileRef = B70E7CC019C0BBA700C2B042 /* Reachability.m */; settings = {COMPILER_FLAGS = "-fno-objc-arc"; }; };
		B70E7CFA19C0BBA700C2B042 /* RNews.m in Sources */ = {isa = PBXBuildFile; fileRef = B70E7CC119C0BBA700C2B042 /* RNews.m */; };
		B70E7CFC19C0BBA700C2B042 /* RPerson.m in Sources */ = {isa = PBXBuildFile; fileRef = B70E7CC319C0BBA700C2B042 /* RPerson.m */; };
		B70E7CFD19C0BBA700C2B042 /* RProject.m in Sources */ = {isa = PBXBuildFile; fileRef = B70E7CC419C0BBA700C2B042 /* RProject.m */; };
		B70E7CFE19C0BBA700C2B042 /* RProjectField.m in Sources */ = {isa = PBXBuildFile; fileRef = B70E7CC519C0BBA700C2B042 /* RProjectField.m */; };
		B70E7CFF19C0BBA700C2B042 /* RTutorial.m in Sources */ = {isa = PBXBuildFile; fileRef = B70E7CC619C0BBA700C2B042 /* RTutorial.m */; };
		B70E7D0919C0BBA700C2B042 /* StringGrabber.m in Sources */ = {isa = PBXBuildFile; fileRef = B70E7CD019C0BBA700C2B042 /* StringGrabber.m */; };
		B70E7D0A19C0BBA700C2B042 /* Waffle.m in Sources */ = {isa = PBXBuildFile; fileRef = B70E7CD119C0BBA700C2B042 /* Waffle.m */; };
		B71AD6A619C710AE006820A1 /* CoreFoundation.framework in Frameworks */ = {isa = PBXBuildFile; fileRef = 39216FDE176F5C790070DFCC /* CoreFoundation.framework */; };
		B71AD6AC19C710AE006820A1 /* InfoPlist.strings in Resources */ = {isa = PBXBuildFile; fileRef = B71AD6AA19C710AE006820A1 /* InfoPlist.strings */; };
		B71AD6E019C7119B006820A1 /* barcode.png in Resources */ = {isa = PBXBuildFile; fileRef = B71AD6B419C7119B006820A1 /* barcode.png */; };
		B71AD6E119C7119B006820A1 /* checked.png in Resources */ = {isa = PBXBuildFile; fileRef = B71AD6B519C7119B006820A1 /* checked.png */; };
		B71AD6E219C7119B006820A1 /* checked@2x.png in Resources */ = {isa = PBXBuildFile; fileRef = B71AD6B619C7119B006820A1 /* checked@2x.png */; };
		B71AD6E319C7119B006820A1 /* default_user.png in Resources */ = {isa = PBXBuildFile; fileRef = B71AD6B719C7119B006820A1 /* default_user.png */; };
		B71AD6E419C7119B006820A1 /* Default-568h@2x.png in Resources */ = {isa = PBXBuildFile; fileRef = B71AD6B819C7119B006820A1 /* Default-568h@2x.png */; };
		B71AD6E519C7119B006820A1 /* Default.png in Resources */ = {isa = PBXBuildFile; fileRef = B71AD6B919C7119B006820A1 /* Default.png */; };
		B71AD6E619C7119B006820A1 /* Default~iphone.png in Resources */ = {isa = PBXBuildFile; fileRef = B71AD6BA19C7119B006820A1 /* Default~iphone.png */; };
		B71AD6E719C7119B006820A1 /* FieldMatchCell~ipad.xib in Resources */ = {isa = PBXBuildFile; fileRef = B71AD6BB19C7119B006820A1 /* FieldMatchCell~ipad.xib */; };
		B71AD6E819C7119B006820A1 /* FieldMatchCell~iphone.xib in Resources */ = {isa = PBXBuildFile; fileRef = B71AD6BC19C7119B006820A1 /* FieldMatchCell~iphone.xib */; };
		B71AD6ED19C7119B006820A1 /* Fields.strings in Resources */ = {isa = PBXBuildFile; fileRef = B71AD6C119C7119B006820A1 /* Fields.strings */; };
		B71AD6EE19C7119B006820A1 /* info.png in Resources */ = {isa = PBXBuildFile; fileRef = B71AD6C219C7119B006820A1 /* info.png */; };
		B71AD6EF19C7119B006820A1 /* launchImage-iPad.png in Resources */ = {isa = PBXBuildFile; fileRef = B71AD6C319C7119B006820A1 /* launchImage-iPad.png */; };
		B71AD6F019C7119B006820A1 /* launchImage-iPad~retina.png in Resources */ = {isa = PBXBuildFile; fileRef = B71AD6C419C7119B006820A1 /* launchImage-iPad~retina.png */; };
		B71AD6F119C7119B006820A1 /* menu-button.png in Resources */ = {isa = PBXBuildFile; fileRef = B71AD6C519C7119B006820A1 /* menu-button.png */; };
		B71AD6F219C7119B006820A1 /* menu-button@2x.png in Resources */ = {isa = PBXBuildFile; fileRef = B71AD6C619C7119B006820A1 /* menu-button@2x.png */; };
		B71AD6F319C7119B006820A1 /* menuIcon.png in Resources */ = {isa = PBXBuildFile; fileRef = B71AD6C719C7119B006820A1 /* menuIcon.png */; };
		B71AD6F419C7119B006820A1 /* navBar_iPhone.png in Resources */ = {isa = PBXBuildFile; fileRef = B71AD6C819C7119B006820A1 /* navBar_iPhone.png */; };
		B71AD6F519C7119B006820A1 /* navBar~landscape_iPhone.png in Resources */ = {isa = PBXBuildFile; fileRef = B71AD6C919C7119B006820A1 /* navBar~landscape_iPhone.png */; };
		B71AD6F619C7119B006820A1 /* projectblock_clean.png in Resources */ = {isa = PBXBuildFile; fileRef = B71AD6CA19C7119B006820A1 /* projectblock_clean.png */; };
		B71AD6F719C7119B006820A1 /* projectblock_dark.png in Resources */ = {isa = PBXBuildFile; fileRef = B71AD6CB19C7119B006820A1 /* projectblock_dark.png */; };
		B71AD6F819C7119B006820A1 /* ProjectBrowserViewController_iPad.xib in Resources */ = {isa = PBXBuildFile; fileRef = B71AD6CC19C7119B006820A1 /* ProjectBrowserViewController_iPad.xib */; };
		B71AD6F919C7119B006820A1 /* ProjectBrowserViewController_iPhone.xib in Resources */ = {isa = PBXBuildFile; fileRef = B71AD6CD19C7119B006820A1 /* ProjectBrowserViewController_iPhone.xib */; };
		B71AD6FA19C7119B006820A1 /* ProjectBrowserViewController~landscape_iPhone.xib in Resources */ = {isa = PBXBuildFile; fileRef = B71AD6CE19C7119B006820A1 /* ProjectBrowserViewController~landscape_iPhone.xib */; };
		B71AD6FC19C7119B006820A1 /* queue_layout-landscape~iphone.xib in Resources */ = {isa = PBXBuildFile; fileRef = B71AD6D019C7119B006820A1 /* queue_layout-landscape~iphone.xib */; };
		B71AD6FE19C7119B006820A1 /* queue_layout~iphone.xib in Resources */ = {isa = PBXBuildFile; fileRef = B71AD6D219C7119B006820A1 /* queue_layout~iphone.xib */; };
		B71AD70019C7119B006820A1 /* QueueCell.xib in Resources */ = {isa = PBXBuildFile; fileRef = B71AD6D419C7119B006820A1 /* QueueCell.xib */; };
		B71AD70119C7119B006820A1 /* reset.png in Resources */ = {isa = PBXBuildFile; fileRef = B71AD6D519C7119B006820A1 /* reset.png */; };
		B71AD70219C7119B006820A1 /* settings.png in Resources */ = {isa = PBXBuildFile; fileRef = B71AD6D619C7119B006820A1 /* settings.png */; };
		B71AD70319C7119B006820A1 /* spacer.png in Resources */ = {isa = PBXBuildFile; fileRef = B71AD6D719C7119B006820A1 /* spacer.png */; };
		B71AD70419C7119B006820A1 /* Strings.strings in Resources */ = {isa = PBXBuildFile; fileRef = B71AD6D819C7119B006820A1 /* Strings.strings */; };
		B71AD70519C7119B006820A1 /* unchecked.png in Resources */ = {isa = PBXBuildFile; fileRef = B71AD6D919C7119B006820A1 /* unchecked.png */; };
		B71AD70619C7119B006820A1 /* unchecked@2x.png in Resources */ = {isa = PBXBuildFile; fileRef = B71AD6DA19C7119B006820A1 /* unchecked@2x.png */; };
		B71AD70719C7119B006820A1 /* upload2.png in Resources */ = {isa = PBXBuildFile; fileRef = B71AD6DB19C7119B006820A1 /* upload2.png */; };
		B71AD70819C7119B006820A1 /* users.png in Resources */ = {isa = PBXBuildFile; fileRef = B71AD6DC19C7119B006820A1 /* users.png */; };
		B71AD70919C7119B006820A1 /* waffle_check.png in Resources */ = {isa = PBXBuildFile; fileRef = B71AD6DD19C7119B006820A1 /* waffle_check.png */; };
		B71AD70A19C7119B006820A1 /* waffle_warn.png in Resources */ = {isa = PBXBuildFile; fileRef = B71AD6DE19C7119B006820A1 /* waffle_warn.png */; };
		B71AD70B19C7119B006820A1 /* waffle_x.png in Resources */ = {isa = PBXBuildFile; fileRef = B71AD6DF19C7119B006820A1 /* waffle_x.png */; };
		B71B55AD19E566F500415DED /* FieldMatching.xib in Resources */ = {isa = PBXBuildFile; fileRef = B71B55AC19E566F500415DED /* FieldMatching.xib */; };
		B76C43C019C8706A00B0A19B /* QDataSetModel.xcdatamodeld in Sources */ = {isa = PBXBuildFile; fileRef = B76C43BE19C8706A00B0A19B /* QDataSetModel.xcdatamodeld */; };
		B7D848C919CC8453006BE163 /* DataManager.h in Headers */ = {isa = PBXBuildFile; fileRef = B7D848C819CC8453006BE163 /* DataManager.h */; };
		B7D848CB19CC8463006BE163 /* DataManager.m in Sources */ = {isa = PBXBuildFile; fileRef = B7D848CA19CC8463006BE163 /* DataManager.m */; };
		B7DDB9EA1A14F1EB002CA14C /* QueueUploadStatus.m in Sources */ = {isa = PBXBuildFile; fileRef = B7DDB9E91A14F1EB002CA14C /* QueueUploadStatus.m */; };
		B7DDB9EC1A14F1F8002CA14C /* QueueUploadStatus.h in Headers */ = {isa = PBXBuildFile; fileRef = B7DDB9EB1A14F1F8002CA14C /* QueueUploadStatus.h */; };
		B7EBFDC217A0186A006B90A8 /* SystemConfiguration.framework in Frameworks */ = {isa = PBXBuildFile; fileRef = B7EBFDC117A0186A006B90A8 /* SystemConfiguration.framework */; };
/* End PBXBuildFile section */

/* Begin PBXContainerItemProxy section */
		B76AFED219C74EB70005685B /* PBXContainerItemProxy */ = {
			isa = PBXContainerItemProxy;
			containerPortal = 39FF25D716DFA28A0062C3DC /* Project object */;
			proxyType = 1;
			remoteGlobalIDString = B71AD6A419C710AE006820A1;
			remoteInfo = iSENSE_API_Bundle;
		};
/* End PBXContainerItemProxy section */

/* Begin PBXCopyFilesBuildPhase section */
		39FF25DE16DFA28A0062C3DC /* Copy Files */ = {
			isa = PBXCopyFilesBuildPhase;
			buildActionMask = 2147483647;
			dstPath = "include/${PRODUCT_NAME}";
			dstSubfolderSpec = 16;
			files = (
			);
			name = "Copy Files";
			runOnlyForDeploymentPostprocessing = 0;
		};
/* End PBXCopyFilesBuildPhase section */

/* Begin PBXFileReference section */
		39216FDE176F5C790070DFCC /* CoreFoundation.framework */ = {isa = PBXFileReference; lastKnownFileType = wrapper.framework; name = CoreFoundation.framework; path = System/Library/Frameworks/CoreFoundation.framework; sourceTree = SDKROOT; };
		39AD183917553765002969FA /* CoreData.framework */ = {isa = PBXFileReference; lastKnownFileType = wrapper.framework; name = CoreData.framework; path = System/Library/Frameworks/CoreData.framework; sourceTree = SDKROOT; };
		39FF25E016DFA28A0062C3DC /* libiSENSE_API.a */ = {isa = PBXFileReference; explicitFileType = archive.ar; includeInIndex = 0; path = libiSENSE_API.a; sourceTree = BUILT_PRODUCTS_DIR; };
		39FF25E316DFA28A0062C3DC /* Foundation.framework */ = {isa = PBXFileReference; lastKnownFileType = wrapper.framework; name = Foundation.framework; path = System/Library/Frameworks/Foundation.framework; sourceTree = SDKROOT; };
		76444EDE180F069300C41E3D /* MobileCoreServices.framework */ = {isa = PBXFileReference; lastKnownFileType = wrapper.framework; name = MobileCoreServices.framework; path = System/Library/Frameworks/MobileCoreServices.framework; sourceTree = SDKROOT; };
		765992C418D37FF00062CC09 /* Security.framework */ = {isa = PBXFileReference; lastKnownFileType = wrapper.framework; name = Security.framework; path = System/Library/Frameworks/Security.framework; sourceTree = SDKROOT; };
		B709BE8E1A2CA171002FAC06 /* GlobalColors.h */ = {isa = PBXFileReference; fileEncoding = 4; lastKnownFileType = sourcecode.c.h; name = GlobalColors.h; path = headers/GlobalColors.h; sourceTree = "<group>"; };
		B70E7C1E19C0BB8300C2B042 /* API.h */ = {isa = PBXFileReference; fileEncoding = 4; lastKnownFileType = sourcecode.c.h; name = API.h; path = headers/API.h; sourceTree = "<group>"; };
		B70E7C1F19C0BB8300C2B042 /* CredentialManager.h */ = {isa = PBXFileReference; fileEncoding = 4; lastKnownFileType = sourcecode.c.h; name = CredentialManager.h; path = headers/CredentialManager.h; sourceTree = "<group>"; };
		B70E7C2119C0BB8300C2B042 /* DataSaver.h */ = {isa = PBXFileReference; fileEncoding = 4; lastKnownFileType = sourcecode.c.h; name = DataSaver.h; path = headers/DataSaver.h; sourceTree = "<group>"; };
		B70E7C2219C0BB8300C2B042 /* DLAVAlertView.h */ = {isa = PBXFileReference; fileEncoding = 4; lastKnownFileType = sourcecode.c.h; name = DLAVAlertView.h; path = headers/DLAVAlertView.h; sourceTree = "<group>"; };
		B70E7C2319C0BB8300C2B042 /* DLAVAlertViewButtonTheme.h */ = {isa = PBXFileReference; fileEncoding = 4; lastKnownFileType = sourcecode.c.h; name = DLAVAlertViewButtonTheme.h; path = headers/DLAVAlertViewButtonTheme.h; sourceTree = "<group>"; };
		B70E7C2419C0BB8300C2B042 /* DLAVAlertViewController.h */ = {isa = PBXFileReference; fileEncoding = 4; lastKnownFileType = sourcecode.c.h; name = DLAVAlertViewController.h; path = headers/DLAVAlertViewController.h; sourceTree = "<group>"; };
		B70E7C2519C0BB8300C2B042 /* DLAVAlertViewTextControlTheme.h */ = {isa = PBXFileReference; fileEncoding = 4; lastKnownFileType = sourcecode.c.h; name = DLAVAlertViewTextControlTheme.h; path = headers/DLAVAlertViewTextControlTheme.h; sourceTree = "<group>"; };
		B70E7C2619C0BB8300C2B042 /* DLAVAlertViewTextFieldTheme.h */ = {isa = PBXFileReference; fileEncoding = 4; lastKnownFileType = sourcecode.c.h; name = DLAVAlertViewTextFieldTheme.h; path = headers/DLAVAlertViewTextFieldTheme.h; sourceTree = "<group>"; };
		B70E7C2719C0BB8300C2B042 /* DLAVAlertViewTheme.h */ = {isa = PBXFileReference; fileEncoding = 4; lastKnownFileType = sourcecode.c.h; name = DLAVAlertViewTheme.h; path = headers/DLAVAlertViewTheme.h; sourceTree = "<group>"; };
		B70E7C2A19C0BB8300C2B042 /* FieldEntry.h */ = {isa = PBXFileReference; fileEncoding = 4; lastKnownFileType = sourcecode.c.h; name = FieldEntry.h; path = headers/FieldEntry.h; sourceTree = "<group>"; };
		B70E7C2B19C0BB8300C2B042 /* FieldGrabber.h */ = {isa = PBXFileReference; fileEncoding = 4; lastKnownFileType = sourcecode.c.h; name = FieldGrabber.h; path = headers/FieldGrabber.h; sourceTree = "<group>"; };
		B70E7C2C19C0BB8300C2B042 /* FieldMatchCell.h */ = {isa = PBXFileReference; fileEncoding = 4; lastKnownFileType = sourcecode.c.h; name = FieldMatchCell.h; path = headers/FieldMatchCell.h; sourceTree = "<group>"; };
		B70E7C2D19C0BB8300C2B042 /* FieldMatchingViewController.h */ = {isa = PBXFileReference; fileEncoding = 4; lastKnownFileType = sourcecode.c.h; name = FieldMatchingViewController.h; path = headers/FieldMatchingViewController.h; sourceTree = "<group>"; };
		B70E7C2E19C0BB8300C2B042 /* DataContainer.h */ = {isa = PBXFileReference; fileEncoding = 4; lastKnownFileType = sourcecode.c.h; name = DataContainer.h; path = headers/DataContainer.h; sourceTree = "<group>"; };
		B70E7C3119C0BB8300C2B042 /* iSENSE_API-Prefix.pch */ = {isa = PBXFileReference; fileEncoding = 4; lastKnownFileType = sourcecode.c.h; name = "iSENSE_API-Prefix.pch"; path = "headers/iSENSE_API-Prefix.pch"; sourceTree = "<group>"; };
		B70E7C3319C0BB8300C2B042 /* ISenseSearch.h */ = {isa = PBXFileReference; fileEncoding = 4; lastKnownFileType = sourcecode.c.h; name = ISenseSearch.h; path = headers/ISenseSearch.h; sourceTree = "<group>"; };
		B70E7C3419C0BB8300C2B042 /* ISKeys.h */ = {isa = PBXFileReference; fileEncoding = 4; lastKnownFileType = sourcecode.c.h; name = ISKeys.h; path = headers/ISKeys.h; sourceTree = "<group>"; };
		B70E7C3719C0BB8300C2B042 /* ProjectBrowserViewController.h */ = {isa = PBXFileReference; fileEncoding = 4; lastKnownFileType = sourcecode.c.h; name = ProjectBrowserViewController.h; path = headers/ProjectBrowserViewController.h; sourceTree = "<group>"; };
		B70E7C3819C0BB8300C2B042 /* ProjectCell.h */ = {isa = PBXFileReference; fileEncoding = 4; lastKnownFileType = sourcecode.c.h; name = ProjectCell.h; path = headers/ProjectCell.h; sourceTree = "<group>"; };
		B70E7C3919C0BB8300C2B042 /* QDataSet.h */ = {isa = PBXFileReference; fileEncoding = 4; lastKnownFileType = sourcecode.c.h; name = QDataSet.h; path = headers/QDataSet.h; sourceTree = "<group>"; };
		B70E7C3C19C0BB8300C2B042 /* Queue.h */ = {isa = PBXFileReference; fileEncoding = 4; lastKnownFileType = sourcecode.c.h; name = Queue.h; path = headers/Queue.h; sourceTree = "<group>"; };
		B70E7C3D19C0BB8300C2B042 /* QueueCell.h */ = {isa = PBXFileReference; fileEncoding = 4; lastKnownFileType = sourcecode.c.h; name = QueueCell.h; path = headers/QueueCell.h; sourceTree = "<group>"; };
		B70E7C3E19C0BB8300C2B042 /* QueueConstants.h */ = {isa = PBXFileReference; fileEncoding = 4; lastKnownFileType = sourcecode.c.h; name = QueueConstants.h; path = headers/QueueConstants.h; sourceTree = "<group>"; };
		B70E7C3F19C0BB8300C2B042 /* QueueUploaderView.h */ = {isa = PBXFileReference; fileEncoding = 4; lastKnownFileType = sourcecode.c.h; name = QueueUploaderView.h; path = headers/QueueUploaderView.h; sourceTree = "<group>"; };
		B70E7C4119C0BB8300C2B042 /* RDataSet.h */ = {isa = PBXFileReference; fileEncoding = 4; lastKnownFileType = sourcecode.c.h; name = RDataSet.h; path = headers/RDataSet.h; sourceTree = "<group>"; };
		B70E7C4219C0BB8300C2B042 /* Reachability.h */ = {isa = PBXFileReference; fileEncoding = 4; lastKnownFileType = sourcecode.c.h; name = Reachability.h; path = headers/Reachability.h; sourceTree = "<group>"; };
		B70E7C4319C0BB8300C2B042 /* RNews.h */ = {isa = PBXFileReference; fileEncoding = 4; lastKnownFileType = sourcecode.c.h; name = RNews.h; path = headers/RNews.h; sourceTree = "<group>"; };
		B70E7C4519C0BB8300C2B042 /* RPerson.h */ = {isa = PBXFileReference; fileEncoding = 4; lastKnownFileType = sourcecode.c.h; name = RPerson.h; path = headers/RPerson.h; sourceTree = "<group>"; };
		B70E7C4619C0BB8300C2B042 /* RProject.h */ = {isa = PBXFileReference; fileEncoding = 4; lastKnownFileType = sourcecode.c.h; name = RProject.h; path = headers/RProject.h; sourceTree = "<group>"; };
		B70E7C4719C0BB8300C2B042 /* RProjectField.h */ = {isa = PBXFileReference; fileEncoding = 4; lastKnownFileType = sourcecode.c.h; name = RProjectField.h; path = headers/RProjectField.h; sourceTree = "<group>"; };
		B70E7C4819C0BB8300C2B042 /* RTutorial.h */ = {isa = PBXFileReference; fileEncoding = 4; lastKnownFileType = sourcecode.c.h; name = RTutorial.h; path = headers/RTutorial.h; sourceTree = "<group>"; };
		B70E7C5419C0BB8300C2B042 /* StringGrabber.h */ = {isa = PBXFileReference; fileEncoding = 4; lastKnownFileType = sourcecode.c.h; name = StringGrabber.h; path = headers/StringGrabber.h; sourceTree = "<group>"; };
		B70E7C5519C0BB8300C2B042 /* Waffle.h */ = {isa = PBXFileReference; fileEncoding = 4; lastKnownFileType = sourcecode.c.h; name = Waffle.h; path = headers/Waffle.h; sourceTree = "<group>"; };
		B70E7C5619C0BB8300C2B042 /* WaffleConstants.h */ = {isa = PBXFileReference; fileEncoding = 4; lastKnownFileType = sourcecode.c.h; name = WaffleConstants.h; path = headers/WaffleConstants.h; sourceTree = "<group>"; };
		B70E7CA219C0BBA700C2B042 /* API.m */ = {isa = PBXFileReference; fileEncoding = 4; lastKnownFileType = sourcecode.c.objc; name = API.m; path = source/API.m; sourceTree = "<group>"; };
		B70E7CA319C0BBA700C2B042 /* CredentialManager.m */ = {isa = PBXFileReference; fileEncoding = 4; lastKnownFileType = sourcecode.c.objc; name = CredentialManager.m; path = source/CredentialManager.m; sourceTree = "<group>"; };
		B70E7CA519C0BBA700C2B042 /* DataSaver.m */ = {isa = PBXFileReference; fileEncoding = 4; lastKnownFileType = sourcecode.c.objc; name = DataSaver.m; path = source/DataSaver.m; sourceTree = "<group>"; };
		B70E7CA619C0BBA700C2B042 /* DLAVAlertView.m */ = {isa = PBXFileReference; fileEncoding = 4; lastKnownFileType = sourcecode.c.objc; name = DLAVAlertView.m; path = source/DLAVAlertView.m; sourceTree = "<group>"; };
		B70E7CA719C0BBA700C2B042 /* DLAVAlertViewButtonTheme.m */ = {isa = PBXFileReference; fileEncoding = 4; lastKnownFileType = sourcecode.c.objc; name = DLAVAlertViewButtonTheme.m; path = source/DLAVAlertViewButtonTheme.m; sourceTree = "<group>"; };
		B70E7CA819C0BBA700C2B042 /* DLAVAlertViewController.m */ = {isa = PBXFileReference; fileEncoding = 4; lastKnownFileType = sourcecode.c.objc; name = DLAVAlertViewController.m; path = source/DLAVAlertViewController.m; sourceTree = "<group>"; };
		B70E7CA919C0BBA700C2B042 /* DLAVAlertViewTextControlTheme.m */ = {isa = PBXFileReference; fileEncoding = 4; lastKnownFileType = sourcecode.c.objc; name = DLAVAlertViewTextControlTheme.m; path = source/DLAVAlertViewTextControlTheme.m; sourceTree = "<group>"; };
		B70E7CAA19C0BBA700C2B042 /* DLAVAlertViewTextFieldTheme.m */ = {isa = PBXFileReference; fileEncoding = 4; lastKnownFileType = sourcecode.c.objc; name = DLAVAlertViewTextFieldTheme.m; path = source/DLAVAlertViewTextFieldTheme.m; sourceTree = "<group>"; };
		B70E7CAB19C0BBA700C2B042 /* DLAVAlertViewTheme.m */ = {isa = PBXFileReference; fileEncoding = 4; lastKnownFileType = sourcecode.c.objc; name = DLAVAlertViewTheme.m; path = source/DLAVAlertViewTheme.m; sourceTree = "<group>"; };
		B70E7CAE19C0BBA700C2B042 /* FieldEntry.m */ = {isa = PBXFileReference; fileEncoding = 4; lastKnownFileType = sourcecode.c.objc; name = FieldEntry.m; path = source/FieldEntry.m; sourceTree = "<group>"; };
		B70E7CAF19C0BBA700C2B042 /* FieldGrabber.m */ = {isa = PBXFileReference; fileEncoding = 4; lastKnownFileType = sourcecode.c.objc; name = FieldGrabber.m; path = source/FieldGrabber.m; sourceTree = "<group>"; };
		B70E7CB019C0BBA700C2B042 /* FieldMatchCell.m */ = {isa = PBXFileReference; fileEncoding = 4; lastKnownFileType = sourcecode.c.objc; name = FieldMatchCell.m; path = source/FieldMatchCell.m; sourceTree = "<group>"; };
		B70E7CB119C0BBA700C2B042 /* FieldMatchingViewController.m */ = {isa = PBXFileReference; fileEncoding = 4; lastKnownFileType = sourcecode.c.objc; name = FieldMatchingViewController.m; path = source/FieldMatchingViewController.m; sourceTree = "<group>"; };
		B70E7CB219C0BBA700C2B042 /* DataContainer.m */ = {isa = PBXFileReference; fileEncoding = 4; lastKnownFileType = sourcecode.c.objc; name = DataContainer.m; path = source/DataContainer.m; sourceTree = "<group>"; };
		B70E7CB519C0BBA700C2B042 /* ISenseSearch.m */ = {isa = PBXFileReference; fileEncoding = 4; lastKnownFileType = sourcecode.c.objc; name = ISenseSearch.m; path = source/ISenseSearch.m; sourceTree = "<group>"; };
		B70E7CB819C0BBA700C2B042 /* ProjectBrowserViewController.m */ = {isa = PBXFileReference; fileEncoding = 4; lastKnownFileType = sourcecode.c.objc; name = ProjectBrowserViewController.m; path = source/ProjectBrowserViewController.m; sourceTree = "<group>"; };
		B70E7CB919C0BBA700C2B042 /* ProjectCell.m */ = {isa = PBXFileReference; fileEncoding = 4; lastKnownFileType = sourcecode.c.objc; name = ProjectCell.m; path = source/ProjectCell.m; sourceTree = "<group>"; };
		B70E7CBA19C0BBA700C2B042 /* QDataSet.m */ = {isa = PBXFileReference; fileEncoding = 4; lastKnownFileType = sourcecode.c.objc; name = QDataSet.m; path = source/QDataSet.m; sourceTree = "<group>"; };
		B70E7CBB19C0BBA700C2B042 /* Queue.m */ = {isa = PBXFileReference; fileEncoding = 4; lastKnownFileType = sourcecode.c.objc; name = Queue.m; path = source/Queue.m; sourceTree = "<group>"; };
		B70E7CBC19C0BBA700C2B042 /* QueueCell.m */ = {isa = PBXFileReference; fileEncoding = 4; lastKnownFileType = sourcecode.c.objc; name = QueueCell.m; path = source/QueueCell.m; sourceTree = "<group>"; };
		B70E7CBD19C0BBA700C2B042 /* QueueUploaderView.m */ = {isa = PBXFileReference; fileEncoding = 4; lastKnownFileType = sourcecode.c.objc; name = QueueUploaderView.m; path = source/QueueUploaderView.m; sourceTree = "<group>"; };
		B70E7CBF19C0BBA700C2B042 /* RDataSet.m */ = {isa = PBXFileReference; fileEncoding = 4; lastKnownFileType = sourcecode.c.objc; name = RDataSet.m; path = source/RDataSet.m; sourceTree = "<group>"; };
		B70E7CC019C0BBA700C2B042 /* Reachability.m */ = {isa = PBXFileReference; fileEncoding = 4; lastKnownFileType = sourcecode.c.objc; name = Reachability.m; path = source/Reachability.m; sourceTree = "<group>"; };
		B70E7CC119C0BBA700C2B042 /* RNews.m */ = {isa = PBXFileReference; fileEncoding = 4; lastKnownFileType = sourcecode.c.objc; name = RNews.m; path = source/RNews.m; sourceTree = "<group>"; };
		B70E7CC319C0BBA700C2B042 /* RPerson.m */ = {isa = PBXFileReference; fileEncoding = 4; lastKnownFileType = sourcecode.c.objc; name = RPerson.m; path = source/RPerson.m; sourceTree = "<group>"; };
		B70E7CC419C0BBA700C2B042 /* RProject.m */ = {isa = PBXFileReference; fileEncoding = 4; lastKnownFileType = sourcecode.c.objc; name = RProject.m; path = source/RProject.m; sourceTree = "<group>"; };
		B70E7CC519C0BBA700C2B042 /* RProjectField.m */ = {isa = PBXFileReference; fileEncoding = 4; lastKnownFileType = sourcecode.c.objc; name = RProjectField.m; path = source/RProjectField.m; sourceTree = "<group>"; };
		B70E7CC619C0BBA700C2B042 /* RTutorial.m */ = {isa = PBXFileReference; fileEncoding = 4; lastKnownFileType = sourcecode.c.objc; name = RTutorial.m; path = source/RTutorial.m; sourceTree = "<group>"; };
		B70E7CD019C0BBA700C2B042 /* StringGrabber.m */ = {isa = PBXFileReference; fileEncoding = 4; lastKnownFileType = sourcecode.c.objc; name = StringGrabber.m; path = source/StringGrabber.m; sourceTree = "<group>"; };
		B70E7CD119C0BBA700C2B042 /* Waffle.m */ = {isa = PBXFileReference; fileEncoding = 4; lastKnownFileType = sourcecode.c.objc; name = Waffle.m; path = source/Waffle.m; sourceTree = "<group>"; };
		B71AD6A519C710AE006820A1 /* iSENSE_API_Bundle.bundle */ = {isa = PBXFileReference; explicitFileType = wrapper.cfbundle; includeInIndex = 0; path = iSENSE_API_Bundle.bundle; sourceTree = BUILT_PRODUCTS_DIR; };
		B71AD6A919C710AE006820A1 /* iSENSE_API_Bundle-Info.plist */ = {isa = PBXFileReference; lastKnownFileType = text.plist.xml; path = "iSENSE_API_Bundle-Info.plist"; sourceTree = "<group>"; };
		B71AD6AB19C710AE006820A1 /* en */ = {isa = PBXFileReference; lastKnownFileType = text.plist.strings; name = en; path = en.lproj/InfoPlist.strings; sourceTree = "<group>"; };
		B71AD6AD19C710AE006820A1 /* iSENSE_API_Bundle-Prefix.pch */ = {isa = PBXFileReference; lastKnownFileType = sourcecode.c.h; path = "iSENSE_API_Bundle-Prefix.pch"; sourceTree = "<group>"; };
		B71AD6B419C7119B006820A1 /* barcode.png */ = {isa = PBXFileReference; lastKnownFileType = image.png; path = barcode.png; sourceTree = "<group>"; };
		B71AD6B519C7119B006820A1 /* checked.png */ = {isa = PBXFileReference; lastKnownFileType = image.png; path = checked.png; sourceTree = "<group>"; };
		B71AD6B619C7119B006820A1 /* checked@2x.png */ = {isa = PBXFileReference; lastKnownFileType = image.png; path = "checked@2x.png"; sourceTree = "<group>"; };
		B71AD6B719C7119B006820A1 /* default_user.png */ = {isa = PBXFileReference; lastKnownFileType = image.png; path = default_user.png; sourceTree = "<group>"; };
		B71AD6B819C7119B006820A1 /* Default-568h@2x.png */ = {isa = PBXFileReference; lastKnownFileType = image.png; path = "Default-568h@2x.png"; sourceTree = "<group>"; };
		B71AD6B919C7119B006820A1 /* Default.png */ = {isa = PBXFileReference; lastKnownFileType = image.png; path = Default.png; sourceTree = "<group>"; };
		B71AD6BA19C7119B006820A1 /* Default~iphone.png */ = {isa = PBXFileReference; lastKnownFileType = image.png; path = "Default~iphone.png"; sourceTree = "<group>"; };
		B71AD6BB19C7119B006820A1 /* FieldMatchCell~ipad.xib */ = {isa = PBXFileReference; fileEncoding = 4; lastKnownFileType = file.xib; path = "FieldMatchCell~ipad.xib"; sourceTree = "<group>"; };
		B71AD6BC19C7119B006820A1 /* FieldMatchCell~iphone.xib */ = {isa = PBXFileReference; fileEncoding = 4; lastKnownFileType = file.xib; path = "FieldMatchCell~iphone.xib"; sourceTree = "<group>"; };
		B71AD6C119C7119B006820A1 /* Fields.strings */ = {isa = PBXFileReference; fileEncoding = 4; lastKnownFileType = text.plist.strings; path = Fields.strings; sourceTree = "<group>"; };
		B71AD6C219C7119B006820A1 /* info.png */ = {isa = PBXFileReference; lastKnownFileType = image.png; path = info.png; sourceTree = "<group>"; };
		B71AD6C319C7119B006820A1 /* launchImage-iPad.png */ = {isa = PBXFileReference; lastKnownFileType = image.png; path = "launchImage-iPad.png"; sourceTree = "<group>"; };
		B71AD6C419C7119B006820A1 /* launchImage-iPad~retina.png */ = {isa = PBXFileReference; lastKnownFileType = image.png; path = "launchImage-iPad~retina.png"; sourceTree = "<group>"; };
		B71AD6C519C7119B006820A1 /* menu-button.png */ = {isa = PBXFileReference; lastKnownFileType = image.png; path = "menu-button.png"; sourceTree = "<group>"; };
		B71AD6C619C7119B006820A1 /* menu-button@2x.png */ = {isa = PBXFileReference; lastKnownFileType = image.png; path = "menu-button@2x.png"; sourceTree = "<group>"; };
		B71AD6C719C7119B006820A1 /* menuIcon.png */ = {isa = PBXFileReference; lastKnownFileType = image.png; path = menuIcon.png; sourceTree = "<group>"; };
		B71AD6C819C7119B006820A1 /* navBar_iPhone.png */ = {isa = PBXFileReference; lastKnownFileType = image.png; path = navBar_iPhone.png; sourceTree = "<group>"; };
		B71AD6C919C7119B006820A1 /* navBar~landscape_iPhone.png */ = {isa = PBXFileReference; lastKnownFileType = image.png; path = "navBar~landscape_iPhone.png"; sourceTree = "<group>"; };
		B71AD6CA19C7119B006820A1 /* projectblock_clean.png */ = {isa = PBXFileReference; lastKnownFileType = image.png; path = projectblock_clean.png; sourceTree = "<group>"; };
		B71AD6CB19C7119B006820A1 /* projectblock_dark.png */ = {isa = PBXFileReference; lastKnownFileType = image.png; path = projectblock_dark.png; sourceTree = "<group>"; };
		B71AD6CC19C7119B006820A1 /* ProjectBrowserViewController_iPad.xib */ = {isa = PBXFileReference; fileEncoding = 4; lastKnownFileType = file.xib; path = ProjectBrowserViewController_iPad.xib; sourceTree = "<group>"; };
		B71AD6CD19C7119B006820A1 /* ProjectBrowserViewController_iPhone.xib */ = {isa = PBXFileReference; fileEncoding = 4; lastKnownFileType = file.xib; path = ProjectBrowserViewController_iPhone.xib; sourceTree = "<group>"; };
		B71AD6CE19C7119B006820A1 /* ProjectBrowserViewController~landscape_iPhone.xib */ = {isa = PBXFileReference; fileEncoding = 4; lastKnownFileType = file.xib; path = "ProjectBrowserViewController~landscape_iPhone.xib"; sourceTree = "<group>"; };
		B71AD6D019C7119B006820A1 /* queue_layout-landscape~iphone.xib */ = {isa = PBXFileReference; fileEncoding = 4; lastKnownFileType = file.xib; path = "queue_layout-landscape~iphone.xib"; sourceTree = "<group>"; };
		B71AD6D219C7119B006820A1 /* queue_layout~iphone.xib */ = {isa = PBXFileReference; fileEncoding = 4; lastKnownFileType = file.xib; path = "queue_layout~iphone.xib"; sourceTree = "<group>"; };
		B71AD6D419C7119B006820A1 /* QueueCell.xib */ = {isa = PBXFileReference; fileEncoding = 4; lastKnownFileType = file.xib; path = QueueCell.xib; sourceTree = "<group>"; };
		B71AD6D519C7119B006820A1 /* reset.png */ = {isa = PBXFileReference; lastKnownFileType = image.png; path = reset.png; sourceTree = "<group>"; };
		B71AD6D619C7119B006820A1 /* settings.png */ = {isa = PBXFileReference; lastKnownFileType = image.png; path = settings.png; sourceTree = "<group>"; };
		B71AD6D719C7119B006820A1 /* spacer.png */ = {isa = PBXFileReference; lastKnownFileType = image.png; path = spacer.png; sourceTree = "<group>"; };
		B71AD6D819C7119B006820A1 /* Strings.strings */ = {isa = PBXFileReference; fileEncoding = 4; lastKnownFileType = text.plist.strings; path = Strings.strings; sourceTree = "<group>"; };
		B71AD6D919C7119B006820A1 /* unchecked.png */ = {isa = PBXFileReference; lastKnownFileType = image.png; path = unchecked.png; sourceTree = "<group>"; };
		B71AD6DA19C7119B006820A1 /* unchecked@2x.png */ = {isa = PBXFileReference; lastKnownFileType = image.png; path = "unchecked@2x.png"; sourceTree = "<group>"; };
		B71AD6DB19C7119B006820A1 /* upload2.png */ = {isa = PBXFileReference; lastKnownFileType = image.png; path = upload2.png; sourceTree = "<group>"; };
		B71AD6DC19C7119B006820A1 /* users.png */ = {isa = PBXFileReference; lastKnownFileType = image.png; path = users.png; sourceTree = "<group>"; };
		B71AD6DD19C7119B006820A1 /* waffle_check.png */ = {isa = PBXFileReference; lastKnownFileType = image.png; path = waffle_check.png; sourceTree = "<group>"; };
		B71AD6DE19C7119B006820A1 /* waffle_warn.png */ = {isa = PBXFileReference; lastKnownFileType = image.png; path = waffle_warn.png; sourceTree = "<group>"; };
		B71AD6DF19C7119B006820A1 /* waffle_x.png */ = {isa = PBXFileReference; lastKnownFileType = image.png; path = waffle_x.png; sourceTree = "<group>"; };
		B71B55AC19E566F500415DED /* FieldMatching.xib */ = {isa = PBXFileReference; fileEncoding = 4; lastKnownFileType = file.xib; path = FieldMatching.xib; sourceTree = "<group>"; };
		B76C43BF19C8706A00B0A19B /* QDataSetModel.xcdatamodel */ = {isa = PBXFileReference; lastKnownFileType = wrapper.xcdatamodel; path = QDataSetModel.xcdatamodel; sourceTree = "<group>"; };
		B7D848C819CC8453006BE163 /* DataManager.h */ = {isa = PBXFileReference; fileEncoding = 4; lastKnownFileType = sourcecode.c.h; name = DataManager.h; path = headers/DataManager.h; sourceTree = "<group>"; };
		B7D848CA19CC8463006BE163 /* DataManager.m */ = {isa = PBXFileReference; fileEncoding = 4; lastKnownFileType = sourcecode.c.objc; name = DataManager.m; path = source/DataManager.m; sourceTree = "<group>"; };
		B7DDB9E91A14F1EB002CA14C /* QueueUploadStatus.m */ = {isa = PBXFileReference; fileEncoding = 4; lastKnownFileType = sourcecode.c.objc; name = QueueUploadStatus.m; path = Source/QueueUploadStatus.m; sourceTree = "<group>"; };
		B7DDB9EB1A14F1F8002CA14C /* QueueUploadStatus.h */ = {isa = PBXFileReference; fileEncoding = 4; lastKnownFileType = sourcecode.c.h; name = QueueUploadStatus.h; path = headers/QueueUploadStatus.h; sourceTree = "<group>"; };
		B7EBFDC117A0186A006B90A8 /* SystemConfiguration.framework */ = {isa = PBXFileReference; lastKnownFileType = wrapper.framework; name = SystemConfiguration.framework; path = System/Library/Frameworks/SystemConfiguration.framework; sourceTree = SDKROOT; };
/* End PBXFileReference section */

/* Begin PBXFrameworksBuildPhase section */
		39FF25DD16DFA28A0062C3DC /* Frameworks */ = {
			isa = PBXFrameworksBuildPhase;
			buildActionMask = 2147483647;
			files = (
				76444EDF180F069300C41E3D /* MobileCoreServices.framework in Frameworks */,
				B7EBFDC217A0186A006B90A8 /* SystemConfiguration.framework in Frameworks */,
				39AD183A17553765002969FA /* CoreData.framework in Frameworks */,
				765992C518D37FF00062CC09 /* Security.framework in Frameworks */,
				39FF25E416DFA28A0062C3DC /* Foundation.framework in Frameworks */,
			);
			runOnlyForDeploymentPostprocessing = 0;
		};
		B71AD6A219C710AE006820A1 /* Frameworks */ = {
			isa = PBXFrameworksBuildPhase;
			buildActionMask = 2147483647;
			files = (
				B71AD6A619C710AE006820A1 /* CoreFoundation.framework in Frameworks */,
			);
			runOnlyForDeploymentPostprocessing = 0;
		};
/* End PBXFrameworksBuildPhase section */

/* Begin PBXGroup section */
		39FF25D516DFA28A0062C3DC = {
			isa = PBXGroup;
			children = (
				B70E7C1219C0BB6100C2B042 /* Headers */,
				B70E7C1119C0BB5900C2B042 /* Source */,
				B71AD6A719C710AE006820A1 /* iSENSE_API_Bundle */,
				39FF25E216DFA28A0062C3DC /* Frameworks */,
				39FF25E116DFA28A0062C3DC /* Products */,
			);
			sourceTree = "<group>";
		};
		39FF25E116DFA28A0062C3DC /* Products */ = {
			isa = PBXGroup;
			children = (
				39FF25E016DFA28A0062C3DC /* libiSENSE_API.a */,
				B71AD6A519C710AE006820A1 /* iSENSE_API_Bundle.bundle */,
			);
			name = Products;
			sourceTree = "<group>";
		};
		39FF25E216DFA28A0062C3DC /* Frameworks */ = {
			isa = PBXGroup;
			children = (
				765992C418D37FF00062CC09 /* Security.framework */,
				76444EDE180F069300C41E3D /* MobileCoreServices.framework */,
				B7EBFDC117A0186A006B90A8 /* SystemConfiguration.framework */,
				39AD183917553765002969FA /* CoreData.framework */,
				39FF25E316DFA28A0062C3DC /* Foundation.framework */,
				39216FDE176F5C790070DFCC /* CoreFoundation.framework */,
			);
			name = Frameworks;
			sourceTree = "<group>";
		};
		B70E7C1119C0BB5900C2B042 /* Source */ = {
			isa = PBXGroup;
			children = (
				B70E7D4319C0BF2200C2B042 /* API */,
				B70E7D4219C0BF1D00C2B042 /* Credentials */,
				B70E7D4119C0BF1900C2B042 /* DataManager */,
				B70E7D4019C0BF1200C2B042 /* DLAVAlertView */,
				B70E7D3F19C0BF0C00C2B042 /* Fields */,
				B70E7D3C19C0BEF800C2B042 /* ProjectBrowse */,
				B70E7D3B19C0BEEE00C2B042 /* Queue */,
				B70E7D4619C0C03E00C2B042 /* StringGrabber */,
				B70E7D3719C0BEBE00C2B042 /* Waffle */,
			);
			name = Source;
			sourceTree = "<group>";
		};
		B70E7C1219C0BB6100C2B042 /* Headers */ = {
			isa = PBXGroup;
			children = (
				B70E7C3119C0BB8300C2B042 /* iSENSE_API-Prefix.pch */,
				B70E7D2819C0BC7000C2B042 /* API */,
				B70E7D2919C0BC9100C2B042 /* Credentials */,
				B70E7D2B19C0BCA300C2B042 /* DataManager */,
				B70E7D2C19C0BCC700C2B042 /* DLAVAlertView */,
				B70E7D2E19C0BCE900C2B042 /* Fields */,
				B70E7D3019C0BD9F00C2B042 /* Global */,
				B70E7D2F19C0BD8100C2B042 /* ProjectBrowse */,
				B70E7D2A19C0BC9700C2B042 /* Queue */,
				B70E7D4519C0C02600C2B042 /* StringGrabber */,
				B70E7D3419C0BE3A00C2B042 /* Waffle */,
			);
			name = Headers;
			sourceTree = "<group>";
		};
		B70E7D2819C0BC7000C2B042 /* API */ = {
			isa = PBXGroup;
			children = (
				B70E7C1E19C0BB8300C2B042 /* API.h */,
				B70E7C4219C0BB8300C2B042 /* Reachability.h */,
				B70E7C4119C0BB8300C2B042 /* RDataSet.h */,
				B70E7C4319C0BB8300C2B042 /* RNews.h */,
				B70E7C4519C0BB8300C2B042 /* RPerson.h */,
				B70E7C4619C0BB8300C2B042 /* RProject.h */,
				B70E7C4719C0BB8300C2B042 /* RProjectField.h */,
				B70E7C4819C0BB8300C2B042 /* RTutorial.h */,
			);
			name = API;
			sourceTree = "<group>";
		};
		B70E7D2919C0BC9100C2B042 /* Credentials */ = {
			isa = PBXGroup;
			children = (
				B70E7C1F19C0BB8300C2B042 /* CredentialManager.h */,
			);
			name = Credentials;
			sourceTree = "<group>";
		};
		B70E7D2A19C0BC9700C2B042 /* Queue */ = {
			isa = PBXGroup;
			children = (
				B70E7C2119C0BB8300C2B042 /* DataSaver.h */,
				B70E7C3919C0BB8300C2B042 /* QDataSet.h */,
				B70E7C3C19C0BB8300C2B042 /* Queue.h */,
				B70E7C3D19C0BB8300C2B042 /* QueueCell.h */,
				B70E7C3E19C0BB8300C2B042 /* QueueConstants.h */,
				B70E7C3F19C0BB8300C2B042 /* QueueUploaderView.h */,
				B7DDB9EB1A14F1F8002CA14C /* QueueUploadStatus.h */,
			);
			name = Queue;
			sourceTree = "<group>";
		};
		B70E7D2B19C0BCA300C2B042 /* DataManager */ = {
			isa = PBXGroup;
			children = (
				B70E7C2E19C0BB8300C2B042 /* DataContainer.h */,
				B7D848C819CC8453006BE163 /* DataManager.h */,
			);
			name = DataManager;
			sourceTree = "<group>";
		};
		B70E7D2C19C0BCC700C2B042 /* DLAVAlertView */ = {
			isa = PBXGroup;
			children = (
				B70E7C2219C0BB8300C2B042 /* DLAVAlertView.h */,
				B70E7C2319C0BB8300C2B042 /* DLAVAlertViewButtonTheme.h */,
				B70E7C2419C0BB8300C2B042 /* DLAVAlertViewController.h */,
				B70E7C2519C0BB8300C2B042 /* DLAVAlertViewTextControlTheme.h */,
				B70E7C2619C0BB8300C2B042 /* DLAVAlertViewTextFieldTheme.h */,
				B70E7C2719C0BB8300C2B042 /* DLAVAlertViewTheme.h */,
			);
			name = DLAVAlertView;
			sourceTree = "<group>";
		};
		B70E7D2E19C0BCE900C2B042 /* Fields */ = {
			isa = PBXGroup;
			children = (
				B70E7C2A19C0BB8300C2B042 /* FieldEntry.h */,
				B70E7C2B19C0BB8300C2B042 /* FieldGrabber.h */,
				B70E7C2C19C0BB8300C2B042 /* FieldMatchCell.h */,
				B70E7C2D19C0BB8300C2B042 /* FieldMatchingViewController.h */,
			);
			name = Fields;
			sourceTree = "<group>";
		};
		B70E7D2F19C0BD8100C2B042 /* ProjectBrowse */ = {
			isa = PBXGroup;
			children = (
				B70E7C3319C0BB8300C2B042 /* ISenseSearch.h */,
				B70E7C3819C0BB8300C2B042 /* ProjectCell.h */,
				B70E7C3719C0BB8300C2B042 /* ProjectBrowserViewController.h */,
			);
			name = ProjectBrowse;
			sourceTree = "<group>";
		};
		B70E7D3019C0BD9F00C2B042 /* Global */ = {
			isa = PBXGroup;
			children = (
				B70E7C3419C0BB8300C2B042 /* ISKeys.h */,
				B709BE8E1A2CA171002FAC06 /* GlobalColors.h */,
			);
			name = Global;
			sourceTree = "<group>";
		};
		B70E7D3419C0BE3A00C2B042 /* Waffle */ = {
			isa = PBXGroup;
			children = (
				B70E7C5519C0BB8300C2B042 /* Waffle.h */,
				B70E7C5619C0BB8300C2B042 /* WaffleConstants.h */,
			);
			name = Waffle;
			sourceTree = "<group>";
		};
		B70E7D3719C0BEBE00C2B042 /* Waffle */ = {
			isa = PBXGroup;
			children = (
				B70E7CD119C0BBA700C2B042 /* Waffle.m */,
			);
			name = Waffle;
			sourceTree = "<group>";
		};
		B70E7D3B19C0BEEE00C2B042 /* Queue */ = {
			isa = PBXGroup;
			children = (
				B70E7CA519C0BBA700C2B042 /* DataSaver.m */,
				B70E7CBA19C0BBA700C2B042 /* QDataSet.m */,
				B70E7CBB19C0BBA700C2B042 /* Queue.m */,
				B70E7CBC19C0BBA700C2B042 /* QueueCell.m */,
				B70E7CBD19C0BBA700C2B042 /* QueueUploaderView.m */,
				B7DDB9E91A14F1EB002CA14C /* QueueUploadStatus.m */,
			);
			name = Queue;
			sourceTree = "<group>";
		};
		B70E7D3C19C0BEF800C2B042 /* ProjectBrowse */ = {
			isa = PBXGroup;
			children = (
				B70E7CB919C0BBA700C2B042 /* ProjectCell.m */,
				B70E7CB519C0BBA700C2B042 /* ISenseSearch.m */,
				B70E7CB819C0BBA700C2B042 /* ProjectBrowserViewController.m */,
			);
			name = ProjectBrowse;
			sourceTree = "<group>";
		};
		B70E7D3F19C0BF0C00C2B042 /* Fields */ = {
			isa = PBXGroup;
			children = (
				B70E7CAE19C0BBA700C2B042 /* FieldEntry.m */,
				B70E7CAF19C0BBA700C2B042 /* FieldGrabber.m */,
				B70E7CB019C0BBA700C2B042 /* FieldMatchCell.m */,
				B70E7CB119C0BBA700C2B042 /* FieldMatchingViewController.m */,
			);
			name = Fields;
			sourceTree = "<group>";
		};
		B70E7D4019C0BF1200C2B042 /* DLAVAlertView */ = {
			isa = PBXGroup;
			children = (
				B70E7CA619C0BBA700C2B042 /* DLAVAlertView.m */,
				B70E7CA719C0BBA700C2B042 /* DLAVAlertViewButtonTheme.m */,
				B70E7CA819C0BBA700C2B042 /* DLAVAlertViewController.m */,
				B70E7CA919C0BBA700C2B042 /* DLAVAlertViewTextControlTheme.m */,
				B70E7CAA19C0BBA700C2B042 /* DLAVAlertViewTextFieldTheme.m */,
				B70E7CAB19C0BBA700C2B042 /* DLAVAlertViewTheme.m */,
			);
			name = DLAVAlertView;
			sourceTree = "<group>";
		};
		B70E7D4119C0BF1900C2B042 /* DataManager */ = {
			isa = PBXGroup;
			children = (
				B70E7CB219C0BBA700C2B042 /* DataContainer.m */,
				B7D848CA19CC8463006BE163 /* DataManager.m */,
			);
			name = DataManager;
			sourceTree = "<group>";
		};
		B70E7D4219C0BF1D00C2B042 /* Credentials */ = {
			isa = PBXGroup;
			children = (
				B70E7CA319C0BBA700C2B042 /* CredentialManager.m */,
			);
			name = Credentials;
			sourceTree = "<group>";
		};
		B70E7D4319C0BF2200C2B042 /* API */ = {
			isa = PBXGroup;
			children = (
				B70E7CA219C0BBA700C2B042 /* API.m */,
				B70E7CC019C0BBA700C2B042 /* Reachability.m */,
				B70E7CBF19C0BBA700C2B042 /* RDataSet.m */,
				B70E7CC119C0BBA700C2B042 /* RNews.m */,
				B70E7CC319C0BBA700C2B042 /* RPerson.m */,
				B70E7CC419C0BBA700C2B042 /* RProject.m */,
				B70E7CC519C0BBA700C2B042 /* RProjectField.m */,
				B70E7CC619C0BBA700C2B042 /* RTutorial.m */,
			);
			name = API;
			sourceTree = "<group>";
		};
		B70E7D4519C0C02600C2B042 /* StringGrabber */ = {
			isa = PBXGroup;
			children = (
				B70E7C5419C0BB8300C2B042 /* StringGrabber.h */,
			);
			name = StringGrabber;
			sourceTree = "<group>";
		};
		B70E7D4619C0C03E00C2B042 /* StringGrabber */ = {
			isa = PBXGroup;
			children = (
				B70E7CD019C0BBA700C2B042 /* StringGrabber.m */,
			);
			name = StringGrabber;
			sourceTree = "<group>";
		};
		B71AD6A719C710AE006820A1 /* iSENSE_API_Bundle */ = {
			isa = PBXGroup;
			children = (
				B76C43BE19C8706A00B0A19B /* QDataSetModel.xcdatamodeld */,
				B71AD6B319C71176006820A1 /* Resources */,
				B71AD6A819C710AE006820A1 /* Supporting Files */,
			);
			path = iSENSE_API_Bundle;
			sourceTree = "<group>";
		};
		B71AD6A819C710AE006820A1 /* Supporting Files */ = {
			isa = PBXGroup;
			children = (
				B71AD6A919C710AE006820A1 /* iSENSE_API_Bundle-Info.plist */,
				B71AD6AA19C710AE006820A1 /* InfoPlist.strings */,
				B71AD6AD19C710AE006820A1 /* iSENSE_API_Bundle-Prefix.pch */,
			);
			name = "Supporting Files";
			sourceTree = "<group>";
		};
		B71AD6B319C71176006820A1 /* Resources */ = {
			isa = PBXGroup;
			children = (
				B71AD6B419C7119B006820A1 /* barcode.png */,
				B71AD6B519C7119B006820A1 /* checked.png */,
				B71AD6B619C7119B006820A1 /* checked@2x.png */,
				B71AD6B719C7119B006820A1 /* default_user.png */,
				B71AD6B819C7119B006820A1 /* Default-568h@2x.png */,
				B71AD6B919C7119B006820A1 /* Default.png */,
				B71AD6BA19C7119B006820A1 /* Default~iphone.png */,
				B71AD6BB19C7119B006820A1 /* FieldMatchCell~ipad.xib */,
				B71AD6BC19C7119B006820A1 /* FieldMatchCell~iphone.xib */,
				B71B55AC19E566F500415DED /* FieldMatching.xib */,
				B71AD6C119C7119B006820A1 /* Fields.strings */,
				B71AD6C219C7119B006820A1 /* info.png */,
				B71AD6C319C7119B006820A1 /* launchImage-iPad.png */,
				B71AD6C419C7119B006820A1 /* launchImage-iPad~retina.png */,
				B71AD6C519C7119B006820A1 /* menu-button.png */,
				B71AD6C619C7119B006820A1 /* menu-button@2x.png */,
				B71AD6C719C7119B006820A1 /* menuIcon.png */,
				B71AD6C819C7119B006820A1 /* navBar_iPhone.png */,
				B71AD6C919C7119B006820A1 /* navBar~landscape_iPhone.png */,
				B71AD6CA19C7119B006820A1 /* projectblock_clean.png */,
				B71AD6CB19C7119B006820A1 /* projectblock_dark.png */,
				B71AD6CC19C7119B006820A1 /* ProjectBrowserViewController_iPad.xib */,
				B71AD6CD19C7119B006820A1 /* ProjectBrowserViewController_iPhone.xib */,
				B71AD6CE19C7119B006820A1 /* ProjectBrowserViewController~landscape_iPhone.xib */,
				B71AD6D019C7119B006820A1 /* queue_layout-landscape~iphone.xib */,
				B71AD6D219C7119B006820A1 /* queue_layout~iphone.xib */,
				B71AD6D419C7119B006820A1 /* QueueCell.xib */,
				B71AD6D519C7119B006820A1 /* reset.png */,
				B71AD6D619C7119B006820A1 /* settings.png */,
				B71AD6D719C7119B006820A1 /* spacer.png */,
				B71AD6D819C7119B006820A1 /* Strings.strings */,
				B71AD6D919C7119B006820A1 /* unchecked.png */,
				B71AD6DA19C7119B006820A1 /* unchecked@2x.png */,
				B71AD6DB19C7119B006820A1 /* upload2.png */,
				B71AD6DC19C7119B006820A1 /* users.png */,
				B71AD6DD19C7119B006820A1 /* waffle_check.png */,
				B71AD6DE19C7119B006820A1 /* waffle_warn.png */,
				B71AD6DF19C7119B006820A1 /* waffle_x.png */,
			);
			name = Resources;
			sourceTree = "<group>";
		};
/* End PBXGroup section */

/* Begin PBXHeadersBuildPhase section */
		39A1CC2616DFB47000B1979F /* Headers */ = {
			isa = PBXHeadersBuildPhase;
			buildActionMask = 2147483647;
			files = (
				B70E7C6119C0BB8300C2B042 /* API.h in Headers */,
				B70E7C7619C0BB8300C2B042 /* ISenseSearch.h in Headers */,
				B70E7C8319C0BB8300C2B042 /* RDataSet.h in Headers */,
				B7DDB9EC1A14F1F8002CA14C /* QueueUploadStatus.h in Headers */,
				B70E7C8719C0BB8300C2B042 /* RPerson.h in Headers */,
				B70E7C7719C0BB8300C2B042 /* ISKeys.h in Headers */,
				B70E7C8819C0BB8300C2B042 /* RProject.h in Headers */,
				B70E7C8419C0BB8300C2B042 /* Reachability.h in Headers */,
				B70E7C9619C0BB8300C2B042 /* StringGrabber.h in Headers */,
				B70E7C6519C0BB8300C2B042 /* DLAVAlertView.h in Headers */,
				B70E7C6D19C0BB8300C2B042 /* FieldEntry.h in Headers */,
				B70E7C7E19C0BB8300C2B042 /* Queue.h in Headers */,
				B70E7C6619C0BB8300C2B042 /* DLAVAlertViewButtonTheme.h in Headers */,
				B70E7C6919C0BB8300C2B042 /* DLAVAlertViewTextFieldTheme.h in Headers */,
				B70E7C8A19C0BB8300C2B042 /* RTutorial.h in Headers */,
				B7D848C919CC8453006BE163 /* DataManager.h in Headers */,
				B70E7C8519C0BB8300C2B042 /* RNews.h in Headers */,
				B70E7C7C19C0BB8300C2B042 /* QDataSet.h in Headers */,
				B70E7C8919C0BB8300C2B042 /* RProjectField.h in Headers */,
				B70E7C8119C0BB8300C2B042 /* QueueUploaderView.h in Headers */,
				B70E7C7419C0BB8300C2B042 /* iSENSE_API-Prefix.pch in Headers */,
				B70E7C7B19C0BB8300C2B042 /* ProjectCell.h in Headers */,
				B70E7C7F19C0BB8300C2B042 /* QueueCell.h in Headers */,
				B70E7C6F19C0BB8300C2B042 /* FieldMatchCell.h in Headers */,
				B70E7C6E19C0BB8300C2B042 /* FieldGrabber.h in Headers */,
				B70E7C8019C0BB8300C2B042 /* QueueConstants.h in Headers */,
				B709BE8F1A2CA171002FAC06 /* GlobalColors.h in Headers */,
				B70E7C6A19C0BB8300C2B042 /* DLAVAlertViewTheme.h in Headers */,
				B70E7C6719C0BB8300C2B042 /* DLAVAlertViewController.h in Headers */,
				B70E7C9819C0BB8300C2B042 /* WaffleConstants.h in Headers */,
				B70E7C9719C0BB8300C2B042 /* Waffle.h in Headers */,
				B70E7C6419C0BB8300C2B042 /* DataSaver.h in Headers */,
				B70E7C6819C0BB8300C2B042 /* DLAVAlertViewTextControlTheme.h in Headers */,
				B70E7C7A19C0BB8300C2B042 /* ProjectBrowserViewController.h in Headers */,
				B70E7C7119C0BB8300C2B042 /* DataContainer.h in Headers */,
				B70E7C6219C0BB8300C2B042 /* CredentialManager.h in Headers */,
				B70E7C7019C0BB8300C2B042 /* FieldMatchingViewController.h in Headers */,
			);
			runOnlyForDeploymentPostprocessing = 0;
		};
/* End PBXHeadersBuildPhase section */

/* Begin PBXNativeTarget section */
		39FF25DF16DFA28A0062C3DC /* iSENSE_API */ = {
			isa = PBXNativeTarget;
			buildConfigurationList = 39FF25EE16DFA28A0062C3DC /* Build configuration list for PBXNativeTarget "iSENSE_API" */;
			buildPhases = (
				39FF25DC16DFA28A0062C3DC /* Sources */,
				39FF25DD16DFA28A0062C3DC /* Frameworks */,
				39FF25DE16DFA28A0062C3DC /* Copy Files */,
				39A1CC2616DFB47000B1979F /* Headers */,
			);
			buildRules = (
			);
			dependencies = (
				B76AFED319C74EB70005685B /* PBXTargetDependency */,
			);
			name = iSENSE_API;
			productName = iSENSE_API;
			productReference = 39FF25E016DFA28A0062C3DC /* libiSENSE_API.a */;
			productType = "com.apple.product-type.library.static";
		};
		B71AD6A419C710AE006820A1 /* iSENSE_API_Bundle */ = {
			isa = PBXNativeTarget;
			buildConfigurationList = B71AD6AE19C710AE006820A1 /* Build configuration list for PBXNativeTarget "iSENSE_API_Bundle" */;
			buildPhases = (
				B71AD6A119C710AE006820A1 /* Sources */,
				B71AD6A219C710AE006820A1 /* Frameworks */,
				B71AD6A319C710AE006820A1 /* Resources */,
			);
			buildRules = (
			);
			dependencies = (
			);
			name = iSENSE_API_Bundle;
			productName = iSENSE_API_Bundle;
			productReference = B71AD6A519C710AE006820A1 /* iSENSE_API_Bundle.bundle */;
			productType = "com.apple.product-type.bundle";
		};
/* End PBXNativeTarget section */

/* Begin PBXProject section */
		39FF25D716DFA28A0062C3DC /* Project object */ = {
			isa = PBXProject;
			attributes = {
				LastUpgradeCheck = 0500;
				ORGANIZATIONNAME = "iSENSE Project at UMass Lowell";
			};
			buildConfigurationList = 39FF25DA16DFA28A0062C3DC /* Build configuration list for PBXProject "iSENSE_API" */;
			compatibilityVersion = "Xcode 3.2";
			developmentRegion = English;
			hasScannedForEncodings = 0;
			knownRegions = (
				en,
			);
			mainGroup = 39FF25D516DFA28A0062C3DC;
			productRefGroup = 39FF25E116DFA28A0062C3DC /* Products */;
			projectDirPath = "";
			projectRoot = "";
			targets = (
				39FF25DF16DFA28A0062C3DC /* iSENSE_API */,
				B71AD6A419C710AE006820A1 /* iSENSE_API_Bundle */,
			);
		};
/* End PBXProject section */

/* Begin PBXResourcesBuildPhase section */
		B71AD6A319C710AE006820A1 /* Resources */ = {
			isa = PBXResourcesBuildPhase;
			buildActionMask = 2147483647;
			files = (
				B71AD6F119C7119B006820A1 /* menu-button.png in Resources */,
				B71AD6F819C7119B006820A1 /* ProjectBrowserViewController_iPad.xib in Resources */,
				B71AD6E119C7119B006820A1 /* checked.png in Resources */,
				B71AD70919C7119B006820A1 /* waffle_check.png in Resources */,
				B71AD6E019C7119B006820A1 /* barcode.png in Resources */,
				B71AD70519C7119B006820A1 /* unchecked.png in Resources */,
				B71AD6F719C7119B006820A1 /* projectblock_dark.png in Resources */,
				B71AD70619C7119B006820A1 /* unchecked@2x.png in Resources */,
				B71AD6F319C7119B006820A1 /* menuIcon.png in Resources */,
				B71AD6FA19C7119B006820A1 /* ProjectBrowserViewController~landscape_iPhone.xib in Resources */,
				B71AD70719C7119B006820A1 /* upload2.png in Resources */,
				B71AD70819C7119B006820A1 /* users.png in Resources */,
				B71AD70419C7119B006820A1 /* Strings.strings in Resources */,
				B71AD6E219C7119B006820A1 /* checked@2x.png in Resources */,
				B71B55AD19E566F500415DED /* FieldMatching.xib in Resources */,
				B71AD6FE19C7119B006820A1 /* queue_layout~iphone.xib in Resources */,
				B71AD6E619C7119B006820A1 /* Default~iphone.png in Resources */,
				B71AD6AC19C710AE006820A1 /* InfoPlist.strings in Resources */,
				B71AD6EE19C7119B006820A1 /* info.png in Resources */,
				B71AD70319C7119B006820A1 /* spacer.png in Resources */,
				B71AD6F019C7119B006820A1 /* launchImage-iPad~retina.png in Resources */,
				B71AD6EF19C7119B006820A1 /* launchImage-iPad.png in Resources */,
				B71AD6E519C7119B006820A1 /* Default.png in Resources */,
				B71AD6F619C7119B006820A1 /* projectblock_clean.png in Resources */,
				B71AD6F919C7119B006820A1 /* ProjectBrowserViewController_iPhone.xib in Resources */,
				B71AD70119C7119B006820A1 /* reset.png in Resources */,
				B71AD70019C7119B006820A1 /* QueueCell.xib in Resources */,
				B71AD70A19C7119B006820A1 /* waffle_warn.png in Resources */,
				B71AD6FC19C7119B006820A1 /* queue_layout-landscape~iphone.xib in Resources */,
				B71AD70219C7119B006820A1 /* settings.png in Resources */,
				B71AD6F219C7119B006820A1 /* menu-button@2x.png in Resources */,
				B71AD6E819C7119B006820A1 /* FieldMatchCell~iphone.xib in Resources */,
				B71AD6E319C7119B006820A1 /* default_user.png in Resources */,
				B71AD6ED19C7119B006820A1 /* Fields.strings in Resources */,
				B71AD6F419C7119B006820A1 /* navBar_iPhone.png in Resources */,
				B71AD70B19C7119B006820A1 /* waffle_x.png in Resources */,
				B71AD6E719C7119B006820A1 /* FieldMatchCell~ipad.xib in Resources */,
				B71AD6E419C7119B006820A1 /* Default-568h@2x.png in Resources */,
				B71AD6F519C7119B006820A1 /* navBar~landscape_iPhone.png in Resources */,
			);
			runOnlyForDeploymentPostprocessing = 0;
		};
/* End PBXResourcesBuildPhase section */

/* Begin PBXSourcesBuildPhase section */
		39FF25DC16DFA28A0062C3DC /* Sources */ = {
			isa = PBXSourcesBuildPhase;
			buildActionMask = 2147483647;
			files = (
				B70E7CE719C0BBA700C2B042 /* FieldEntry.m in Sources */,
				B70E7CFF19C0BBA700C2B042 /* RTutorial.m in Sources */,
				B70E7CF519C0BBA700C2B042 /* QueueCell.m in Sources */,
				B70E7CFA19C0BBA700C2B042 /* RNews.m in Sources */,
				B70E7CF419C0BBA700C2B042 /* Queue.m in Sources */,
				B70E7CE819C0BBA700C2B042 /* FieldGrabber.m in Sources */,
				B70E7CDB19C0BBA700C2B042 /* API.m in Sources */,
				B70E7CFC19C0BBA700C2B042 /* RPerson.m in Sources */,
				B70E7CF219C0BBA700C2B042 /* ProjectCell.m in Sources */,
				B70E7D0A19C0BBA700C2B042 /* Waffle.m in Sources */,
				B70E7CEA19C0BBA700C2B042 /* FieldMatchingViewController.m in Sources */,
				B70E7CF819C0BBA700C2B042 /* RDataSet.m in Sources */,
				B70E7CDE19C0BBA700C2B042 /* DataSaver.m in Sources */,
				B70E7CEB19C0BBA700C2B042 /* DataContainer.m in Sources */,
				B70E7CFE19C0BBA700C2B042 /* RProjectField.m in Sources */,
				B70E7CE119C0BBA700C2B042 /* DLAVAlertViewController.m in Sources */,
				B70E7CE219C0BBA700C2B042 /* DLAVAlertViewTextControlTheme.m in Sources */,
				B70E7CDF19C0BBA700C2B042 /* DLAVAlertView.m in Sources */,
				B70E7CFD19C0BBA700C2B042 /* RProject.m in Sources */,
				B70E7CF119C0BBA700C2B042 /* ProjectBrowserViewController.m in Sources */,
				B70E7CDC19C0BBA700C2B042 /* CredentialManager.m in Sources */,
				B70E7CE319C0BBA700C2B042 /* DLAVAlertViewTextFieldTheme.m in Sources */,
				B70E7CF619C0BBA700C2B042 /* QueueUploaderView.m in Sources */,
				B70E7CEE19C0BBA700C2B042 /* ISenseSearch.m in Sources */,
				B70E7CE419C0BBA700C2B042 /* DLAVAlertViewTheme.m in Sources */,
				B70E7CF319C0BBA700C2B042 /* QDataSet.m in Sources */,
				B70E7CE019C0BBA700C2B042 /* DLAVAlertViewButtonTheme.m in Sources */,
				B70E7CE919C0BBA700C2B042 /* FieldMatchCell.m in Sources */,
				B7DDB9EA1A14F1EB002CA14C /* QueueUploadStatus.m in Sources */,
				B70E7CF919C0BBA700C2B042 /* Reachability.m in Sources */,
				B7D848CB19CC8463006BE163 /* DataManager.m in Sources */,
				B70E7D0919C0BBA700C2B042 /* StringGrabber.m in Sources */,
			);
			runOnlyForDeploymentPostprocessing = 0;
		};
		B71AD6A119C710AE006820A1 /* Sources */ = {
			isa = PBXSourcesBuildPhase;
			buildActionMask = 2147483647;
			files = (
				B76C43C019C8706A00B0A19B /* QDataSetModel.xcdatamodeld in Sources */,
			);
			runOnlyForDeploymentPostprocessing = 0;
		};
/* End PBXSourcesBuildPhase section */

/* Begin PBXTargetDependency section */
		B76AFED319C74EB70005685B /* PBXTargetDependency */ = {
			isa = PBXTargetDependency;
			target = B71AD6A419C710AE006820A1 /* iSENSE_API_Bundle */;
			targetProxy = B76AFED219C74EB70005685B /* PBXContainerItemProxy */;
		};
/* End PBXTargetDependency section */

/* Begin PBXVariantGroup section */
		B71AD6AA19C710AE006820A1 /* InfoPlist.strings */ = {
			isa = PBXVariantGroup;
			children = (
				B71AD6AB19C710AE006820A1 /* en */,
			);
			name = InfoPlist.strings;
			sourceTree = "<group>";
		};
/* End PBXVariantGroup section */

/* Begin XCBuildConfiguration section */
		39FF25EC16DFA28A0062C3DC /* Debug */ = {
			isa = XCBuildConfiguration;
			buildSettings = {
				ALWAYS_SEARCH_USER_PATHS = NO;
				CLANG_CXX_LANGUAGE_STANDARD = "gnu++0x";
				CLANG_CXX_LIBRARY = "libc++";
				CLANG_ENABLE_OBJC_ARC = YES;
				CLANG_WARN_EMPTY_BODY = YES;
				CLANG_WARN__DUPLICATE_METHOD_MATCH = YES;
				COPY_PHASE_STRIP = NO;
				GCC_C_LANGUAGE_STANDARD = gnu99;
				GCC_DYNAMIC_NO_PIC = NO;
				GCC_OPTIMIZATION_LEVEL = 0;
				GCC_PREPROCESSOR_DEFINITIONS = (
					"DEBUG=1",
					"$(inherited)",
				);
				GCC_SYMBOLS_PRIVATE_EXTERN = NO;
				GCC_WARN_ABOUT_RETURN_TYPE = YES;
				GCC_WARN_UNINITIALIZED_AUTOS = YES;
				GCC_WARN_UNUSED_VARIABLE = YES;
				INSTALL_PATH = /Applications;
				IPHONEOS_DEPLOYMENT_TARGET = 6.0;
				ONLY_ACTIVE_ARCH = YES;
				SDKROOT = iphoneos;
				SKIP_INSTALL = NO;
			};
			name = Debug;
		};
		39FF25ED16DFA28A0062C3DC /* Release */ = {
			isa = XCBuildConfiguration;
			buildSettings = {
				ALWAYS_SEARCH_USER_PATHS = NO;
				CLANG_CXX_LANGUAGE_STANDARD = "gnu++0x";
				CLANG_CXX_LIBRARY = "libc++";
				CLANG_ENABLE_OBJC_ARC = YES;
				CLANG_WARN_EMPTY_BODY = YES;
				CLANG_WARN__DUPLICATE_METHOD_MATCH = YES;
				COPY_PHASE_STRIP = YES;
				GCC_C_LANGUAGE_STANDARD = gnu99;
				GCC_WARN_ABOUT_RETURN_TYPE = YES;
				GCC_WARN_UNINITIALIZED_AUTOS = YES;
				GCC_WARN_UNUSED_VARIABLE = YES;
				INSTALL_PATH = /Applications;
				IPHONEOS_DEPLOYMENT_TARGET = 6.0;
				ONLY_ACTIVE_ARCH = NO;
				SDKROOT = iphoneos;
				SKIP_INSTALL = NO;
				VALIDATE_PRODUCT = YES;
			};
			name = Release;
		};
		39FF25EF16DFA28A0062C3DC /* Debug */ = {
			isa = XCBuildConfiguration;
			buildSettings = {
				ALWAYS_SEARCH_USER_PATHS = YES;
				CLANG_ENABLE_OBJC_ARC = YES;
				DSTROOT = /tmp/iSENSE_API.dst;
				GCC_PRECOMPILE_PREFIX_HEADER = YES;
				GCC_PREFIX_HEADER = "headers/iSENSE_API-Prefix.pch";
				HEADER_SEARCH_PATHS = (
					"$(inherited)",
					/Applications/Xcode.app/Contents/Developer/Toolchains/XcodeDefault.xctoolchain/usr/include,
				);
				IPHONEOS_DEPLOYMENT_TARGET = 5.1;
				ONLY_ACTIVE_ARCH = NO;
				OTHER_LDFLAGS = "-ObjC";
				PRODUCT_NAME = "$(TARGET_NAME)";
				SKIP_INSTALL = NO;
			};
			name = Debug;
		};
		39FF25F016DFA28A0062C3DC /* Release */ = {
			isa = XCBuildConfiguration;
			buildSettings = {
				ALWAYS_SEARCH_USER_PATHS = YES;
				CLANG_ENABLE_OBJC_ARC = YES;
				DSTROOT = /tmp/iSENSE_API.dst;
				GCC_PRECOMPILE_PREFIX_HEADER = YES;
				GCC_PREFIX_HEADER = "headers/iSENSE_API-Prefix.pch";
				HEADER_SEARCH_PATHS = (
					"$(inherited)",
					/Applications/Xcode.app/Contents/Developer/Toolchains/XcodeDefault.xctoolchain/usr/include,
				);
				IPHONEOS_DEPLOYMENT_TARGET = 5.1;
				ONLY_ACTIVE_ARCH = NO;
				OTHER_LDFLAGS = "-ObjC";
				PRODUCT_NAME = "$(TARGET_NAME)";
				SKIP_INSTALL = NO;
			};
			name = Release;
		};
		B71AD6AF19C710AE006820A1 /* Debug */ = {
			isa = XCBuildConfiguration;
			buildSettings = {
				CLANG_ENABLE_MODULES = YES;
				CLANG_WARN_BOOL_CONVERSION = YES;
				CLANG_WARN_CONSTANT_CONVERSION = YES;
				CLANG_WARN_DIRECT_OBJC_ISA_USAGE = YES_ERROR;
				CLANG_WARN_ENUM_CONVERSION = YES;
				CLANG_WARN_INT_CONVERSION = YES;
				CLANG_WARN_OBJC_ROOT_CLASS = YES_ERROR;
				COMBINE_HIDPI_IMAGES = YES;
				GCC_ENABLE_OBJC_EXCEPTIONS = YES;
				GCC_PRECOMPILE_PREFIX_HEADER = YES;
				GCC_PREFIX_HEADER = "iSENSE_API_Bundle/iSENSE_API_Bundle-Prefix.pch";
				GCC_PREPROCESSOR_DEFINITIONS = (
					"DEBUG=1",
					"$(inherited)",
				);
				GCC_WARN_64_TO_32_BIT_CONVERSION = YES;
				GCC_WARN_ABOUT_RETURN_TYPE = YES_ERROR;
				GCC_WARN_UNDECLARED_SELECTOR = YES;
				GCC_WARN_UNINITIALIZED_AUTOS = YES_AGGRESSIVE;
				GCC_WARN_UNUSED_FUNCTION = YES;
				INFOPLIST_FILE = "iSENSE_API_Bundle/iSENSE_API_Bundle-Info.plist";
				INSTALL_PATH = "$(LOCAL_LIBRARY_DIR)/Bundles";
				MACOSX_DEPLOYMENT_TARGET = 10.9;
				PRODUCT_NAME = "$(TARGET_NAME)";
				SDKROOT = iphoneos;
				WRAPPER_EXTENSION = bundle;
			};
			name = Debug;
		};
		B71AD6B019C710AE006820A1 /* Release */ = {
			isa = XCBuildConfiguration;
			buildSettings = {
				CLANG_ENABLE_MODULES = YES;
				CLANG_WARN_BOOL_CONVERSION = YES;
				CLANG_WARN_CONSTANT_CONVERSION = YES;
				CLANG_WARN_DIRECT_OBJC_ISA_USAGE = YES_ERROR;
				CLANG_WARN_ENUM_CONVERSION = YES;
				CLANG_WARN_INT_CONVERSION = YES;
				CLANG_WARN_OBJC_ROOT_CLASS = YES_ERROR;
				COMBINE_HIDPI_IMAGES = YES;
				DEBUG_INFORMATION_FORMAT = "dwarf-with-dsym";
				ENABLE_NS_ASSERTIONS = NO;
				GCC_ENABLE_OBJC_EXCEPTIONS = YES;
				GCC_PRECOMPILE_PREFIX_HEADER = YES;
				GCC_PREFIX_HEADER = "iSENSE_API_Bundle/iSENSE_API_Bundle-Prefix.pch";
				GCC_WARN_64_TO_32_BIT_CONVERSION = YES;
				GCC_WARN_ABOUT_RETURN_TYPE = YES_ERROR;
				GCC_WARN_UNDECLARED_SELECTOR = YES;
				GCC_WARN_UNINITIALIZED_AUTOS = YES_AGGRESSIVE;
				GCC_WARN_UNUSED_FUNCTION = YES;
				INFOPLIST_FILE = "iSENSE_API_Bundle/iSENSE_API_Bundle-Info.plist";
				INSTALL_PATH = "$(LOCAL_LIBRARY_DIR)/Bundles";
				MACOSX_DEPLOYMENT_TARGET = 10.9;
				PRODUCT_NAME = "$(TARGET_NAME)";
				SDKROOT = iphoneos;
				WRAPPER_EXTENSION = bundle;
			};
			name = Release;
		};
/* End XCBuildConfiguration section */

/* Begin XCConfigurationList section */
		39FF25DA16DFA28A0062C3DC /* Build configuration list for PBXProject "iSENSE_API" */ = {
			isa = XCConfigurationList;
			buildConfigurations = (
				39FF25EC16DFA28A0062C3DC /* Debug */,
				39FF25ED16DFA28A0062C3DC /* Release */,
			);
			defaultConfigurationIsVisible = 0;
			defaultConfigurationName = Release;
		};
		39FF25EE16DFA28A0062C3DC /* Build configuration list for PBXNativeTarget "iSENSE_API" */ = {
			isa = XCConfigurationList;
			buildConfigurations = (
				39FF25EF16DFA28A0062C3DC /* Debug */,
				39FF25F016DFA28A0062C3DC /* Release */,
			);
			defaultConfigurationIsVisible = 0;
			defaultConfigurationName = Release;
		};
		B71AD6AE19C710AE006820A1 /* Build configuration list for PBXNativeTarget "iSENSE_API_Bundle" */ = {
			isa = XCConfigurationList;
			buildConfigurations = (
				B71AD6AF19C710AE006820A1 /* Debug */,
				B71AD6B019C710AE006820A1 /* Release */,
			);
			defaultConfigurationIsVisible = 0;
			defaultConfigurationName = Release;
		};
/* End XCConfigurationList section */

/* Begin XCVersionGroup section */
		B76C43BE19C8706A00B0A19B /* QDataSetModel.xcdatamodeld */ = {
			isa = XCVersionGroup;
			children = (
				B76C43BF19C8706A00B0A19B /* QDataSetModel.xcdatamodel */,
			);
			currentVersion = B76C43BF19C8706A00B0A19B /* QDataSetModel.xcdatamodel */;
			path = QDataSetModel.xcdatamodeld;
			sourceTree = "<group>";
			versionGroupType = wrapper.xcdatamodel;
		};
/* End XCVersionGroup section */
	};
	rootObject = 39FF25D716DFA28A0062C3DC /* Project object */;
}
