// !$*UTF8*$!
{
	archiveVersion = 1;
	classes = {
	};
	objectVersion = 46;
	objects = {

/* Begin PBXBuildFile section */
		39216FDF176F5C790070DFCC /* CoreFoundation.framework in Frameworks */ = {isa = PBXBuildFile; fileRef = 39216FDE176F5C790070DFCC /* CoreFoundation.framework */; };
		39AD183A17553765002969FA /* CoreData.framework in Frameworks */ = {isa = PBXBuildFile; fileRef = 39AD183917553765002969FA /* CoreData.framework */; };
		39FF25E416DFA28A0062C3DC /* Foundation.framework in Frameworks */ = {isa = PBXBuildFile; fileRef = 39FF25E316DFA28A0062C3DC /* Foundation.framework */; };
		76444EDF180F069300C41E3D /* MobileCoreServices.framework in Frameworks */ = {isa = PBXBuildFile; fileRef = 76444EDE180F069300C41E3D /* MobileCoreServices.framework */; };
		765992C518D37FF00062CC09 /* Security.framework in Frameworks */ = {isa = PBXBuildFile; fileRef = 765992C418D37FF00062CC09 /* Security.framework */; };
		76EA36A4187F31B1002B95C2 /* libiSENSE_API.a in Frameworks */ = {isa = PBXBuildFile; fileRef = 39FF25E016DFA28A0062C3DC /* libiSENSE_API.a */; };
		B70E7C6119C0BB8300C2B042 /* API.h in Headers */ = {isa = PBXBuildFile; fileRef = B70E7C1E19C0BB8300C2B042 /* API.h */; };
		B70E7C6219C0BB8300C2B042 /* CredentialManager.h in Headers */ = {isa = PBXBuildFile; fileRef = B70E7C1F19C0BB8300C2B042 /* CredentialManager.h */; };
		B70E7C6319C0BB8300C2B042 /* DataFieldManager.h in Headers */ = {isa = PBXBuildFile; fileRef = B70E7C2019C0BB8300C2B042 /* DataFieldManager.h */; };
		B70E7C6419C0BB8300C2B042 /* DataSaver.h in Headers */ = {isa = PBXBuildFile; fileRef = B70E7C2119C0BB8300C2B042 /* DataSaver.h */; };
		B70E7C6519C0BB8300C2B042 /* DLAVAlertView.h in Headers */ = {isa = PBXBuildFile; fileRef = B70E7C2219C0BB8300C2B042 /* DLAVAlertView.h */; };
		B70E7C6619C0BB8300C2B042 /* DLAVAlertViewButtonTheme.h in Headers */ = {isa = PBXBuildFile; fileRef = B70E7C2319C0BB8300C2B042 /* DLAVAlertViewButtonTheme.h */; };
		B70E7C6719C0BB8300C2B042 /* DLAVAlertViewController.h in Headers */ = {isa = PBXBuildFile; fileRef = B70E7C2419C0BB8300C2B042 /* DLAVAlertViewController.h */; };
		B70E7C6819C0BB8300C2B042 /* DLAVAlertViewTextControlTheme.h in Headers */ = {isa = PBXBuildFile; fileRef = B70E7C2519C0BB8300C2B042 /* DLAVAlertViewTextControlTheme.h */; };
		B70E7C6919C0BB8300C2B042 /* DLAVAlertViewTextFieldTheme.h in Headers */ = {isa = PBXBuildFile; fileRef = B70E7C2619C0BB8300C2B042 /* DLAVAlertViewTextFieldTheme.h */; };
		B70E7C6A19C0BB8300C2B042 /* DLAVAlertViewTheme.h in Headers */ = {isa = PBXBuildFile; fileRef = B70E7C2719C0BB8300C2B042 /* DLAVAlertViewTheme.h */; };
		B70E7C6D19C0BB8300C2B042 /* FieldEntry.h in Headers */ = {isa = PBXBuildFile; fileRef = B70E7C2A19C0BB8300C2B042 /* FieldEntry.h */; };
		B70E7C6E19C0BB8300C2B042 /* FieldGrabber.h in Headers */ = {isa = PBXBuildFile; fileRef = B70E7C2B19C0BB8300C2B042 /* FieldGrabber.h */; };
		B70E7C6F19C0BB8300C2B042 /* FieldMatchCell.h in Headers */ = {isa = PBXBuildFile; fileRef = B70E7C2C19C0BB8300C2B042 /* FieldMatchCell.h */; };
		B70E7C7019C0BB8300C2B042 /* FieldMatchingViewController.h in Headers */ = {isa = PBXBuildFile; fileRef = B70E7C2D19C0BB8300C2B042 /* FieldMatchingViewController.h */; };
		B70E7C7119C0BB8300C2B042 /* Fields.h in Headers */ = {isa = PBXBuildFile; fileRef = B70E7C2E19C0BB8300C2B042 /* Fields.h */; };
		B70E7C7419C0BB8300C2B042 /* iSENSE_API-Prefix.pch in Headers */ = {isa = PBXBuildFile; fileRef = B70E7C3119C0BB8300C2B042 /* iSENSE_API-Prefix.pch */; };
		B70E7C7619C0BB8300C2B042 /* ISenseSearch.h in Headers */ = {isa = PBXBuildFile; fileRef = B70E7C3319C0BB8300C2B042 /* ISenseSearch.h */; };
		B70E7C7719C0BB8300C2B042 /* ISKeys.h in Headers */ = {isa = PBXBuildFile; fileRef = B70E7C3419C0BB8300C2B042 /* ISKeys.h */; };
		B70E7C7A19C0BB8300C2B042 /* ProjectBrowserViewController.h in Headers */ = {isa = PBXBuildFile; fileRef = B70E7C3719C0BB8300C2B042 /* ProjectBrowserViewController.h */; };
		B70E7C7B19C0BB8300C2B042 /* ProjectCell.h in Headers */ = {isa = PBXBuildFile; fileRef = B70E7C3819C0BB8300C2B042 /* ProjectCell.h */; };
		B70E7C7C19C0BB8300C2B042 /* QDataSet.h in Headers */ = {isa = PBXBuildFile; fileRef = B70E7C3919C0BB8300C2B042 /* QDataSet.h */; };
		B70E7C7E19C0BB8300C2B042 /* Queue.h in Headers */ = {isa = PBXBuildFile; fileRef = B70E7C3C19C0BB8300C2B042 /* Queue.h */; };
		B70E7C7F19C0BB8300C2B042 /* QueueCell.h in Headers */ = {isa = PBXBuildFile; fileRef = B70E7C3D19C0BB8300C2B042 /* QueueCell.h */; };
		B70E7C8019C0BB8300C2B042 /* QueueConstants.h in Headers */ = {isa = PBXBuildFile; fileRef = B70E7C3E19C0BB8300C2B042 /* QueueConstants.h */; };
		B70E7C8119C0BB8300C2B042 /* QueueUploaderView.h in Headers */ = {isa = PBXBuildFile; fileRef = B70E7C3F19C0BB8300C2B042 /* QueueUploaderView.h */; };
		B70E7C8319C0BB8300C2B042 /* RDataSet.h in Headers */ = {isa = PBXBuildFile; fileRef = B70E7C4119C0BB8300C2B042 /* RDataSet.h */; };
		B70E7C8419C0BB8300C2B042 /* Reachability.h in Headers */ = {isa = PBXBuildFile; fileRef = B70E7C4219C0BB8300C2B042 /* Reachability.h */; };
		B70E7C8519C0BB8300C2B042 /* RNews.h in Headers */ = {isa = PBXBuildFile; fileRef = B70E7C4319C0BB8300C2B042 /* RNews.h */; };
		B70E7C8719C0BB8300C2B042 /* RPerson.h in Headers */ = {isa = PBXBuildFile; fileRef = B70E7C4519C0BB8300C2B042 /* RPerson.h */; };
		B70E7C8819C0BB8300C2B042 /* RProject.h in Headers */ = {isa = PBXBuildFile; fileRef = B70E7C4619C0BB8300C2B042 /* RProject.h */; };
		B70E7C8919C0BB8300C2B042 /* RProjectField.h in Headers */ = {isa = PBXBuildFile; fileRef = B70E7C4719C0BB8300C2B042 /* RProjectField.h */; };
		B70E7C8A19C0BB8300C2B042 /* RTutorial.h in Headers */ = {isa = PBXBuildFile; fileRef = B70E7C4819C0BB8300C2B042 /* RTutorial.h */; };
		B70E7C8B19C0BB8300C2B042 /* SensorCompatibility.h in Headers */ = {isa = PBXBuildFile; fileRef = B70E7C4919C0BB8300C2B042 /* SensorCompatibility.h */; };
		B70E7C8C19C0BB8300C2B042 /* SensorEnums.h in Headers */ = {isa = PBXBuildFile; fileRef = B70E7C4A19C0BB8300C2B042 /* SensorEnums.h */; };
		B70E7C9619C0BB8300C2B042 /* StringGrabber.h in Headers */ = {isa = PBXBuildFile; fileRef = B70E7C5419C0BB8300C2B042 /* StringGrabber.h */; };
		B70E7C9719C0BB8300C2B042 /* Waffle.h in Headers */ = {isa = PBXBuildFile; fileRef = B70E7C5519C0BB8300C2B042 /* Waffle.h */; };
		B70E7C9819C0BB8300C2B042 /* WaffleConstants.h in Headers */ = {isa = PBXBuildFile; fileRef = B70E7C5619C0BB8300C2B042 /* WaffleConstants.h */; };
		B70E7CDB19C0BBA700C2B042 /* API.m in Sources */ = {isa = PBXBuildFile; fileRef = B70E7CA219C0BBA700C2B042 /* API.m */; };
		B70E7CDC19C0BBA700C2B042 /* CredentialManager.m in Sources */ = {isa = PBXBuildFile; fileRef = B70E7CA319C0BBA700C2B042 /* CredentialManager.m */; };
		B70E7CDD19C0BBA700C2B042 /* DataFieldManager.m in Sources */ = {isa = PBXBuildFile; fileRef = B70E7CA419C0BBA700C2B042 /* DataFieldManager.m */; };
		B70E7CDE19C0BBA700C2B042 /* DataSaver.m in Sources */ = {isa = PBXBuildFile; fileRef = B70E7CA519C0BBA700C2B042 /* DataSaver.m */; };
		B70E7CDF19C0BBA700C2B042 /* DLAVAlertView.m in Sources */ = {isa = PBXBuildFile; fileRef = B70E7CA619C0BBA700C2B042 /* DLAVAlertView.m */; };
		B70E7CE019C0BBA700C2B042 /* DLAVAlertViewButtonTheme.m in Sources */ = {isa = PBXBuildFile; fileRef = B70E7CA719C0BBA700C2B042 /* DLAVAlertViewButtonTheme.m */; };
		B70E7CE119C0BBA700C2B042 /* DLAVAlertViewController.m in Sources */ = {isa = PBXBuildFile; fileRef = B70E7CA819C0BBA700C2B042 /* DLAVAlertViewController.m */; };
		B70E7CE219C0BBA700C2B042 /* DLAVAlertViewTextControlTheme.m in Sources */ = {isa = PBXBuildFile; fileRef = B70E7CA919C0BBA700C2B042 /* DLAVAlertViewTextControlTheme.m */; };
		B70E7CE319C0BBA700C2B042 /* DLAVAlertViewTextFieldTheme.m in Sources */ = {isa = PBXBuildFile; fileRef = B70E7CAA19C0BBA700C2B042 /* DLAVAlertViewTextFieldTheme.m */; };
		B70E7CE419C0BBA700C2B042 /* DLAVAlertViewTheme.m in Sources */ = {isa = PBXBuildFile; fileRef = B70E7CAB19C0BBA700C2B042 /* DLAVAlertViewTheme.m */; };
		B70E7CE719C0BBA700C2B042 /* FieldEntry.m in Sources */ = {isa = PBXBuildFile; fileRef = B70E7CAE19C0BBA700C2B042 /* FieldEntry.m */; };
		B70E7CE819C0BBA700C2B042 /* FieldGrabber.m in Sources */ = {isa = PBXBuildFile; fileRef = B70E7CAF19C0BBA700C2B042 /* FieldGrabber.m */; };
		B70E7CE919C0BBA700C2B042 /* FieldMatchCell.m in Sources */ = {isa = PBXBuildFile; fileRef = B70E7CB019C0BBA700C2B042 /* FieldMatchCell.m */; };
		B70E7CEA19C0BBA700C2B042 /* FieldMatchingViewController.m in Sources */ = {isa = PBXBuildFile; fileRef = B70E7CB119C0BBA700C2B042 /* FieldMatchingViewController.m */; };
		B70E7CEB19C0BBA700C2B042 /* Fields.m in Sources */ = {isa = PBXBuildFile; fileRef = B70E7CB219C0BBA700C2B042 /* Fields.m */; };
		B70E7CEE19C0BBA700C2B042 /* ISenseSearch.m in Sources */ = {isa = PBXBuildFile; fileRef = B70E7CB519C0BBA700C2B042 /* ISenseSearch.m */; };
		B70E7CF119C0BBA700C2B042 /* ProjectBrowserViewController.m in Sources */ = {isa = PBXBuildFile; fileRef = B70E7CB819C0BBA700C2B042 /* ProjectBrowserViewController.m */; };
		B70E7CF219C0BBA700C2B042 /* ProjectCell.m in Sources */ = {isa = PBXBuildFile; fileRef = B70E7CB919C0BBA700C2B042 /* ProjectCell.m */; };
		B70E7CF319C0BBA700C2B042 /* QDataSet.m in Sources */ = {isa = PBXBuildFile; fileRef = B70E7CBA19C0BBA700C2B042 /* QDataSet.m */; };
		B70E7CF419C0BBA700C2B042 /* Queue.m in Sources */ = {isa = PBXBuildFile; fileRef = B70E7CBB19C0BBA700C2B042 /* Queue.m */; };
		B70E7CF519C0BBA700C2B042 /* QueueCell.m in Sources */ = {isa = PBXBuildFile; fileRef = B70E7CBC19C0BBA700C2B042 /* QueueCell.m */; };
		B70E7CF619C0BBA700C2B042 /* QueueUploaderView.m in Sources */ = {isa = PBXBuildFile; fileRef = B70E7CBD19C0BBA700C2B042 /* QueueUploaderView.m */; };
		B70E7CF819C0BBA700C2B042 /* RDataSet.m in Sources */ = {isa = PBXBuildFile; fileRef = B70E7CBF19C0BBA700C2B042 /* RDataSet.m */; };
		B70E7CF919C0BBA700C2B042 /* Reachability.m in Sources */ = {isa = PBXBuildFile; fileRef = B70E7CC019C0BBA700C2B042 /* Reachability.m */; settings = {COMPILER_FLAGS = "-fno-objc-arc"; }; };
		B70E7CFA19C0BBA700C2B042 /* RNews.m in Sources */ = {isa = PBXBuildFile; fileRef = B70E7CC119C0BBA700C2B042 /* RNews.m */; };
		B70E7CFC19C0BBA700C2B042 /* RPerson.m in Sources */ = {isa = PBXBuildFile; fileRef = B70E7CC319C0BBA700C2B042 /* RPerson.m */; };
		B70E7CFD19C0BBA700C2B042 /* RProject.m in Sources */ = {isa = PBXBuildFile; fileRef = B70E7CC419C0BBA700C2B042 /* RProject.m */; };
		B70E7CFE19C0BBA700C2B042 /* RProjectField.m in Sources */ = {isa = PBXBuildFile; fileRef = B70E7CC519C0BBA700C2B042 /* RProjectField.m */; };
		B70E7CFF19C0BBA700C2B042 /* RTutorial.m in Sources */ = {isa = PBXBuildFile; fileRef = B70E7CC619C0BBA700C2B042 /* RTutorial.m */; };
		B70E7D0019C0BBA700C2B042 /* SensorCompatibility.m in Sources */ = {isa = PBXBuildFile; fileRef = B70E7CC719C0BBA700C2B042 /* SensorCompatibility.m */; };
		B70E7D0919C0BBA700C2B042 /* StringGrabber.m in Sources */ = {isa = PBXBuildFile; fileRef = B70E7CD019C0BBA700C2B042 /* StringGrabber.m */; };
		B70E7D0A19C0BBA700C2B042 /* Waffle.m in Sources */ = {isa = PBXBuildFile; fileRef = B70E7CD119C0BBA700C2B042 /* Waffle.m */; };
		B70E7D4919C0C0CD00C2B042 /* QDataSetModel.xcdatamodeld in Sources */ = {isa = PBXBuildFile; fileRef = B70E7D4719C0C0CD00C2B042 /* QDataSetModel.xcdatamodeld */; };
		B7EBFDC217A0186A006B90A8 /* SystemConfiguration.framework in Frameworks */ = {isa = PBXBuildFile; fileRef = B7EBFDC117A0186A006B90A8 /* SystemConfiguration.framework */; };
/* End PBXBuildFile section */

/* Begin PBXContainerItemProxy section */
		B71B9A6A19C31C1000221D1B /* PBXContainerItemProxy */ = {
			isa = PBXContainerItemProxy;
			containerPortal = 39FF25D716DFA28A0062C3DC /* Project object */;
			proxyType = 1;
			remoteGlobalIDString = 39216FDC176F5C790070DFCC;
			remoteInfo = iSENSE_API_Bundle;
		};
/* End PBXContainerItemProxy section */

/* Begin PBXCopyFilesBuildPhase section */
		39FF25DE16DFA28A0062C3DC /* Copy Files */ = {
			isa = PBXCopyFilesBuildPhase;
			buildActionMask = 2147483647;
			dstPath = "include/${PRODUCT_NAME}";
			dstSubfolderSpec = 16;
			files = (
			);
			name = "Copy Files";
			runOnlyForDeploymentPostprocessing = 0;
		};
/* End PBXCopyFilesBuildPhase section */

/* Begin PBXFileReference section */
		39216FDD176F5C790070DFCC /* iSENSE_API_Bundle.bundle */ = {isa = PBXFileReference; explicitFileType = wrapper.cfbundle; includeInIndex = 0; path = iSENSE_API_Bundle.bundle; sourceTree = BUILT_PRODUCTS_DIR; };
		39216FDE176F5C790070DFCC /* CoreFoundation.framework */ = {isa = PBXFileReference; lastKnownFileType = wrapper.framework; name = CoreFoundation.framework; path = System/Library/Frameworks/CoreFoundation.framework; sourceTree = SDKROOT; };
		39AD183917553765002969FA /* CoreData.framework */ = {isa = PBXFileReference; lastKnownFileType = wrapper.framework; name = CoreData.framework; path = System/Library/Frameworks/CoreData.framework; sourceTree = SDKROOT; };
		39FF25E016DFA28A0062C3DC /* libiSENSE_API.a */ = {isa = PBXFileReference; explicitFileType = archive.ar; includeInIndex = 0; path = libiSENSE_API.a; sourceTree = BUILT_PRODUCTS_DIR; };
		39FF25E316DFA28A0062C3DC /* Foundation.framework */ = {isa = PBXFileReference; lastKnownFileType = wrapper.framework; name = Foundation.framework; path = System/Library/Frameworks/Foundation.framework; sourceTree = SDKROOT; };
		76444EDE180F069300C41E3D /* MobileCoreServices.framework */ = {isa = PBXFileReference; lastKnownFileType = wrapper.framework; name = MobileCoreServices.framework; path = System/Library/Frameworks/MobileCoreServices.framework; sourceTree = SDKROOT; };
		765992C418D37FF00062CC09 /* Security.framework */ = {isa = PBXFileReference; lastKnownFileType = wrapper.framework; name = Security.framework; path = System/Library/Frameworks/Security.framework; sourceTree = SDKROOT; };
		B70E7C1E19C0BB8300C2B042 /* API.h */ = {isa = PBXFileReference; fileEncoding = 4; lastKnownFileType = sourcecode.c.h; name = API.h; path = headers/API.h; sourceTree = "<group>"; };
		B70E7C1F19C0BB8300C2B042 /* CredentialManager.h */ = {isa = PBXFileReference; fileEncoding = 4; lastKnownFileType = sourcecode.c.h; name = CredentialManager.h; path = headers/CredentialManager.h; sourceTree = "<group>"; };
		B70E7C2019C0BB8300C2B042 /* DataFieldManager.h */ = {isa = PBXFileReference; fileEncoding = 4; lastKnownFileType = sourcecode.c.h; name = DataFieldManager.h; path = headers/DataFieldManager.h; sourceTree = "<group>"; };
		B70E7C2119C0BB8300C2B042 /* DataSaver.h */ = {isa = PBXFileReference; fileEncoding = 4; lastKnownFileType = sourcecode.c.h; name = DataSaver.h; path = headers/DataSaver.h; sourceTree = "<group>"; };
		B70E7C2219C0BB8300C2B042 /* DLAVAlertView.h */ = {isa = PBXFileReference; fileEncoding = 4; lastKnownFileType = sourcecode.c.h; name = DLAVAlertView.h; path = headers/DLAVAlertView.h; sourceTree = "<group>"; };
		B70E7C2319C0BB8300C2B042 /* DLAVAlertViewButtonTheme.h */ = {isa = PBXFileReference; fileEncoding = 4; lastKnownFileType = sourcecode.c.h; name = DLAVAlertViewButtonTheme.h; path = headers/DLAVAlertViewButtonTheme.h; sourceTree = "<group>"; };
		B70E7C2419C0BB8300C2B042 /* DLAVAlertViewController.h */ = {isa = PBXFileReference; fileEncoding = 4; lastKnownFileType = sourcecode.c.h; name = DLAVAlertViewController.h; path = headers/DLAVAlertViewController.h; sourceTree = "<group>"; };
		B70E7C2519C0BB8300C2B042 /* DLAVAlertViewTextControlTheme.h */ = {isa = PBXFileReference; fileEncoding = 4; lastKnownFileType = sourcecode.c.h; name = DLAVAlertViewTextControlTheme.h; path = headers/DLAVAlertViewTextControlTheme.h; sourceTree = "<group>"; };
		B70E7C2619C0BB8300C2B042 /* DLAVAlertViewTextFieldTheme.h */ = {isa = PBXFileReference; fileEncoding = 4; lastKnownFileType = sourcecode.c.h; name = DLAVAlertViewTextFieldTheme.h; path = headers/DLAVAlertViewTextFieldTheme.h; sourceTree = "<group>"; };
		B70E7C2719C0BB8300C2B042 /* DLAVAlertViewTheme.h */ = {isa = PBXFileReference; fileEncoding = 4; lastKnownFileType = sourcecode.c.h; name = DLAVAlertViewTheme.h; path = headers/DLAVAlertViewTheme.h; sourceTree = "<group>"; };
		B70E7C2A19C0BB8300C2B042 /* FieldEntry.h */ = {isa = PBXFileReference; fileEncoding = 4; lastKnownFileType = sourcecode.c.h; name = FieldEntry.h; path = headers/FieldEntry.h; sourceTree = "<group>"; };
		B70E7C2B19C0BB8300C2B042 /* FieldGrabber.h */ = {isa = PBXFileReference; fileEncoding = 4; lastKnownFileType = sourcecode.c.h; name = FieldGrabber.h; path = headers/FieldGrabber.h; sourceTree = "<group>"; };
		B70E7C2C19C0BB8300C2B042 /* FieldMatchCell.h */ = {isa = PBXFileReference; fileEncoding = 4; lastKnownFileType = sourcecode.c.h; name = FieldMatchCell.h; path = headers/FieldMatchCell.h; sourceTree = "<group>"; };
		B70E7C2D19C0BB8300C2B042 /* FieldMatchingViewController.h */ = {isa = PBXFileReference; fileEncoding = 4; lastKnownFileType = sourcecode.c.h; name = FieldMatchingViewController.h; path = headers/FieldMatchingViewController.h; sourceTree = "<group>"; };
		B70E7C2E19C0BB8300C2B042 /* Fields.h */ = {isa = PBXFileReference; fileEncoding = 4; lastKnownFileType = sourcecode.c.h; name = Fields.h; path = headers/Fields.h; sourceTree = "<group>"; };
		B70E7C3119C0BB8300C2B042 /* iSENSE_API-Prefix.pch */ = {isa = PBXFileReference; fileEncoding = 4; lastKnownFileType = sourcecode.c.h; name = "iSENSE_API-Prefix.pch"; path = "headers/iSENSE_API-Prefix.pch"; sourceTree = "<group>"; };
		B70E7C3319C0BB8300C2B042 /* ISenseSearch.h */ = {isa = PBXFileReference; fileEncoding = 4; lastKnownFileType = sourcecode.c.h; name = ISenseSearch.h; path = headers/ISenseSearch.h; sourceTree = "<group>"; };
		B70E7C3419C0BB8300C2B042 /* ISKeys.h */ = {isa = PBXFileReference; fileEncoding = 4; lastKnownFileType = sourcecode.c.h; name = ISKeys.h; path = headers/ISKeys.h; sourceTree = "<group>"; };
		B70E7C3719C0BB8300C2B042 /* ProjectBrowserViewController.h */ = {isa = PBXFileReference; fileEncoding = 4; lastKnownFileType = sourcecode.c.h; name = ProjectBrowserViewController.h; path = headers/ProjectBrowserViewController.h; sourceTree = "<group>"; };
		B70E7C3819C0BB8300C2B042 /* ProjectCell.h */ = {isa = PBXFileReference; fileEncoding = 4; lastKnownFileType = sourcecode.c.h; name = ProjectCell.h; path = headers/ProjectCell.h; sourceTree = "<group>"; };
		B70E7C3919C0BB8300C2B042 /* QDataSet.h */ = {isa = PBXFileReference; fileEncoding = 4; lastKnownFileType = sourcecode.c.h; name = QDataSet.h; path = headers/QDataSet.h; sourceTree = "<group>"; };
		B70E7C3C19C0BB8300C2B042 /* Queue.h */ = {isa = PBXFileReference; fileEncoding = 4; lastKnownFileType = sourcecode.c.h; name = Queue.h; path = headers/Queue.h; sourceTree = "<group>"; };
		B70E7C3D19C0BB8300C2B042 /* QueueCell.h */ = {isa = PBXFileReference; fileEncoding = 4; lastKnownFileType = sourcecode.c.h; name = QueueCell.h; path = headers/QueueCell.h; sourceTree = "<group>"; };
		B70E7C3E19C0BB8300C2B042 /* QueueConstants.h */ = {isa = PBXFileReference; fileEncoding = 4; lastKnownFileType = sourcecode.c.h; name = QueueConstants.h; path = headers/QueueConstants.h; sourceTree = "<group>"; };
		B70E7C3F19C0BB8300C2B042 /* QueueUploaderView.h */ = {isa = PBXFileReference; fileEncoding = 4; lastKnownFileType = sourcecode.c.h; name = QueueUploaderView.h; path = headers/QueueUploaderView.h; sourceTree = "<group>"; };
		B70E7C4119C0BB8300C2B042 /* RDataSet.h */ = {isa = PBXFileReference; fileEncoding = 4; lastKnownFileType = sourcecode.c.h; name = RDataSet.h; path = headers/RDataSet.h; sourceTree = "<group>"; };
		B70E7C4219C0BB8300C2B042 /* Reachability.h */ = {isa = PBXFileReference; fileEncoding = 4; lastKnownFileType = sourcecode.c.h; name = Reachability.h; path = headers/Reachability.h; sourceTree = "<group>"; };
		B70E7C4319C0BB8300C2B042 /* RNews.h */ = {isa = PBXFileReference; fileEncoding = 4; lastKnownFileType = sourcecode.c.h; name = RNews.h; path = headers/RNews.h; sourceTree = "<group>"; };
		B70E7C4519C0BB8300C2B042 /* RPerson.h */ = {isa = PBXFileReference; fileEncoding = 4; lastKnownFileType = sourcecode.c.h; name = RPerson.h; path = headers/RPerson.h; sourceTree = "<group>"; };
		B70E7C4619C0BB8300C2B042 /* RProject.h */ = {isa = PBXFileReference; fileEncoding = 4; lastKnownFileType = sourcecode.c.h; name = RProject.h; path = headers/RProject.h; sourceTree = "<group>"; };
		B70E7C4719C0BB8300C2B042 /* RProjectField.h */ = {isa = PBXFileReference; fileEncoding = 4; lastKnownFileType = sourcecode.c.h; name = RProjectField.h; path = headers/RProjectField.h; sourceTree = "<group>"; };
		B70E7C4819C0BB8300C2B042 /* RTutorial.h */ = {isa = PBXFileReference; fileEncoding = 4; lastKnownFileType = sourcecode.c.h; name = RTutorial.h; path = headers/RTutorial.h; sourceTree = "<group>"; };
		B70E7C4919C0BB8300C2B042 /* SensorCompatibility.h */ = {isa = PBXFileReference; fileEncoding = 4; lastKnownFileType = sourcecode.c.h; name = SensorCompatibility.h; path = headers/SensorCompatibility.h; sourceTree = "<group>"; };
		B70E7C4A19C0BB8300C2B042 /* SensorEnums.h */ = {isa = PBXFileReference; fileEncoding = 4; lastKnownFileType = sourcecode.c.h; name = SensorEnums.h; path = headers/SensorEnums.h; sourceTree = "<group>"; };
		B70E7C5419C0BB8300C2B042 /* StringGrabber.h */ = {isa = PBXFileReference; fileEncoding = 4; lastKnownFileType = sourcecode.c.h; name = StringGrabber.h; path = headers/StringGrabber.h; sourceTree = "<group>"; };
		B70E7C5519C0BB8300C2B042 /* Waffle.h */ = {isa = PBXFileReference; fileEncoding = 4; lastKnownFileType = sourcecode.c.h; name = Waffle.h; path = headers/Waffle.h; sourceTree = "<group>"; };
		B70E7C5619C0BB8300C2B042 /* WaffleConstants.h */ = {isa = PBXFileReference; fileEncoding = 4; lastKnownFileType = sourcecode.c.h; name = WaffleConstants.h; path = headers/WaffleConstants.h; sourceTree = "<group>"; };
		B70E7CA219C0BBA700C2B042 /* API.m */ = {isa = PBXFileReference; fileEncoding = 4; lastKnownFileType = sourcecode.c.objc; name = API.m; path = source/API.m; sourceTree = "<group>"; };
		B70E7CA319C0BBA700C2B042 /* CredentialManager.m */ = {isa = PBXFileReference; fileEncoding = 4; lastKnownFileType = sourcecode.c.objc; name = CredentialManager.m; path = source/CredentialManager.m; sourceTree = "<group>"; };
		B70E7CA419C0BBA700C2B042 /* DataFieldManager.m */ = {isa = PBXFileReference; fileEncoding = 4; lastKnownFileType = sourcecode.c.objc; name = DataFieldManager.m; path = source/DataFieldManager.m; sourceTree = "<group>"; };
		B70E7CA519C0BBA700C2B042 /* DataSaver.m */ = {isa = PBXFileReference; fileEncoding = 4; lastKnownFileType = sourcecode.c.objc; name = DataSaver.m; path = source/DataSaver.m; sourceTree = "<group>"; };
		B70E7CA619C0BBA700C2B042 /* DLAVAlertView.m */ = {isa = PBXFileReference; fileEncoding = 4; lastKnownFileType = sourcecode.c.objc; name = DLAVAlertView.m; path = source/DLAVAlertView.m; sourceTree = "<group>"; };
		B70E7CA719C0BBA700C2B042 /* DLAVAlertViewButtonTheme.m */ = {isa = PBXFileReference; fileEncoding = 4; lastKnownFileType = sourcecode.c.objc; name = DLAVAlertViewButtonTheme.m; path = source/DLAVAlertViewButtonTheme.m; sourceTree = "<group>"; };
		B70E7CA819C0BBA700C2B042 /* DLAVAlertViewController.m */ = {isa = PBXFileReference; fileEncoding = 4; lastKnownFileType = sourcecode.c.objc; name = DLAVAlertViewController.m; path = source/DLAVAlertViewController.m; sourceTree = "<group>"; };
		B70E7CA919C0BBA700C2B042 /* DLAVAlertViewTextControlTheme.m */ = {isa = PBXFileReference; fileEncoding = 4; lastKnownFileType = sourcecode.c.objc; name = DLAVAlertViewTextControlTheme.m; path = source/DLAVAlertViewTextControlTheme.m; sourceTree = "<group>"; };
		B70E7CAA19C0BBA700C2B042 /* DLAVAlertViewTextFieldTheme.m */ = {isa = PBXFileReference; fileEncoding = 4; lastKnownFileType = sourcecode.c.objc; name = DLAVAlertViewTextFieldTheme.m; path = source/DLAVAlertViewTextFieldTheme.m; sourceTree = "<group>"; };
		B70E7CAB19C0BBA700C2B042 /* DLAVAlertViewTheme.m */ = {isa = PBXFileReference; fileEncoding = 4; lastKnownFileType = sourcecode.c.objc; name = DLAVAlertViewTheme.m; path = source/DLAVAlertViewTheme.m; sourceTree = "<group>"; };
		B70E7CAE19C0BBA700C2B042 /* FieldEntry.m */ = {isa = PBXFileReference; fileEncoding = 4; lastKnownFileType = sourcecode.c.objc; name = FieldEntry.m; path = source/FieldEntry.m; sourceTree = "<group>"; };
		B70E7CAF19C0BBA700C2B042 /* FieldGrabber.m */ = {isa = PBXFileReference; fileEncoding = 4; lastKnownFileType = sourcecode.c.objc; name = FieldGrabber.m; path = source/FieldGrabber.m; sourceTree = "<group>"; };
		B70E7CB019C0BBA700C2B042 /* FieldMatchCell.m */ = {isa = PBXFileReference; fileEncoding = 4; lastKnownFileType = sourcecode.c.objc; name = FieldMatchCell.m; path = source/FieldMatchCell.m; sourceTree = "<group>"; };
		B70E7CB119C0BBA700C2B042 /* FieldMatchingViewController.m */ = {isa = PBXFileReference; fileEncoding = 4; lastKnownFileType = sourcecode.c.objc; name = FieldMatchingViewController.m; path = source/FieldMatchingViewController.m; sourceTree = "<group>"; };
		B70E7CB219C0BBA700C2B042 /* Fields.m */ = {isa = PBXFileReference; fileEncoding = 4; lastKnownFileType = sourcecode.c.objc; name = Fields.m; path = source/Fields.m; sourceTree = "<group>"; };
		B70E7CB519C0BBA700C2B042 /* ISenseSearch.m */ = {isa = PBXFileReference; fileEncoding = 4; lastKnownFileType = sourcecode.c.objc; name = ISenseSearch.m; path = source/ISenseSearch.m; sourceTree = "<group>"; };
		B70E7CB819C0BBA700C2B042 /* ProjectBrowserViewController.m */ = {isa = PBXFileReference; fileEncoding = 4; lastKnownFileType = sourcecode.c.objc; name = ProjectBrowserViewController.m; path = source/ProjectBrowserViewController.m; sourceTree = "<group>"; };
		B70E7CB919C0BBA700C2B042 /* ProjectCell.m */ = {isa = PBXFileReference; fileEncoding = 4; lastKnownFileType = sourcecode.c.objc; name = ProjectCell.m; path = source/ProjectCell.m; sourceTree = "<group>"; };
		B70E7CBA19C0BBA700C2B042 /* QDataSet.m */ = {isa = PBXFileReference; fileEncoding = 4; lastKnownFileType = sourcecode.c.objc; name = QDataSet.m; path = source/QDataSet.m; sourceTree = "<group>"; };
		B70E7CBB19C0BBA700C2B042 /* Queue.m */ = {isa = PBXFileReference; fileEncoding = 4; lastKnownFileType = sourcecode.c.objc; name = Queue.m; path = source/Queue.m; sourceTree = "<group>"; };
		B70E7CBC19C0BBA700C2B042 /* QueueCell.m */ = {isa = PBXFileReference; fileEncoding = 4; lastKnownFileType = sourcecode.c.objc; name = QueueCell.m; path = source/QueueCell.m; sourceTree = "<group>"; };
		B70E7CBD19C0BBA700C2B042 /* QueueUploaderView.m */ = {isa = PBXFileReference; fileEncoding = 4; lastKnownFileType = sourcecode.c.objc; name = QueueUploaderView.m; path = source/QueueUploaderView.m; sourceTree = "<group>"; };
		B70E7CBF19C0BBA700C2B042 /* RDataSet.m */ = {isa = PBXFileReference; fileEncoding = 4; lastKnownFileType = sourcecode.c.objc; name = RDataSet.m; path = source/RDataSet.m; sourceTree = "<group>"; };
		B70E7CC019C0BBA700C2B042 /* Reachability.m */ = {isa = PBXFileReference; fileEncoding = 4; lastKnownFileType = sourcecode.c.objc; name = Reachability.m; path = source/Reachability.m; sourceTree = "<group>"; };
		B70E7CC119C0BBA700C2B042 /* RNews.m */ = {isa = PBXFileReference; fileEncoding = 4; lastKnownFileType = sourcecode.c.objc; name = RNews.m; path = source/RNews.m; sourceTree = "<group>"; };
		B70E7CC319C0BBA700C2B042 /* RPerson.m */ = {isa = PBXFileReference; fileEncoding = 4; lastKnownFileType = sourcecode.c.objc; name = RPerson.m; path = source/RPerson.m; sourceTree = "<group>"; };
		B70E7CC419C0BBA700C2B042 /* RProject.m */ = {isa = PBXFileReference; fileEncoding = 4; lastKnownFileType = sourcecode.c.objc; name = RProject.m; path = source/RProject.m; sourceTree = "<group>"; };
		B70E7CC519C0BBA700C2B042 /* RProjectField.m */ = {isa = PBXFileReference; fileEncoding = 4; lastKnownFileType = sourcecode.c.objc; name = RProjectField.m; path = source/RProjectField.m; sourceTree = "<group>"; };
		B70E7CC619C0BBA700C2B042 /* RTutorial.m */ = {isa = PBXFileReference; fileEncoding = 4; lastKnownFileType = sourcecode.c.objc; name = RTutorial.m; path = source/RTutorial.m; sourceTree = "<group>"; };
		B70E7CC719C0BBA700C2B042 /* SensorCompatibility.m */ = {isa = PBXFileReference; fileEncoding = 4; lastKnownFileType = sourcecode.c.objc; name = SensorCompatibility.m; path = source/SensorCompatibility.m; sourceTree = "<group>"; };
		B70E7CD019C0BBA700C2B042 /* StringGrabber.m */ = {isa = PBXFileReference; fileEncoding = 4; lastKnownFileType = sourcecode.c.objc; name = StringGrabber.m; path = source/StringGrabber.m; sourceTree = "<group>"; };
		B70E7CD119C0BBA700C2B042 /* Waffle.m */ = {isa = PBXFileReference; fileEncoding = 4; lastKnownFileType = sourcecode.c.objc; name = Waffle.m; path = source/Waffle.m; sourceTree = "<group>"; };
		B70E7D0B19C0BBB600C2B042 /* FieldMatching~iphone.xib */ = {isa = PBXFileReference; fileEncoding = 4; lastKnownFileType = file.xib; name = "FieldMatching~iphone.xib"; path = "resources/FieldMatching~iphone.xib"; sourceTree = "<group>"; };
		B70E7D0C19C0BBB600C2B042 /* Fields.strings */ = {isa = PBXFileReference; fileEncoding = 4; lastKnownFileType = text.plist.strings; name = Fields.strings; path = resources/Fields.strings; sourceTree = "<group>"; };
		B70E7D0D19C0BBB600C2B042 /* menu-button.png */ = {isa = PBXFileReference; lastKnownFileType = image.png; name = "menu-button.png"; path = "resources/menu-button.png"; sourceTree = "<group>"; };
		B70E7D0E19C0BBB600C2B042 /* menu-button@2x.png */ = {isa = PBXFileReference; lastKnownFileType = image.png; name = "menu-button@2x.png"; path = "resources/menu-button@2x.png"; sourceTree = "<group>"; };
		B70E7D0F19C0BBB600C2B042 /* projectblock_clean.png */ = {isa = PBXFileReference; lastKnownFileType = image.png; name = projectblock_clean.png; path = resources/projectblock_clean.png; sourceTree = "<group>"; };
		B70E7D1019C0BBB600C2B042 /* projectblock_dark.png */ = {isa = PBXFileReference; lastKnownFileType = image.png; name = projectblock_dark.png; path = resources/projectblock_dark.png; sourceTree = "<group>"; };
		B70E7D1119C0BBB600C2B042 /* queue_layout-landscape~ipad.xib */ = {isa = PBXFileReference; fileEncoding = 4; lastKnownFileType = file.xib; name = "queue_layout-landscape~ipad.xib"; path = "resources/queue_layout-landscape~ipad.xib"; sourceTree = "<group>"; };
		B70E7D1219C0BBB600C2B042 /* queue_layout-landscape~iphone.xib */ = {isa = PBXFileReference; fileEncoding = 4; lastKnownFileType = file.xib; name = "queue_layout-landscape~iphone.xib"; path = "resources/queue_layout-landscape~iphone.xib"; sourceTree = "<group>"; };
		B70E7D1319C0BBB600C2B042 /* queue_layout~ipad.xib */ = {isa = PBXFileReference; fileEncoding = 4; lastKnownFileType = file.xib; name = "queue_layout~ipad.xib"; path = "resources/queue_layout~ipad.xib"; sourceTree = "<group>"; };
		B70E7D1419C0BBB600C2B042 /* queue_layout~iphone.xib */ = {isa = PBXFileReference; fileEncoding = 4; lastKnownFileType = file.xib; name = "queue_layout~iphone.xib"; path = "resources/queue_layout~iphone.xib"; sourceTree = "<group>"; };
		B70E7D1519C0BBB600C2B042 /* QueueCell~ipad.xib */ = {isa = PBXFileReference; fileEncoding = 4; lastKnownFileType = file.xib; name = "QueueCell~ipad.xib"; path = "resources/QueueCell~ipad.xib"; sourceTree = "<group>"; };
		B70E7D1619C0BBB600C2B042 /* QueueCell~iphone.xib */ = {isa = PBXFileReference; fileEncoding = 4; lastKnownFileType = file.xib; name = "QueueCell~iphone.xib"; path = "resources/QueueCell~iphone.xib"; sourceTree = "<group>"; };
		B70E7D1719C0BBB600C2B042 /* waffle_check.png */ = {isa = PBXFileReference; lastKnownFileType = image.png; name = waffle_check.png; path = resources/waffle_check.png; sourceTree = "<group>"; };
		B70E7D1819C0BBB600C2B042 /* waffle_warn.png */ = {isa = PBXFileReference; lastKnownFileType = image.png; name = waffle_warn.png; path = resources/waffle_warn.png; sourceTree = "<group>"; };
		B70E7D1919C0BBB600C2B042 /* waffle_x.png */ = {isa = PBXFileReference; lastKnownFileType = image.png; name = waffle_x.png; path = resources/waffle_x.png; sourceTree = "<group>"; };
		B70E7D1C19C0BBE100C2B042 /* DataSetModel.mom */ = {isa = PBXFileReference; lastKnownFileType = file.bplist; path = DataSetModel.mom; sourceTree = "<group>"; };
		B70E7D1D19C0BBE100C2B042 /* DataSetModel.omo */ = {isa = PBXFileReference; lastKnownFileType = file; path = DataSetModel.omo; sourceTree = "<group>"; };
		B70E7D1E19C0BBE100C2B042 /* VersionInfo.plist */ = {isa = PBXFileReference; lastKnownFileType = file.bplist; path = VersionInfo.plist; sourceTree = "<group>"; };
		B70E7D2119C0BBE100C2B042 /* en */ = {isa = PBXFileReference; lastKnownFileType = text.plist.strings; name = en; path = InfoPlist.strings; sourceTree = "<group>"; };
		B70E7D2219C0BBE100C2B042 /* iSENSE_API_Bundle-Info.plist */ = {isa = PBXFileReference; fileEncoding = 4; lastKnownFileType = text.plist.xml; name = "iSENSE_API_Bundle-Info.plist"; path = "iSENSE_API_Bundle/iSENSE_API_Bundle-Info.plist"; sourceTree = "<group>"; };
		B70E7D4819C0C0CD00C2B042 /* QDataSetModel.xcdatamodel */ = {isa = PBXFileReference; lastKnownFileType = wrapper.xcdatamodel; path = QDataSetModel.xcdatamodel; sourceTree = "<group>"; };
		B71B9A6919C31BBF00221D1B /* iSENSE_API_Bundle.bundle */ = {isa = PBXFileReference; lastKnownFileType = "wrapper.plug-in"; name = iSENSE_API_Bundle.bundle; path = iSENSE_API_Bundle/iSENSE_API_Bundle.bundle; sourceTree = "<group>"; };
		B7309AF519C31D3500FB23D4 /* Info.plist */ = {isa = PBXFileReference; lastKnownFileType = file.bplist; name = Info.plist; path = iSENSE_API_Bundle/Info.plist; sourceTree = "<group>"; };
		B7EBFDC117A0186A006B90A8 /* SystemConfiguration.framework */ = {isa = PBXFileReference; lastKnownFileType = wrapper.framework; name = SystemConfiguration.framework; path = System/Library/Frameworks/SystemConfiguration.framework; sourceTree = SDKROOT; };
/* End PBXFileReference section */

/* Begin PBXFrameworksBuildPhase section */
		39216FDA176F5C790070DFCC /* Frameworks */ = {
			isa = PBXFrameworksBuildPhase;
			buildActionMask = 2147483647;
			files = (
				39216FDF176F5C790070DFCC /* CoreFoundation.framework in Frameworks */,
				76EA36A4187F31B1002B95C2 /* libiSENSE_API.a in Frameworks */,
			);
			runOnlyForDeploymentPostprocessing = 0;
		};
		39FF25DD16DFA28A0062C3DC /* Frameworks */ = {
			isa = PBXFrameworksBuildPhase;
			buildActionMask = 2147483647;
			files = (
				76444EDF180F069300C41E3D /* MobileCoreServices.framework in Frameworks */,
				B7EBFDC217A0186A006B90A8 /* SystemConfiguration.framework in Frameworks */,
				39AD183A17553765002969FA /* CoreData.framework in Frameworks */,
				765992C518D37FF00062CC09 /* Security.framework in Frameworks */,
				39FF25E416DFA28A0062C3DC /* Foundation.framework in Frameworks */,
			);
			runOnlyForDeploymentPostprocessing = 0;
		};
/* End PBXFrameworksBuildPhase section */

/* Begin PBXGroup section */
		39FF25D516DFA28A0062C3DC = {
			isa = PBXGroup;
			children = (
				B70E7C1219C0BB6100C2B042 /* Headers */,
				B70E7C1119C0BB5900C2B042 /* Source */,
				B70E7C1319C0BB6400C2B042 /* Resources */,
				B70E7D1A19C0BBC900C2B042 /* iSENSE_API_Bundle */,
				39FF25E216DFA28A0062C3DC /* Frameworks */,
				39FF25E116DFA28A0062C3DC /* Products */,
			);
			sourceTree = "<group>";
		};
		39FF25E116DFA28A0062C3DC /* Products */ = {
			isa = PBXGroup;
			children = (
				39FF25E016DFA28A0062C3DC /* libiSENSE_API.a */,
				39216FDD176F5C790070DFCC /* iSENSE_API_Bundle.bundle */,
			);
			name = Products;
			sourceTree = "<group>";
		};
		39FF25E216DFA28A0062C3DC /* Frameworks */ = {
			isa = PBXGroup;
			children = (
				765992C418D37FF00062CC09 /* Security.framework */,
				76444EDE180F069300C41E3D /* MobileCoreServices.framework */,
				B7EBFDC117A0186A006B90A8 /* SystemConfiguration.framework */,
				39AD183917553765002969FA /* CoreData.framework */,
				39FF25E316DFA28A0062C3DC /* Foundation.framework */,
				39216FDE176F5C790070DFCC /* CoreFoundation.framework */,
			);
			name = Frameworks;
			sourceTree = "<group>";
		};
		B70E7C1119C0BB5900C2B042 /* Source */ = {
			isa = PBXGroup;
			children = (
				B70E7D4319C0BF2200C2B042 /* API */,
				B70E7D4219C0BF1D00C2B042 /* Credentials */,
				B70E7D4119C0BF1900C2B042 /* DFM */,
				B70E7D4019C0BF1200C2B042 /* DLAVAlertView */,
				B70E7D3F19C0BF0C00C2B042 /* Fields */,
				B70E7D3C19C0BEF800C2B042 /* ProjectBrowse */,
				B70E7D3B19C0BEEE00C2B042 /* Queue */,
				B70E7D3919C0BEC900C2B042 /* Sensors */,
				B70E7D4619C0C03E00C2B042 /* StringGrabber */,
				B70E7D3719C0BEBE00C2B042 /* Waffle */,
			);
			name = Source;
			sourceTree = "<group>";
		};
		B70E7C1219C0BB6100C2B042 /* Headers */ = {
			isa = PBXGroup;
			children = (
				B70E7C3119C0BB8300C2B042 /* iSENSE_API-Prefix.pch */,
				B70E7D2819C0BC7000C2B042 /* API */,
				B70E7D2919C0BC9100C2B042 /* Credentials */,
				B70E7D2B19C0BCA300C2B042 /* DFM */,
				B70E7D2C19C0BCC700C2B042 /* DLAVAlertView */,
				B70E7D2E19C0BCE900C2B042 /* Fields */,
				B70E7D3019C0BD9F00C2B042 /* Global */,
				B70E7D2F19C0BD8100C2B042 /* ProjectBrowse */,
				B70E7D2A19C0BC9700C2B042 /* Queue */,
				B70E7D3219C0BDF600C2B042 /* Sensors */,
				B70E7D4519C0C02600C2B042 /* StringGrabber */,
				B70E7D3419C0BE3A00C2B042 /* Waffle */,
			);
			name = Headers;
			sourceTree = "<group>";
		};
		B70E7C1319C0BB6400C2B042 /* Resources */ = {
			isa = PBXGroup;
			children = (
				B70E7D2619C0BC3D00C2B042 /* Strings */,
				B70E7D2519C0BC2C00C2B042 /* Images */,
				B70E7D2419C0BC2600C2B042 /* Layout */,
			);
			name = Resources;
			sourceTree = "<group>";
		};
		B70E7D1A19C0BBC900C2B042 /* iSENSE_API_Bundle */ = {
			isa = PBXGroup;
			children = (
				B71B9A6919C31BBF00221D1B /* iSENSE_API_Bundle.bundle */,
				B70E7D2219C0BBE100C2B042 /* iSENSE_API_Bundle-Info.plist */,
				B7309AF519C31D3500FB23D4 /* Info.plist */,
				B70E7D1B19C0BBE100C2B042 /* DataSetModel.momd */,
				B70E7D1F19C0BBE100C2B042 /* en.lproj */,
			);
			name = iSENSE_API_Bundle;
			sourceTree = "<group>";
		};
		B70E7D1B19C0BBE100C2B042 /* DataSetModel.momd */ = {
			isa = PBXGroup;
			children = (
				B70E7D1C19C0BBE100C2B042 /* DataSetModel.mom */,
				B70E7D1D19C0BBE100C2B042 /* DataSetModel.omo */,
				B70E7D1E19C0BBE100C2B042 /* VersionInfo.plist */,
			);
			name = DataSetModel.momd;
			path = iSENSE_API_Bundle/DataSetModel.momd;
			sourceTree = "<group>";
		};
		B70E7D1F19C0BBE100C2B042 /* en.lproj */ = {
			isa = PBXGroup;
			children = (
				B70E7D2019C0BBE100C2B042 /* InfoPlist.strings */,
			);
			name = en.lproj;
			path = iSENSE_API_Bundle/en.lproj;
			sourceTree = "<group>";
		};
		B70E7D2419C0BC2600C2B042 /* Layout */ = {
			isa = PBXGroup;
			children = (
				B70E7D0B19C0BBB600C2B042 /* FieldMatching~iphone.xib */,
				B70E7D1119C0BBB600C2B042 /* queue_layout-landscape~ipad.xib */,
				B70E7D1219C0BBB600C2B042 /* queue_layout-landscape~iphone.xib */,
				B70E7D1319C0BBB600C2B042 /* queue_layout~ipad.xib */,
				B70E7D1419C0BBB600C2B042 /* queue_layout~iphone.xib */,
				B70E7D1519C0BBB600C2B042 /* QueueCell~ipad.xib */,
				B70E7D1619C0BBB600C2B042 /* QueueCell~iphone.xib */,
			);
			name = Layout;
			sourceTree = "<group>";
		};
		B70E7D2519C0BC2C00C2B042 /* Images */ = {
			isa = PBXGroup;
			children = (
				B70E7D0D19C0BBB600C2B042 /* menu-button.png */,
				B70E7D0E19C0BBB600C2B042 /* menu-button@2x.png */,
				B70E7D0F19C0BBB600C2B042 /* projectblock_clean.png */,
				B70E7D1019C0BBB600C2B042 /* projectblock_dark.png */,
				B70E7D1719C0BBB600C2B042 /* waffle_check.png */,
				B70E7D1819C0BBB600C2B042 /* waffle_warn.png */,
				B70E7D1919C0BBB600C2B042 /* waffle_x.png */,
			);
			name = Images;
			sourceTree = "<group>";
		};
		B70E7D2619C0BC3D00C2B042 /* Strings */ = {
			isa = PBXGroup;
			children = (
				B70E7D0C19C0BBB600C2B042 /* Fields.strings */,
			);
			name = Strings;
			sourceTree = "<group>";
		};
		B70E7D2819C0BC7000C2B042 /* API */ = {
			isa = PBXGroup;
			children = (
				B70E7C1E19C0BB8300C2B042 /* API.h */,
				B70E7C4219C0BB8300C2B042 /* Reachability.h */,
				B70E7C4119C0BB8300C2B042 /* RDataSet.h */,
				B70E7C4319C0BB8300C2B042 /* RNews.h */,
				B70E7C4519C0BB8300C2B042 /* RPerson.h */,
				B70E7C4619C0BB8300C2B042 /* RProject.h */,
				B70E7C4719C0BB8300C2B042 /* RProjectField.h */,
				B70E7C4819C0BB8300C2B042 /* RTutorial.h */,
			);
			name = API;
			sourceTree = "<group>";
		};
		B70E7D2919C0BC9100C2B042 /* Credentials */ = {
			isa = PBXGroup;
			children = (
				B70E7C1F19C0BB8300C2B042 /* CredentialManager.h */,
			);
			name = Credentials;
			sourceTree = "<group>";
		};
		B70E7D2A19C0BC9700C2B042 /* Queue */ = {
			isa = PBXGroup;
			children = (
				B70E7C2119C0BB8300C2B042 /* DataSaver.h */,
				B70E7C3919C0BB8300C2B042 /* QDataSet.h */,
				B70E7C3C19C0BB8300C2B042 /* Queue.h */,
				B70E7C3D19C0BB8300C2B042 /* QueueCell.h */,
				B70E7C3E19C0BB8300C2B042 /* QueueConstants.h */,
				B70E7C3F19C0BB8300C2B042 /* QueueUploaderView.h */,
			);
			name = Queue;
			sourceTree = "<group>";
		};
		B70E7D2B19C0BCA300C2B042 /* DFM */ = {
			isa = PBXGroup;
			children = (
				B70E7C2019C0BB8300C2B042 /* DataFieldManager.h */,
			);
			name = DFM;
			sourceTree = "<group>";
		};
		B70E7D2C19C0BCC700C2B042 /* DLAVAlertView */ = {
			isa = PBXGroup;
			children = (
				B70E7C2219C0BB8300C2B042 /* DLAVAlertView.h */,
				B70E7C2319C0BB8300C2B042 /* DLAVAlertViewButtonTheme.h */,
				B70E7C2419C0BB8300C2B042 /* DLAVAlertViewController.h */,
				B70E7C2519C0BB8300C2B042 /* DLAVAlertViewTextControlTheme.h */,
				B70E7C2619C0BB8300C2B042 /* DLAVAlertViewTextFieldTheme.h */,
				B70E7C2719C0BB8300C2B042 /* DLAVAlertViewTheme.h */,
			);
			name = DLAVAlertView;
			sourceTree = "<group>";
		};
		B70E7D2E19C0BCE900C2B042 /* Fields */ = {
			isa = PBXGroup;
			children = (
				B70E7C2A19C0BB8300C2B042 /* FieldEntry.h */,
				B70E7C2B19C0BB8300C2B042 /* FieldGrabber.h */,
				B70E7C2C19C0BB8300C2B042 /* FieldMatchCell.h */,
				B70E7C2D19C0BB8300C2B042 /* FieldMatchingViewController.h */,
				B70E7C2E19C0BB8300C2B042 /* Fields.h */,
			);
			name = Fields;
			sourceTree = "<group>";
		};
		B70E7D2F19C0BD8100C2B042 /* ProjectBrowse */ = {
			isa = PBXGroup;
			children = (
				B70E7C3319C0BB8300C2B042 /* ISenseSearch.h */,
				B70E7C3819C0BB8300C2B042 /* ProjectCell.h */,
				B70E7C3719C0BB8300C2B042 /* ProjectBrowserViewController.h */,
			);
			name = ProjectBrowse;
			sourceTree = "<group>";
		};
		B70E7D3019C0BD9F00C2B042 /* Global */ = {
			isa = PBXGroup;
			children = (
				B70E7C3419C0BB8300C2B042 /* ISKeys.h */,
			);
			name = Global;
			sourceTree = "<group>";
		};
		B70E7D3219C0BDF600C2B042 /* Sensors */ = {
			isa = PBXGroup;
			children = (
				B70E7C4919C0BB8300C2B042 /* SensorCompatibility.h */,
				B70E7C4A19C0BB8300C2B042 /* SensorEnums.h */,
			);
			name = Sensors;
			sourceTree = "<group>";
		};
		B70E7D3419C0BE3A00C2B042 /* Waffle */ = {
			isa = PBXGroup;
			children = (
				B70E7C5519C0BB8300C2B042 /* Waffle.h */,
				B70E7C5619C0BB8300C2B042 /* WaffleConstants.h */,
			);
			name = Waffle;
			sourceTree = "<group>";
		};
		B70E7D3719C0BEBE00C2B042 /* Waffle */ = {
			isa = PBXGroup;
			children = (
				B70E7CD119C0BBA700C2B042 /* Waffle.m */,
			);
			name = Waffle;
			sourceTree = "<group>";
		};
		B70E7D3919C0BEC900C2B042 /* Sensors */ = {
			isa = PBXGroup;
			children = (
				B70E7CC719C0BBA700C2B042 /* SensorCompatibility.m */,
			);
			name = Sensors;
			sourceTree = "<group>";
		};
		B70E7D3B19C0BEEE00C2B042 /* Queue */ = {
			isa = PBXGroup;
			children = (
				B70E7D4719C0C0CD00C2B042 /* QDataSetModel.xcdatamodeld */,
				B70E7CBA19C0BBA700C2B042 /* QDataSet.m */,
				B70E7CBB19C0BBA700C2B042 /* Queue.m */,
				B70E7CBC19C0BBA700C2B042 /* QueueCell.m */,
				B70E7CBD19C0BBA700C2B042 /* QueueUploaderView.m */,
				B70E7CA519C0BBA700C2B042 /* DataSaver.m */,
			);
			name = Queue;
			sourceTree = "<group>";
		};
		B70E7D3C19C0BEF800C2B042 /* ProjectBrowse */ = {
			isa = PBXGroup;
			children = (
				B70E7CB919C0BBA700C2B042 /* ProjectCell.m */,
				B70E7CB519C0BBA700C2B042 /* ISenseSearch.m */,
				B70E7CB819C0BBA700C2B042 /* ProjectBrowserViewController.m */,
			);
			name = ProjectBrowse;
			sourceTree = "<group>";
		};
		B70E7D3F19C0BF0C00C2B042 /* Fields */ = {
			isa = PBXGroup;
			children = (
				B70E7CAE19C0BBA700C2B042 /* FieldEntry.m */,
				B70E7CAF19C0BBA700C2B042 /* FieldGrabber.m */,
				B70E7CB019C0BBA700C2B042 /* FieldMatchCell.m */,
				B70E7CB119C0BBA700C2B042 /* FieldMatchingViewController.m */,
				B70E7CB219C0BBA700C2B042 /* Fields.m */,
			);
			name = Fields;
			sourceTree = "<group>";
		};
		B70E7D4019C0BF1200C2B042 /* DLAVAlertView */ = {
			isa = PBXGroup;
			children = (
				B70E7CA619C0BBA700C2B042 /* DLAVAlertView.m */,
				B70E7CA719C0BBA700C2B042 /* DLAVAlertViewButtonTheme.m */,
				B70E7CA819C0BBA700C2B042 /* DLAVAlertViewController.m */,
				B70E7CA919C0BBA700C2B042 /* DLAVAlertViewTextControlTheme.m */,
				B70E7CAA19C0BBA700C2B042 /* DLAVAlertViewTextFieldTheme.m */,
				B70E7CAB19C0BBA700C2B042 /* DLAVAlertViewTheme.m */,
			);
			name = DLAVAlertView;
			sourceTree = "<group>";
		};
		B70E7D4119C0BF1900C2B042 /* DFM */ = {
			isa = PBXGroup;
			children = (
				B70E7CA419C0BBA700C2B042 /* DataFieldManager.m */,
			);
			name = DFM;
			sourceTree = "<group>";
		};
		B70E7D4219C0BF1D00C2B042 /* Credentials */ = {
			isa = PBXGroup;
			children = (
				B70E7CA319C0BBA700C2B042 /* CredentialManager.m */,
			);
			name = Credentials;
			sourceTree = "<group>";
		};
		B70E7D4319C0BF2200C2B042 /* API */ = {
			isa = PBXGroup;
			children = (
				B70E7CA219C0BBA700C2B042 /* API.m */,
				B70E7CC019C0BBA700C2B042 /* Reachability.m */,
				B70E7CBF19C0BBA700C2B042 /* RDataSet.m */,
				B70E7CC119C0BBA700C2B042 /* RNews.m */,
				B70E7CC319C0BBA700C2B042 /* RPerson.m */,
				B70E7CC419C0BBA700C2B042 /* RProject.m */,
				B70E7CC519C0BBA700C2B042 /* RProjectField.m */,
				B70E7CC619C0BBA700C2B042 /* RTutorial.m */,
			);
			name = API;
			sourceTree = "<group>";
		};
		B70E7D4519C0C02600C2B042 /* StringGrabber */ = {
			isa = PBXGroup;
			children = (
				B70E7C5419C0BB8300C2B042 /* StringGrabber.h */,
			);
			name = StringGrabber;
			sourceTree = "<group>";
		};
		B70E7D4619C0C03E00C2B042 /* StringGrabber */ = {
			isa = PBXGroup;
			children = (
				B70E7CD019C0BBA700C2B042 /* StringGrabber.m */,
			);
			name = StringGrabber;
			sourceTree = "<group>";
		};
/* End PBXGroup section */

/* Begin PBXHeadersBuildPhase section */
		39A1CC2616DFB47000B1979F /* Headers */ = {
			isa = PBXHeadersBuildPhase;
			buildActionMask = 2147483647;
			files = (
				B70E7C8C19C0BB8300C2B042 /* SensorEnums.h in Headers */,
				B70E7C6119C0BB8300C2B042 /* API.h in Headers */,
				B70E7C7619C0BB8300C2B042 /* ISenseSearch.h in Headers */,
				B70E7C8319C0BB8300C2B042 /* RDataSet.h in Headers */,
				B70E7C6319C0BB8300C2B042 /* DataFieldManager.h in Headers */,
				B70E7C8719C0BB8300C2B042 /* RPerson.h in Headers */,
				B70E7C7719C0BB8300C2B042 /* ISKeys.h in Headers */,
				B70E7C8819C0BB8300C2B042 /* RProject.h in Headers */,
				B70E7C8419C0BB8300C2B042 /* Reachability.h in Headers */,
				B70E7C9619C0BB8300C2B042 /* StringGrabber.h in Headers */,
				B70E7C6519C0BB8300C2B042 /* DLAVAlertView.h in Headers */,
				B70E7C6D19C0BB8300C2B042 /* FieldEntry.h in Headers */,
				B70E7C7E19C0BB8300C2B042 /* Queue.h in Headers */,
				B70E7C6619C0BB8300C2B042 /* DLAVAlertViewButtonTheme.h in Headers */,
				B70E7C6919C0BB8300C2B042 /* DLAVAlertViewTextFieldTheme.h in Headers */,
				B70E7C8A19C0BB8300C2B042 /* RTutorial.h in Headers */,
				B70E7C8519C0BB8300C2B042 /* RNews.h in Headers */,
				B70E7C7C19C0BB8300C2B042 /* QDataSet.h in Headers */,
				B70E7C8919C0BB8300C2B042 /* RProjectField.h in Headers */,
				B70E7C8119C0BB8300C2B042 /* QueueUploaderView.h in Headers */,
				B70E7C7419C0BB8300C2B042 /* iSENSE_API-Prefix.pch in Headers */,
				B70E7C7B19C0BB8300C2B042 /* ProjectCell.h in Headers */,
				B70E7C7F19C0BB8300C2B042 /* QueueCell.h in Headers */,
				B70E7C6F19C0BB8300C2B042 /* FieldMatchCell.h in Headers */,
				B70E7C6E19C0BB8300C2B042 /* FieldGrabber.h in Headers */,
				B70E7C8019C0BB8300C2B042 /* QueueConstants.h in Headers */,
				B70E7C6A19C0BB8300C2B042 /* DLAVAlertViewTheme.h in Headers */,
				B70E7C6719C0BB8300C2B042 /* DLAVAlertViewController.h in Headers */,
				B70E7C8B19C0BB8300C2B042 /* SensorCompatibility.h in Headers */,
				B70E7C9819C0BB8300C2B042 /* WaffleConstants.h in Headers */,
				B70E7C9719C0BB8300C2B042 /* Waffle.h in Headers */,
				B70E7C6419C0BB8300C2B042 /* DataSaver.h in Headers */,
				B70E7C6819C0BB8300C2B042 /* DLAVAlertViewTextControlTheme.h in Headers */,
				B70E7C7A19C0BB8300C2B042 /* ProjectBrowserViewController.h in Headers */,
				B70E7C7119C0BB8300C2B042 /* Fields.h in Headers */,
				B70E7C6219C0BB8300C2B042 /* CredentialManager.h in Headers */,
				B70E7C7019C0BB8300C2B042 /* FieldMatchingViewController.h in Headers */,
			);
			runOnlyForDeploymentPostprocessing = 0;
		};
/* End PBXHeadersBuildPhase section */

/* Begin PBXNativeTarget section */
		39216FDC176F5C790070DFCC /* iSENSE_API_Bundle */ = {
			isa = PBXNativeTarget;
			buildConfigurationList = 39216FE7176F5C790070DFCC /* Build configuration list for PBXNativeTarget "iSENSE_API_Bundle" */;
			buildPhases = (
				39216FD9176F5C790070DFCC /* Sources */,
				39216FDA176F5C790070DFCC /* Frameworks */,
				39216FDB176F5C790070DFCC /* Resources */,
			);
			buildRules = (
			);
			dependencies = (
			);
			name = iSENSE_API_Bundle;
			productName = iSENSE_API_Bundle;
			productReference = 39216FDD176F5C790070DFCC /* iSENSE_API_Bundle.bundle */;
			productType = "com.apple.product-type.bundle";
		};
		39FF25DF16DFA28A0062C3DC /* iSENSE_API */ = {
			isa = PBXNativeTarget;
			buildConfigurationList = 39FF25EE16DFA28A0062C3DC /* Build configuration list for PBXNativeTarget "iSENSE_API" */;
			buildPhases = (
				39FF25DC16DFA28A0062C3DC /* Sources */,
				39FF25DD16DFA28A0062C3DC /* Frameworks */,
				39FF25DE16DFA28A0062C3DC /* Copy Files */,
				39A1CC2616DFB47000B1979F /* Headers */,
			);
			buildRules = (
			);
			dependencies = (
				B71B9A6B19C31C1000221D1B /* PBXTargetDependency */,
			);
			name = iSENSE_API;
			productName = iSENSE_API;
			productReference = 39FF25E016DFA28A0062C3DC /* libiSENSE_API.a */;
			productType = "com.apple.product-type.library.static";
		};
/* End PBXNativeTarget section */

/* Begin PBXProject section */
		39FF25D716DFA28A0062C3DC /* Project object */ = {
			isa = PBXProject;
			attributes = {
				LastUpgradeCheck = 0500;
				ORGANIZATIONNAME = "Jeremy Poulin";
			};
			buildConfigurationList = 39FF25DA16DFA28A0062C3DC /* Build configuration list for PBXProject "iSENSE_API" */;
			compatibilityVersion = "Xcode 3.2";
			developmentRegion = English;
			hasScannedForEncodings = 0;
			knownRegions = (
				en,
			);
			mainGroup = 39FF25D516DFA28A0062C3DC;
			productRefGroup = 39FF25E116DFA28A0062C3DC /* Products */;
			projectDirPath = "";
			projectRoot = "";
			targets = (
				39FF25DF16DFA28A0062C3DC /* iSENSE_API */,
				39216FDC176F5C790070DFCC /* iSENSE_API_Bundle */,
			);
		};
/* End PBXProject section */

/* Begin PBXResourcesBuildPhase section */
		39216FDB176F5C790070DFCC /* Resources */ = {
			isa = PBXResourcesBuildPhase;
			buildActionMask = 2147483647;
			files = (
			);
			runOnlyForDeploymentPostprocessing = 0;
		};
/* End PBXResourcesBuildPhase section */

/* Begin PBXSourcesBuildPhase section */
		39216FD9176F5C790070DFCC /* Sources */ = {
			isa = PBXSourcesBuildPhase;
			buildActionMask = 2147483647;
			files = (
			);
			runOnlyForDeploymentPostprocessing = 0;
		};
		39FF25DC16DFA28A0062C3DC /* Sources */ = {
			isa = PBXSourcesBuildPhase;
			buildActionMask = 2147483647;
			files = (
				B70E7CE719C0BBA700C2B042 /* FieldEntry.m in Sources */,
				B70E7CFF19C0BBA700C2B042 /* RTutorial.m in Sources */,
				B70E7CF519C0BBA700C2B042 /* QueueCell.m in Sources */,
				B70E7CFA19C0BBA700C2B042 /* RNews.m in Sources */,
				B70E7CF419C0BBA700C2B042 /* Queue.m in Sources */,
				B70E7CE819C0BBA700C2B042 /* FieldGrabber.m in Sources */,
				B70E7CDB19C0BBA700C2B042 /* API.m in Sources */,
				B70E7CFC19C0BBA700C2B042 /* RPerson.m in Sources */,
				B70E7CF219C0BBA700C2B042 /* ProjectCell.m in Sources */,
				B70E7D0A19C0BBA700C2B042 /* Waffle.m in Sources */,
				B70E7CEA19C0BBA700C2B042 /* FieldMatchingViewController.m in Sources */,
				B70E7CF819C0BBA700C2B042 /* RDataSet.m in Sources */,
				B70E7CDE19C0BBA700C2B042 /* DataSaver.m in Sources */,
				B70E7CDD19C0BBA700C2B042 /* DataFieldManager.m in Sources */,
				B70E7CEB19C0BBA700C2B042 /* Fields.m in Sources */,
				B70E7D0019C0BBA700C2B042 /* SensorCompatibility.m in Sources */,
				B70E7CFE19C0BBA700C2B042 /* RProjectField.m in Sources */,
				B70E7CE119C0BBA700C2B042 /* DLAVAlertViewController.m in Sources */,
				B70E7CE219C0BBA700C2B042 /* DLAVAlertViewTextControlTheme.m in Sources */,
				B70E7CDF19C0BBA700C2B042 /* DLAVAlertView.m in Sources */,
				B70E7CFD19C0BBA700C2B042 /* RProject.m in Sources */,
				B70E7CF119C0BBA700C2B042 /* ProjectBrowserViewController.m in Sources */,
				B70E7CDC19C0BBA700C2B042 /* CredentialManager.m in Sources */,
				B70E7CE319C0BBA700C2B042 /* DLAVAlertViewTextFieldTheme.m in Sources */,
				B70E7CF619C0BBA700C2B042 /* QueueUploaderView.m in Sources */,
				B70E7D4919C0C0CD00C2B042 /* QDataSetModel.xcdatamodeld in Sources */,
				B70E7CEE19C0BBA700C2B042 /* ISenseSearch.m in Sources */,
				B70E7CE419C0BBA700C2B042 /* DLAVAlertViewTheme.m in Sources */,
				B70E7CF319C0BBA700C2B042 /* QDataSet.m in Sources */,
				B70E7CE019C0BBA700C2B042 /* DLAVAlertViewButtonTheme.m in Sources */,
				B70E7CE919C0BBA700C2B042 /* FieldMatchCell.m in Sources */,
				B70E7CF919C0BBA700C2B042 /* Reachability.m in Sources */,
				B70E7D0919C0BBA700C2B042 /* StringGrabber.m in Sources */,
			);
			runOnlyForDeploymentPostprocessing = 0;
		};
/* End PBXSourcesBuildPhase section */

/* Begin PBXTargetDependency section */
		B71B9A6B19C31C1000221D1B /* PBXTargetDependency */ = {
			isa = PBXTargetDependency;
			target = 39216FDC176F5C790070DFCC /* iSENSE_API_Bundle */;
			targetProxy = B71B9A6A19C31C1000221D1B /* PBXContainerItemProxy */;
		};
/* End PBXTargetDependency section */

/* Begin PBXVariantGroup section */
		B70E7D2019C0BBE100C2B042 /* InfoPlist.strings */ = {
			isa = PBXVariantGroup;
			children = (
				B70E7D2119C0BBE100C2B042 /* en */,
			);
			name = InfoPlist.strings;
			sourceTree = "<group>";
		};
/* End PBXVariantGroup section */

/* Begin XCBuildConfiguration section */
		39216FE8176F5C790070DFCC /* Debug */ = {
			isa = XCBuildConfiguration;
			buildSettings = {
				CLANG_WARN_CONSTANT_CONVERSION = YES;
				CLANG_WARN_ENUM_CONVERSION = YES;
				CLANG_WARN_INT_CONVERSION = YES;
				COMBINE_HIDPI_IMAGES = YES;
				GCC_ENABLE_OBJC_EXCEPTIONS = YES;
				GCC_PRECOMPILE_PREFIX_HEADER = YES;
				GCC_PREFIX_HEADER = "iSENSE_API_Bundle/iSENSE_API_Bundle-Prefix.pch";
				GCC_WARN_64_TO_32_BIT_CONVERSION = YES;
				INFOPLIST_FILE = "iSENSE_API_Bundle/iSENSE_API_Bundle-Info.plist";
				INSTALL_PATH = "$(LOCAL_LIBRARY_DIR)/Bundles";
				MACOSX_DEPLOYMENT_TARGET = 10.7;
				PRODUCT_NAME = "$(TARGET_NAME)";
				SDKROOT = iphoneos;
				WRAPPER_EXTENSION = bundle;
			};
			name = Debug;
		};
		39216FE9176F5C790070DFCC /* Release */ = {
			isa = XCBuildConfiguration;
			buildSettings = {
				CLANG_WARN_CONSTANT_CONVERSION = YES;
				CLANG_WARN_ENUM_CONVERSION = YES;
				CLANG_WARN_INT_CONVERSION = YES;
				COMBINE_HIDPI_IMAGES = YES;
				DEBUG_INFORMATION_FORMAT = "dwarf-with-dsym";
				GCC_ENABLE_OBJC_EXCEPTIONS = YES;
				GCC_PRECOMPILE_PREFIX_HEADER = YES;
				GCC_PREFIX_HEADER = "iSENSE_API_Bundle/iSENSE_API_Bundle-Prefix.pch";
				GCC_WARN_64_TO_32_BIT_CONVERSION = YES;
				INFOPLIST_FILE = "iSENSE_API_Bundle/iSENSE_API_Bundle-Info.plist";
				INSTALL_PATH = "$(LOCAL_LIBRARY_DIR)/Bundles";
				MACOSX_DEPLOYMENT_TARGET = 10.7;
				PRODUCT_NAME = "$(TARGET_NAME)";
				SDKROOT = iphoneos;
				WRAPPER_EXTENSION = bundle;
			};
			name = Release;
		};
		39FF25EC16DFA28A0062C3DC /* Debug */ = {
			isa = XCBuildConfiguration;
			buildSettings = {
				ALWAYS_SEARCH_USER_PATHS = NO;
				CLANG_CXX_LANGUAGE_STANDARD = "gnu++0x";
				CLANG_CXX_LIBRARY = "libc++";
				CLANG_ENABLE_OBJC_ARC = YES;
				CLANG_WARN_EMPTY_BODY = YES;
				CLANG_WARN__DUPLICATE_METHOD_MATCH = YES;
				COPY_PHASE_STRIP = NO;
				GCC_C_LANGUAGE_STANDARD = gnu99;
				GCC_DYNAMIC_NO_PIC = NO;
				GCC_OPTIMIZATION_LEVEL = 0;
				GCC_PREPROCESSOR_DEFINITIONS = (
					"DEBUG=1",
					"$(inherited)",
				);
				GCC_SYMBOLS_PRIVATE_EXTERN = NO;
				GCC_WARN_ABOUT_RETURN_TYPE = YES;
				GCC_WARN_UNINITIALIZED_AUTOS = YES;
				GCC_WARN_UNUSED_VARIABLE = YES;
				INSTALL_PATH = /Applications;
				IPHONEOS_DEPLOYMENT_TARGET = 4.3;
				ONLY_ACTIVE_ARCH = YES;
				SDKROOT = iphoneos;
				SKIP_INSTALL = NO;
			};
			name = Debug;
		};
		39FF25ED16DFA28A0062C3DC /* Release */ = {
			isa = XCBuildConfiguration;
			buildSettings = {
				ALWAYS_SEARCH_USER_PATHS = NO;
				CLANG_CXX_LANGUAGE_STANDARD = "gnu++0x";
				CLANG_CXX_LIBRARY = "libc++";
				CLANG_ENABLE_OBJC_ARC = YES;
				CLANG_WARN_EMPTY_BODY = YES;
				CLANG_WARN__DUPLICATE_METHOD_MATCH = YES;
				COPY_PHASE_STRIP = YES;
				GCC_C_LANGUAGE_STANDARD = gnu99;
				GCC_WARN_ABOUT_RETURN_TYPE = YES;
				GCC_WARN_UNINITIALIZED_AUTOS = YES;
				GCC_WARN_UNUSED_VARIABLE = YES;
				INSTALL_PATH = /Applications;
				IPHONEOS_DEPLOYMENT_TARGET = 4.3;
				ONLY_ACTIVE_ARCH = NO;
				SDKROOT = iphoneos;
				SKIP_INSTALL = NO;
				VALIDATE_PRODUCT = YES;
			};
			name = Release;
		};
		39FF25EF16DFA28A0062C3DC /* Debug */ = {
			isa = XCBuildConfiguration;
			buildSettings = {
				ALWAYS_SEARCH_USER_PATHS = YES;
				CLANG_ENABLE_OBJC_ARC = YES;
				DSTROOT = /tmp/iSENSE_API.dst;
				GCC_PRECOMPILE_PREFIX_HEADER = YES;
				GCC_PREFIX_HEADER = "headers/iSENSE_API-Prefix.pch";
				HEADER_SEARCH_PATHS = (
					"$(inherited)",
					/Applications/Xcode.app/Contents/Developer/Toolchains/XcodeDefault.xctoolchain/usr/include,
				);
				IPHONEOS_DEPLOYMENT_TARGET = 5.1;
				ONLY_ACTIVE_ARCH = NO;
				OTHER_LDFLAGS = "-ObjC";
				PRODUCT_NAME = "$(TARGET_NAME)";
				SKIP_INSTALL = NO;
			};
			name = Debug;
		};
		39FF25F016DFA28A0062C3DC /* Release */ = {
			isa = XCBuildConfiguration;
			buildSettings = {
				ALWAYS_SEARCH_USER_PATHS = YES;
				CLANG_ENABLE_OBJC_ARC = YES;
				DSTROOT = /tmp/iSENSE_API.dst;
				GCC_PRECOMPILE_PREFIX_HEADER = YES;
				GCC_PREFIX_HEADER = "headers/iSENSE_API-Prefix.pch";
				HEADER_SEARCH_PATHS = (
					"$(inherited)",
					/Applications/Xcode.app/Contents/Developer/Toolchains/XcodeDefault.xctoolchain/usr/include,
				);
				IPHONEOS_DEPLOYMENT_TARGET = 5.1;
				ONLY_ACTIVE_ARCH = NO;
				OTHER_LDFLAGS = "-ObjC";
				PRODUCT_NAME = "$(TARGET_NAME)";
				SKIP_INSTALL = NO;
			};
			name = Release;
		};
/* End XCBuildConfiguration section */

/* Begin XCConfigurationList section */
		39216FE7176F5C790070DFCC /* Build configuration list for PBXNativeTarget "iSENSE_API_Bundle" */ = {
			isa = XCConfigurationList;
			buildConfigurations = (
				39216FE8176F5C790070DFCC /* Debug */,
				39216FE9176F5C790070DFCC /* Release */,
			);
			defaultConfigurationIsVisible = 0;
			defaultConfigurationName = Release;
		};
		39FF25DA16DFA28A0062C3DC /* Build configuration list for PBXProject "iSENSE_API" */ = {
			isa = XCConfigurationList;
			buildConfigurations = (
				39FF25EC16DFA28A0062C3DC /* Debug */,
				39FF25ED16DFA28A0062C3DC /* Release */,
			);
			defaultConfigurationIsVisible = 0;
			defaultConfigurationName = Release;
		};
		39FF25EE16DFA28A0062C3DC /* Build configuration list for PBXNativeTarget "iSENSE_API" */ = {
			isa = XCConfigurationList;
			buildConfigurations = (
				39FF25EF16DFA28A0062C3DC /* Debug */,
				39FF25F016DFA28A0062C3DC /* Release */,
			);
			defaultConfigurationIsVisible = 0;
			defaultConfigurationName = Release;
		};
/* End XCConfigurationList section */

/* Begin XCVersionGroup section */
		B70E7D4719C0C0CD00C2B042 /* QDataSetModel.xcdatamodeld */ = {
			isa = XCVersionGroup;
			children = (
				B70E7D4819C0C0CD00C2B042 /* QDataSetModel.xcdatamodel */,
			);
			currentVersion = B70E7D4819C0C0CD00C2B042 /* QDataSetModel.xcdatamodel */;
			name = QDataSetModel.xcdatamodeld;
			path = source/QDataSetModel.xcdatamodeld;
			sourceTree = "<group>";
			versionGroupType = wrapper.xcdatamodel;
		};
/* End XCVersionGroup section */
	};
	rootObject = 39FF25D716DFA28A0062C3DC /* Project object */;
}
