// !$*UTF8*$!
{
	archiveVersion = 1;
	classes = {
	};
	objectVersion = 46;
	objects = {

/* Begin PBXBuildFile section */
		31739DD519DB3A7C00CF2DFB /* Foundation.framework in Frameworks */ = {isa = PBXBuildFile; fileRef = 31739DD419DB3A7C00CF2DFB /* Foundation.framework */; };
		31739DD719DB3A7C00CF2DFB /* CoreGraphics.framework in Frameworks */ = {isa = PBXBuildFile; fileRef = 31739DD619DB3A7C00CF2DFB /* CoreGraphics.framework */; };
		31739DD919DB3A7C00CF2DFB /* UIKit.framework in Frameworks */ = {isa = PBXBuildFile; fileRef = 31739DD819DB3A7C00CF2DFB /* UIKit.framework */; };
		31739DDF19DB3A7C00CF2DFB /* InfoPlist.strings in Resources */ = {isa = PBXBuildFile; fileRef = 31739DDD19DB3A7C00CF2DFB /* InfoPlist.strings */; };
		31739DE119DB3A7C00CF2DFB /* main.m in Sources */ = {isa = PBXBuildFile; fileRef = 31739DE019DB3A7C00CF2DFB /* main.m */; };
		31739DE519DB3A7C00CF2DFB /* AppDelegate.m in Sources */ = {isa = PBXBuildFile; fileRef = 31739DE419DB3A7C00CF2DFB /* AppDelegate.m */; };
		31739DE819DB3A7C00CF2DFB /* Main.storyboard in Resources */ = {isa = PBXBuildFile; fileRef = 31739DE619DB3A7C00CF2DFB /* Main.storyboard */; };
		31739DEB19DB3A7C00CF2DFB /* ViewController.m in Sources */ = {isa = PBXBuildFile; fileRef = 31739DEA19DB3A7C00CF2DFB /* ViewController.m */; };
		31739DED19DB3A7C00CF2DFB /* Images.xcassets in Resources */ = {isa = PBXBuildFile; fileRef = 31739DEC19DB3A7C00CF2DFB /* Images.xcassets */; };
		31739DF419DB3A7C00CF2DFB /* XCTest.framework in Frameworks */ = {isa = PBXBuildFile; fileRef = 31739DF319DB3A7C00CF2DFB /* XCTest.framework */; };
		31739DF519DB3A7C00CF2DFB /* Foundation.framework in Frameworks */ = {isa = PBXBuildFile; fileRef = 31739DD419DB3A7C00CF2DFB /* Foundation.framework */; };
		31739DF619DB3A7C00CF2DFB /* UIKit.framework in Frameworks */ = {isa = PBXBuildFile; fileRef = 31739DD819DB3A7C00CF2DFB /* UIKit.framework */; };
		31739DFE19DB3A7C00CF2DFB /* InfoPlist.strings in Resources */ = {isa = PBXBuildFile; fileRef = 31739DFC19DB3A7C00CF2DFB /* InfoPlist.strings */; };
		31739E0019DB3A7C00CF2DFB /* DiceRollerTests.m in Sources */ = {isa = PBXBuildFile; fileRef = 31739DFF19DB3A7C00CF2DFB /* DiceRollerTests.m */; };
		31739E0B19DB3BC400CF2DFB /* DieView.m in Sources */ = {isa = PBXBuildFile; fileRef = 31739E0A19DB3BC400CF2DFB /* DieView.m */; };
		31739E1B19DB449500CF2DFB /* SystemConfiguration.framework in Frameworks */ = {isa = PBXBuildFile; fileRef = 31739E1A19DB449500CF2DFB /* SystemConfiguration.framework */; };
		31739E1D19DB44A000CF2DFB /* MobileCoreServices.framework in Frameworks */ = {isa = PBXBuildFile; fileRef = 31739E1C19DB44A000CF2DFB /* MobileCoreServices.framework */; };
		31739E1F19DB44B600CF2DFB /* CoreData.framework in Frameworks */ = {isa = PBXBuildFile; fileRef = 31739E1E19DB44B600CF2DFB /* CoreData.framework */; };
		31A8D9FC19E864200042CF02 /* iSENSE_API_Bundle.bundle in Resources */ = {isa = PBXBuildFile; fileRef = 31A8D9F919E863EE0042CF02 /* iSENSE_API_Bundle.bundle */; };
		31A8D9FD19E864540042CF02 /* libiSENSE_API.a in Frameworks */ = {isa = PBXBuildFile; fileRef = 31A8D9F719E863EE0042CF02 /* libiSENSE_API.a */; };
		31B62A671A645E5F00B988CD /* Launch Screen.xib in Resources */ = {isa = PBXBuildFile; fileRef = 31B62A661A645E5F00B988CD /* Launch Screen.xib */; };
		31CB51211A6EB56F0038B084 /* Tutorial.storyboard in Resources */ = {isa = PBXBuildFile; fileRef = 31CB51201A6EB56F0038B084 /* Tutorial.storyboard */; };
		31E5C9CA19DF11A200A5E448 /* DiceDataController.m in Sources */ = {isa = PBXBuildFile; fileRef = 31E5C9C919DF11A200A5E448 /* DiceDataController.m */; };
		31E8DA531A2A53410049502B /* ISDRProjectManager.m in Sources */ = {isa = PBXBuildFile; fileRef = 31E8DA511A2A53410049502B /* ISDRProjectManager.m */; };
/* End PBXBuildFile section */

/* Begin PBXContainerItemProxy section */
		31739DF719DB3A7C00CF2DFB /* PBXContainerItemProxy */ = {
			isa = PBXContainerItemProxy;
			containerPortal = 31739DC919DB3A7C00CF2DFB /* Project object */;
			proxyType = 1;
			remoteGlobalIDString = 31739DD019DB3A7C00CF2DFB;
			remoteInfo = DiceRoller;
		};
		31A8D9F619E863EE0042CF02 /* PBXContainerItemProxy */ = {
			isa = PBXContainerItemProxy;
			containerPortal = 31A8D9F119E863ED0042CF02 /* iSENSE_API.xcodeproj */;
			proxyType = 2;
			remoteGlobalIDString = 39FF25E016DFA28A0062C3DC;
			remoteInfo = iSENSE_API;
		};
		31A8D9F819E863EE0042CF02 /* PBXContainerItemProxy */ = {
			isa = PBXContainerItemProxy;
			containerPortal = 31A8D9F119E863ED0042CF02 /* iSENSE_API.xcodeproj */;
			proxyType = 2;
			remoteGlobalIDString = B71AD6A519C710AE006820A1;
			remoteInfo = iSENSE_API_Bundle;
		};
		31A8D9FA19E8640D0042CF02 /* PBXContainerItemProxy */ = {
			isa = PBXContainerItemProxy;
			containerPortal = 31A8D9F119E863ED0042CF02 /* iSENSE_API.xcodeproj */;
			proxyType = 1;
			remoteGlobalIDString = 39FF25DF16DFA28A0062C3DC;
			remoteInfo = iSENSE_API;
		};
/* End PBXContainerItemProxy section */

/* Begin PBXFileReference section */
		31739DD119DB3A7C00CF2DFB /* DiceRoller.app */ = {isa = PBXFileReference; explicitFileType = wrapper.application; includeInIndex = 0; path = DiceRoller.app; sourceTree = BUILT_PRODUCTS_DIR; };
		31739DD419DB3A7C00CF2DFB /* Foundation.framework */ = {isa = PBXFileReference; lastKnownFileType = wrapper.framework; name = Foundation.framework; path = System/Library/Frameworks/Foundation.framework; sourceTree = SDKROOT; };
		31739DD619DB3A7C00CF2DFB /* CoreGraphics.framework */ = {isa = PBXFileReference; lastKnownFileType = wrapper.framework; name = CoreGraphics.framework; path = System/Library/Frameworks/CoreGraphics.framework; sourceTree = SDKROOT; };
		31739DD819DB3A7C00CF2DFB /* UIKit.framework */ = {isa = PBXFileReference; lastKnownFileType = wrapper.framework; name = UIKit.framework; path = System/Library/Frameworks/UIKit.framework; sourceTree = SDKROOT; };
		31739DDC19DB3A7C00CF2DFB /* DiceRoller-Info.plist */ = {isa = PBXFileReference; lastKnownFileType = text.plist.xml; path = "DiceRoller-Info.plist"; sourceTree = "<group>"; };
		31739DDE19DB3A7C00CF2DFB /* en */ = {isa = PBXFileReference; lastKnownFileType = text.plist.strings; name = en; path = en.lproj/InfoPlist.strings; sourceTree = "<group>"; };
		31739DE019DB3A7C00CF2DFB /* main.m */ = {isa = PBXFileReference; lastKnownFileType = sourcecode.c.objc; path = main.m; sourceTree = "<group>"; };
		31739DE219DB3A7C00CF2DFB /* DiceRoller-Prefix.pch */ = {isa = PBXFileReference; lastKnownFileType = sourcecode.c.h; path = "DiceRoller-Prefix.pch"; sourceTree = "<group>"; };
		31739DE319DB3A7C00CF2DFB /* AppDelegate.h */ = {isa = PBXFileReference; lastKnownFileType = sourcecode.c.h; path = AppDelegate.h; sourceTree = "<group>"; };
		31739DE419DB3A7C00CF2DFB /* AppDelegate.m */ = {isa = PBXFileReference; lastKnownFileType = sourcecode.c.objc; path = AppDelegate.m; sourceTree = "<group>"; };
		31739DE719DB3A7C00CF2DFB /* Base */ = {isa = PBXFileReference; lastKnownFileType = file.storyboard; name = Base; path = Base.lproj/Main.storyboard; sourceTree = "<group>"; };
		31739DE919DB3A7C00CF2DFB /* ViewController.h */ = {isa = PBXFileReference; lastKnownFileType = sourcecode.c.h; path = ViewController.h; sourceTree = "<group>"; };
		31739DEA19DB3A7C00CF2DFB /* ViewController.m */ = {isa = PBXFileReference; lastKnownFileType = sourcecode.c.objc; path = ViewController.m; sourceTree = "<group>"; };
		31739DEC19DB3A7C00CF2DFB /* Images.xcassets */ = {isa = PBXFileReference; lastKnownFileType = folder.assetcatalog; path = Images.xcassets; sourceTree = "<group>"; };
		31739DF219DB3A7C00CF2DFB /* DiceRollerTests.xctest */ = {isa = PBXFileReference; explicitFileType = wrapper.cfbundle; includeInIndex = 0; path = DiceRollerTests.xctest; sourceTree = BUILT_PRODUCTS_DIR; };
		31739DF319DB3A7C00CF2DFB /* XCTest.framework */ = {isa = PBXFileReference; lastKnownFileType = wrapper.framework; name = XCTest.framework; path = Library/Frameworks/XCTest.framework; sourceTree = DEVELOPER_DIR; };
		31739DFB19DB3A7C00CF2DFB /* DiceRollerTests-Info.plist */ = {isa = PBXFileReference; lastKnownFileType = text.plist.xml; path = "DiceRollerTests-Info.plist"; sourceTree = "<group>"; };
		31739DFD19DB3A7C00CF2DFB /* en */ = {isa = PBXFileReference; lastKnownFileType = text.plist.strings; name = en; path = en.lproj/InfoPlist.strings; sourceTree = "<group>"; };
		31739DFF19DB3A7C00CF2DFB /* DiceRollerTests.m */ = {isa = PBXFileReference; lastKnownFileType = sourcecode.c.objc; path = DiceRollerTests.m; sourceTree = "<group>"; };
		31739E0919DB3BC400CF2DFB /* DieView.h */ = {isa = PBXFileReference; fileEncoding = 4; lastKnownFileType = sourcecode.c.h; path = DieView.h; sourceTree = "<group>"; };
		31739E0A19DB3BC400CF2DFB /* DieView.m */ = {isa = PBXFileReference; fileEncoding = 4; lastKnownFileType = sourcecode.c.objc; path = DieView.m; sourceTree = "<group>"; };
		31739E1A19DB449500CF2DFB /* SystemConfiguration.framework */ = {isa = PBXFileReference; lastKnownFileType = wrapper.framework; name = SystemConfiguration.framework; path = System/Library/Frameworks/SystemConfiguration.framework; sourceTree = SDKROOT; };
		31739E1C19DB44A000CF2DFB /* MobileCoreServices.framework */ = {isa = PBXFileReference; lastKnownFileType = wrapper.framework; name = MobileCoreServices.framework; path = System/Library/Frameworks/MobileCoreServices.framework; sourceTree = SDKROOT; };
		31739E1E19DB44B600CF2DFB /* CoreData.framework */ = {isa = PBXFileReference; lastKnownFileType = wrapper.framework; name = CoreData.framework; path = System/Library/Frameworks/CoreData.framework; sourceTree = SDKROOT; };
		3181CF541A2CD49B008F8C37 /* Constants.h */ = {isa = PBXFileReference; lastKnownFileType = sourcecode.c.h; path = Constants.h; sourceTree = "<group>"; };
		31A8D9F119E863ED0042CF02 /* iSENSE_API.xcodeproj */ = {isa = PBXFileReference; lastKnownFileType = "wrapper.pb-project"; name = iSENSE_API.xcodeproj; path = ../../Libs/iSENSE_API/iSENSE_API.xcodeproj; sourceTree = "<group>"; };
		31B62A661A645E5F00B988CD /* Launch Screen.xib */ = {isa = PBXFileReference; fileEncoding = 4; lastKnownFileType = file.xib; path = "Launch Screen.xib"; sourceTree = "<group>"; };
		31CB51201A6EB56F0038B084 /* Tutorial.storyboard */ = {isa = PBXFileReference; fileEncoding = 4; lastKnownFileType = file.storyboard; path = Tutorial.storyboard; sourceTree = "<group>"; };
		31E5C9C819DF11A200A5E448 /* DiceDataController.h */ = {isa = PBXFileReference; fileEncoding = 4; lastKnownFileType = sourcecode.c.h; path = DiceDataController.h; sourceTree = "<group>"; };
		31E5C9C919DF11A200A5E448 /* DiceDataController.m */ = {isa = PBXFileReference; fileEncoding = 4; lastKnownFileType = sourcecode.c.objc; path = DiceDataController.m; sourceTree = "<group>"; };
		31E8DA4E1A2A53050049502B /* ISDRProjectManager.h */ = {isa = PBXFileReference; fileEncoding = 4; lastKnownFileType = sourcecode.c.h; path = ISDRProjectManager.h; sourceTree = "<group>"; };
		31E8DA511A2A53410049502B /* ISDRProjectManager.m */ = {isa = PBXFileReference; fileEncoding = 4; lastKnownFileType = sourcecode.c.objc; path = ISDRProjectManager.m; sourceTree = "<group>"; };
/* End PBXFileReference section */

/* Begin PBXFrameworksBuildPhase section */
		31739DCE19DB3A7C00CF2DFB /* Frameworks */ = {
			isa = PBXFrameworksBuildPhase;
			buildActionMask = 2147483647;
			files = (
				31A8D9FD19E864540042CF02 /* libiSENSE_API.a in Frameworks */,
				31739E1F19DB44B600CF2DFB /* CoreData.framework in Frameworks */,
				31739E1D19DB44A000CF2DFB /* MobileCoreServices.framework in Frameworks */,
				31739E1B19DB449500CF2DFB /* SystemConfiguration.framework in Frameworks */,
				31739DD719DB3A7C00CF2DFB /* CoreGraphics.framework in Frameworks */,
				31739DD919DB3A7C00CF2DFB /* UIKit.framework in Frameworks */,
				31739DD519DB3A7C00CF2DFB /* Foundation.framework in Frameworks */,
			);
			runOnlyForDeploymentPostprocessing = 0;
		};
		31739DEF19DB3A7C00CF2DFB /* Frameworks */ = {
			isa = PBXFrameworksBuildPhase;
			buildActionMask = 2147483647;
			files = (
				31739DF419DB3A7C00CF2DFB /* XCTest.framework in Frameworks */,
				31739DF619DB3A7C00CF2DFB /* UIKit.framework in Frameworks */,
				31739DF519DB3A7C00CF2DFB /* Foundation.framework in Frameworks */,
			);
			runOnlyForDeploymentPostprocessing = 0;
		};
/* End PBXFrameworksBuildPhase section */

/* Begin PBXGroup section */
		31739DC819DB3A7C00CF2DFB = {
			isa = PBXGroup;
			children = (
				31739E1619DB428E00CF2DFB /* iSENSE API */,
				31739DDA19DB3A7C00CF2DFB /* DiceRoller */,
				31739DF919DB3A7C00CF2DFB /* DiceRollerTests */,
				31739DD319DB3A7C00CF2DFB /* Frameworks */,
				31739DD219DB3A7C00CF2DFB /* Products */,
			);
			sourceTree = "<group>";
		};
		31739DD219DB3A7C00CF2DFB /* Products */ = {
			isa = PBXGroup;
			children = (
				31739DD119DB3A7C00CF2DFB /* DiceRoller.app */,
				31739DF219DB3A7C00CF2DFB /* DiceRollerTests.xctest */,
			);
			name = Products;
			sourceTree = "<group>";
		};
		31739DD319DB3A7C00CF2DFB /* Frameworks */ = {
			isa = PBXGroup;
			children = (
				31739E1E19DB44B600CF2DFB /* CoreData.framework */,
				31739E1C19DB44A000CF2DFB /* MobileCoreServices.framework */,
				31739E1A19DB449500CF2DFB /* SystemConfiguration.framework */,
				31739DD419DB3A7C00CF2DFB /* Foundation.framework */,
				31739DD619DB3A7C00CF2DFB /* CoreGraphics.framework */,
				31739DD819DB3A7C00CF2DFB /* UIKit.framework */,
				31739DF319DB3A7C00CF2DFB /* XCTest.framework */,
			);
			name = Frameworks;
			sourceTree = "<group>";
		};
		31739DDA19DB3A7C00CF2DFB /* DiceRoller */ = {
			isa = PBXGroup;
			children = (
				31C05B561A65847A002D348A /* Assetts */,
				3181CF521A2CD45E008F8C37 /* Constants */,
				31C05B581A658493002D348A /* Delegates */,
				31E8DA4C1A2A528A0049502B /* Project */,
				31739DE919DB3A7C00CF2DFB /* ViewController.h */,
				31739DEA19DB3A7C00CF2DFB /* ViewController.m */,
				31E5C9C819DF11A200A5E448 /* DiceDataController.h */,
				31E5C9C919DF11A200A5E448 /* DiceDataController.m */,
				31CB511E1A6EB55A0038B084 /* UI */,
				31739DDB19DB3A7C00CF2DFB /* Supporting Files */,
				31739E0919DB3BC400CF2DFB /* DieView.h */,
				31739E0A19DB3BC400CF2DFB /* DieView.m */,
			);
			path = DiceRoller;
			sourceTree = "<group>";
		};
		31739DDB19DB3A7C00CF2DFB /* Supporting Files */ = {
			isa = PBXGroup;
			children = (
				31739DDC19DB3A7C00CF2DFB /* DiceRoller-Info.plist */,
				31739DDD19DB3A7C00CF2DFB /* InfoPlist.strings */,
				31739DE019DB3A7C00CF2DFB /* main.m */,
				31739DE219DB3A7C00CF2DFB /* DiceRoller-Prefix.pch */,
			);
			name = "Supporting Files";
			sourceTree = "<group>";
		};
		31739DF919DB3A7C00CF2DFB /* DiceRollerTests */ = {
			isa = PBXGroup;
			children = (
				31739DFF19DB3A7C00CF2DFB /* DiceRollerTests.m */,
				31739DFA19DB3A7C00CF2DFB /* Supporting Files */,
			);
			path = DiceRollerTests;
			sourceTree = "<group>";
		};
		31739DFA19DB3A7C00CF2DFB /* Supporting Files */ = {
			isa = PBXGroup;
			children = (
				31739DFB19DB3A7C00CF2DFB /* DiceRollerTests-Info.plist */,
				31739DFC19DB3A7C00CF2DFB /* InfoPlist.strings */,
			);
			name = "Supporting Files";
			sourceTree = "<group>";
		};
		31739E1619DB428E00CF2DFB /* iSENSE API */ = {
			isa = PBXGroup;
			children = (
				31A8D9F119E863ED0042CF02 /* iSENSE_API.xcodeproj */,
			);
			name = "iSENSE API";
			sourceTree = "<group>";
		};
		3181CF521A2CD45E008F8C37 /* Constants */ = {
			isa = PBXGroup;
			children = (
				3181CF541A2CD49B008F8C37 /* Constants.h */,
			);
			name = Constants;
			sourceTree = "<group>";
		};
		31A8D9F219E863ED0042CF02 /* Products */ = {
			isa = PBXGroup;
			children = (
				31A8D9F719E863EE0042CF02 /* libiSENSE_API.a */,
				31A8D9F919E863EE0042CF02 /* iSENSE_API_Bundle.bundle */,
			);
			name = Products;
			sourceTree = "<group>";
		};
		31C05B561A65847A002D348A /* Assetts */ = {
			isa = PBXGroup;
			children = (
				31B62A661A645E5F00B988CD /* Launch Screen.xib */,
				31739DEC19DB3A7C00CF2DFB /* Images.xcassets */,
			);
			name = Assetts;
			sourceTree = "<group>";
		};
		31C05B581A658493002D348A /* Delegates */ = {
			isa = PBXGroup;
			children = (
				31739DE319DB3A7C00CF2DFB /* AppDelegate.h */,
				31739DE419DB3A7C00CF2DFB /* AppDelegate.m */,
			);
			name = Delegates;
			sourceTree = "<group>";
		};
		31CB511E1A6EB55A0038B084 /* UI */ = {
			isa = PBXGroup;
			children = (
				31739DE619DB3A7C00CF2DFB /* Main.storyboard */,
				31CB51201A6EB56F0038B084 /* Tutorial.storyboard */,
			);
			name = UI;
			path = ..;
			sourceTree = "<group>";
		};
		31E8DA4C1A2A528A0049502B /* Project */ = {
			isa = PBXGroup;
			children = (
				31E8DA4E1A2A53050049502B /* ISDRProjectManager.h */,
				31E8DA511A2A53410049502B /* ISDRProjectManager.m */,
			);
			name = Project;
			sourceTree = "<group>";
		};
/* End PBXGroup section */

/* Begin PBXNativeTarget section */
		31739DD019DB3A7C00CF2DFB /* DiceRoller */ = {
			isa = PBXNativeTarget;
			buildConfigurationList = 31739E0319DB3A7C00CF2DFB /* Build configuration list for PBXNativeTarget "DiceRoller" */;
			buildPhases = (
				31739DCD19DB3A7C00CF2DFB /* Sources */,
				31739DCE19DB3A7C00CF2DFB /* Frameworks */,
				31739DCF19DB3A7C00CF2DFB /* Resources */,
			);
			buildRules = (
			);
			dependencies = (
				31A8D9FB19E8640D0042CF02 /* PBXTargetDependency */,
			);
			name = DiceRoller;
			productName = DiceRoller;
			productReference = 31739DD119DB3A7C00CF2DFB /* DiceRoller.app */;
			productType = "com.apple.product-type.application";
		};
		31739DF119DB3A7C00CF2DFB /* DiceRollerTests */ = {
			isa = PBXNativeTarget;
			buildConfigurationList = 31739E0619DB3A7C00CF2DFB /* Build configuration list for PBXNativeTarget "DiceRollerTests" */;
			buildPhases = (
				31739DEE19DB3A7C00CF2DFB /* Sources */,
				31739DEF19DB3A7C00CF2DFB /* Frameworks */,
				31739DF019DB3A7C00CF2DFB /* Resources */,
			);
			buildRules = (
			);
			dependencies = (
				31739DF819DB3A7C00CF2DFB /* PBXTargetDependency */,
			);
			name = DiceRollerTests;
			productName = DiceRollerTests;
			productReference = 31739DF219DB3A7C00CF2DFB /* DiceRollerTests.xctest */;
			productType = "com.apple.product-type.bundle.unit-test";
		};
/* End PBXNativeTarget section */

/* Begin PBXProject section */
		31739DC919DB3A7C00CF2DFB /* Project object */ = {
			isa = PBXProject;
			attributes = {
				LastUpgradeCheck = 0510;
				ORGANIZATIONNAME = iSENSE;
				TargetAttributes = {
					31739DF119DB3A7C00CF2DFB = {
						TestTargetID = 31739DD019DB3A7C00CF2DFB;
					};
				};
			};
			buildConfigurationList = 31739DCC19DB3A7C00CF2DFB /* Build configuration list for PBXProject "DiceRoller" */;
			compatibilityVersion = "Xcode 3.2";
			developmentRegion = English;
			hasScannedForEncodings = 0;
			knownRegions = (
				en,
				Base,
			);
			mainGroup = 31739DC819DB3A7C00CF2DFB;
			productRefGroup = 31739DD219DB3A7C00CF2DFB /* Products */;
			projectDirPath = "";
			projectReferences = (
				{
					ProductGroup = 31A8D9F219E863ED0042CF02 /* Products */;
					ProjectRef = 31A8D9F119E863ED0042CF02 /* iSENSE_API.xcodeproj */;
				},
			);
			projectRoot = "";
			targets = (
				31739DD019DB3A7C00CF2DFB /* DiceRoller */,
				31739DF119DB3A7C00CF2DFB /* DiceRollerTests */,
			);
		};
/* End PBXProject section */

/* Begin PBXReferenceProxy section */
		31A8D9F719E863EE0042CF02 /* libiSENSE_API.a */ = {
			isa = PBXReferenceProxy;
			fileType = archive.ar;
			path = libiSENSE_API.a;
			remoteRef = 31A8D9F619E863EE0042CF02 /* PBXContainerItemProxy */;
			sourceTree = BUILT_PRODUCTS_DIR;
		};
		31A8D9F919E863EE0042CF02 /* iSENSE_API_Bundle.bundle */ = {
			isa = PBXReferenceProxy;
			fileType = wrapper.cfbundle;
			path = iSENSE_API_Bundle.bundle;
			remoteRef = 31A8D9F819E863EE0042CF02 /* PBXContainerItemProxy */;
			sourceTree = BUILT_PRODUCTS_DIR;
		};
/* End PBXReferenceProxy section */

/* Begin PBXResourcesBuildPhase section */
		31739DCF19DB3A7C00CF2DFB /* Resources */ = {
			isa = PBXResourcesBuildPhase;
			buildActionMask = 2147483647;
			files = (
				31A8D9FC19E864200042CF02 /* iSENSE_API_Bundle.bundle in Resources */,
				31739DED19DB3A7C00CF2DFB /* Images.xcassets in Resources */,
				31739DDF19DB3A7C00CF2DFB /* InfoPlist.strings in Resources */,
				31739DE819DB3A7C00CF2DFB /* Main.storyboard in Resources */,
				31B62A671A645E5F00B988CD /* Launch Screen.xib in Resources */,
				31CB51211A6EB56F0038B084 /* Tutorial.storyboard in Resources */,
			);
			runOnlyForDeploymentPostprocessing = 0;
		};
		31739DF019DB3A7C00CF2DFB /* Resources */ = {
			isa = PBXResourcesBuildPhase;
			buildActionMask = 2147483647;
			files = (
				31739DFE19DB3A7C00CF2DFB /* InfoPlist.strings in Resources */,
			);
			runOnlyForDeploymentPostprocessing = 0;
		};
/* End PBXResourcesBuildPhase section */

/* Begin PBXSourcesBuildPhase section */
		31739DCD19DB3A7C00CF2DFB /* Sources */ = {
			isa = PBXSourcesBuildPhase;
			buildActionMask = 2147483647;
			files = (
				31739DEB19DB3A7C00CF2DFB /* ViewController.m in Sources */,
				31E8DA531A2A53410049502B /* ISDRProjectManager.m in Sources */,
				31739E0B19DB3BC400CF2DFB /* DieView.m in Sources */,
				31739DE519DB3A7C00CF2DFB /* AppDelegate.m in Sources */,
				31E5C9CA19DF11A200A5E448 /* DiceDataController.m in Sources */,
				31739DE119DB3A7C00CF2DFB /* main.m in Sources */,
			);
			runOnlyForDeploymentPostprocessing = 0;
		};
		31739DEE19DB3A7C00CF2DFB /* Sources */ = {
			isa = PBXSourcesBuildPhase;
			buildActionMask = 2147483647;
			files = (
				31739E0019DB3A7C00CF2DFB /* DiceRollerTests.m in Sources */,
			);
			runOnlyForDeploymentPostprocessing = 0;
		};
/* End PBXSourcesBuildPhase section */

/* Begin PBXTargetDependency section */
		31739DF819DB3A7C00CF2DFB /* PBXTargetDependency */ = {
			isa = PBXTargetDependency;
			target = 31739DD019DB3A7C00CF2DFB /* DiceRoller */;
			targetProxy = 31739DF719DB3A7C00CF2DFB /* PBXContainerItemProxy */;
		};
		31A8D9FB19E8640D0042CF02 /* PBXTargetDependency */ = {
			isa = PBXTargetDependency;
			name = iSENSE_API;
			targetProxy = 31A8D9FA19E8640D0042CF02 /* PBXContainerItemProxy */;
		};
/* End PBXTargetDependency section */

/* Begin PBXVariantGroup section */
		31739DDD19DB3A7C00CF2DFB /* InfoPlist.strings */ = {
			isa = PBXVariantGroup;
			children = (
				31739DDE19DB3A7C00CF2DFB /* en */,
			);
			name = InfoPlist.strings;
			sourceTree = "<group>";
		};
		31739DE619DB3A7C00CF2DFB /* Main.storyboard */ = {
			isa = PBXVariantGroup;
			children = (
				31739DE719DB3A7C00CF2DFB /* Base */,
			);
			name = Main.storyboard;
			path = DiceRoller;
			sourceTree = "<group>";
		};
		31739DFC19DB3A7C00CF2DFB /* InfoPlist.strings */ = {
			isa = PBXVariantGroup;
			children = (
				31739DFD19DB3A7C00CF2DFB /* en */,
			);
			name = InfoPlist.strings;
			sourceTree = "<group>";
		};
/* End PBXVariantGroup section */

/* Begin XCBuildConfiguration section */
		31739E0119DB3A7C00CF2DFB /* Debug */ = {
			isa = XCBuildConfiguration;
			buildSettings = {
				ALWAYS_SEARCH_USER_PATHS = NO;
				CLANG_CXX_LANGUAGE_STANDARD = "gnu++0x";
				CLANG_CXX_LIBRARY = "libc++";
				CLANG_ENABLE_MODULES = YES;
				CLANG_ENABLE_OBJC_ARC = YES;
				CLANG_WARN_BOOL_CONVERSION = YES;
				CLANG_WARN_CONSTANT_CONVERSION = YES;
				CLANG_WARN_DIRECT_OBJC_ISA_USAGE = YES_ERROR;
				CLANG_WARN_EMPTY_BODY = YES;
				CLANG_WARN_ENUM_CONVERSION = YES;
				CLANG_WARN_INT_CONVERSION = YES;
				CLANG_WARN_OBJC_ROOT_CLASS = YES_ERROR;
				CLANG_WARN__DUPLICATE_METHOD_MATCH = YES;
				"CODE_SIGN_IDENTITY[sdk=iphoneos*]" = "iPhone Developer";
				COPY_PHASE_STRIP = NO;
				GCC_C_LANGUAGE_STANDARD = gnu99;
				GCC_DYNAMIC_NO_PIC = NO;
				GCC_OPTIMIZATION_LEVEL = 0;
				GCC_PREPROCESSOR_DEFINITIONS = (
					"DEBUG=1",
					"$(inherited)",
				);
				GCC_SYMBOLS_PRIVATE_EXTERN = NO;
				GCC_WARN_64_TO_32_BIT_CONVERSION = YES;
				GCC_WARN_ABOUT_RETURN_TYPE = YES_ERROR;
				GCC_WARN_UNDECLARED_SELECTOR = YES;
				GCC_WARN_UNINITIALIZED_AUTOS = YES_AGGRESSIVE;
				GCC_WARN_UNUSED_FUNCTION = YES;
				GCC_WARN_UNUSED_VARIABLE = YES;
				IPHONEOS_DEPLOYMENT_TARGET = 7.1;
				ONLY_ACTIVE_ARCH = YES;
				SDKROOT = iphoneos;
			};
			name = Debug;
		};
		31739E0219DB3A7C00CF2DFB /* Release */ = {
			isa = XCBuildConfiguration;
			buildSettings = {
				ALWAYS_SEARCH_USER_PATHS = NO;
				CLANG_CXX_LANGUAGE_STANDARD = "gnu++0x";
				CLANG_CXX_LIBRARY = "libc++";
				CLANG_ENABLE_MODULES = YES;
				CLANG_ENABLE_OBJC_ARC = YES;
				CLANG_WARN_BOOL_CONVERSION = YES;
				CLANG_WARN_CONSTANT_CONVERSION = YES;
				CLANG_WARN_DIRECT_OBJC_ISA_USAGE = YES_ERROR;
				CLANG_WARN_EMPTY_BODY = YES;
				CLANG_WARN_ENUM_CONVERSION = YES;
				CLANG_WARN_INT_CONVERSION = YES;
				CLANG_WARN_OBJC_ROOT_CLASS = YES_ERROR;
				CLANG_WARN__DUPLICATE_METHOD_MATCH = YES;
				"CODE_SIGN_IDENTITY[sdk=iphoneos*]" = "iPhone Developer";
				COPY_PHASE_STRIP = YES;
				ENABLE_NS_ASSERTIONS = NO;
				GCC_C_LANGUAGE_STANDARD = gnu99;
				GCC_WARN_64_TO_32_BIT_CONVERSION = YES;
				GCC_WARN_ABOUT_RETURN_TYPE = YES_ERROR;
				GCC_WARN_UNDECLARED_SELECTOR = YES;
				GCC_WARN_UNINITIALIZED_AUTOS = YES_AGGRESSIVE;
				GCC_WARN_UNUSED_FUNCTION = YES;
				GCC_WARN_UNUSED_VARIABLE = YES;
				IPHONEOS_DEPLOYMENT_TARGET = 7.1;
				SDKROOT = iphoneos;
				VALIDATE_PRODUCT = YES;
			};
			name = Release;
		};
		31739E0419DB3A7C00CF2DFB /* Debug */ = {
			isa = XCBuildConfiguration;
			buildSettings = {
				ASSETCATALOG_COMPILER_APPICON_NAME = AppIcon;
				ASSETCATALOG_COMPILER_LAUNCHIMAGE_NAME = LaunchImage;
				GCC_PRECOMPILE_PREFIX_HEADER = YES;
				GCC_PREFIX_HEADER = "DiceRoller/DiceRoller-Prefix.pch";
				HEADER_SEARCH_PATHS = (
					"$(inherited)",
					/Applications/Xcode.app/Contents/Developer/Toolchains/XcodeDefault.xctoolchain/usr/include,
					"$(PROJECT_DIR)/../../Libs/iSENSE_API",
					"$(PROJECT_DIR)/../../Libs/iSENSE_API/headers",
				);
				INFOPLIST_FILE = "DiceRoller/DiceRoller-Info.plist";
				OTHER_LDFLAGS = (
					"-ObjC",
					"-all_load",
				);
				PRODUCT_NAME = "$(TARGET_NAME)";
				USER_HEADER_SEARCH_PATHS = "$(PROJECT_DIR)/../../Libs/iSENSE_API/headers $(PROJECT_DIR)/../../Libs/iSENSE_API $(BUILD_PRODUCTS_DIR)";
				WRAPPER_EXTENSION = app;
			};
			name = Debug;
		};
		31739E0519DB3A7C00CF2DFB /* Release */ = {
			isa = XCBuildConfiguration;
			buildSettings = {
				ASSETCATALOG_COMPILER_APPICON_NAME = AppIcon;
				ASSETCATALOG_COMPILER_LAUNCHIMAGE_NAME = LaunchImage;
				GCC_PRECOMPILE_PREFIX_HEADER = YES;
				GCC_PREFIX_HEADER = "DiceRoller/DiceRoller-Prefix.pch";
				HEADER_SEARCH_PATHS = (
					"$(inherited)",
					/Applications/Xcode.app/Contents/Developer/Toolchains/XcodeDefault.xctoolchain/usr/include,
					"$(PROJECT_DIR)/../../Libs/iSENSE_API",
					"$(PROJECT_DIR)/../../Libs/iSENSE_API/headers",
				);
				INFOPLIST_FILE = "DiceRoller/DiceRoller-Info.plist";
				OTHER_LDFLAGS = (
					"-ObjC",
					"-all_load",
				);
				PRODUCT_NAME = "$(TARGET_NAME)";
				USER_HEADER_SEARCH_PATHS = "$(PROJECT_DIR)/../../Libs/iSENSE_API/headers $(PROJECT_DIR)/../../Libs/iSENSE_API $(BUILD_PRODUCTS_DIR)";
				WRAPPER_EXTENSION = app;
			};
			name = Release;
		};
		31739E0719DB3A7C00CF2DFB /* Debug */ = {
			isa = XCBuildConfiguration;
			buildSettings = {
				BUNDLE_LOADER = "$(BUILT_PRODUCTS_DIR)/DiceRoller.app/DiceRoller";
				FRAMEWORK_SEARCH_PATHS = (
					"$(SDKROOT)/Developer/Library/Frameworks",
					"$(inherited)",
					"$(DEVELOPER_FRAMEWORKS_DIR)",
				);
				GCC_PRECOMPILE_PREFIX_HEADER = YES;
				GCC_PREFIX_HEADER = "DiceRoller/DiceRoller-Prefix.pch";
				GCC_PREPROCESSOR_DEFINITIONS = (
					"DEBUG=1",
					"$(inherited)",
				);
				INFOPLIST_FILE = "DiceRollerTests/DiceRollerTests-Info.plist";
				PRODUCT_NAME = "$(TARGET_NAME)";
				TEST_HOST = "$(BUNDLE_LOADER)";
				WRAPPER_EXTENSION = xctest;
			};
			name = Debug;
		};
		31739E0819DB3A7C00CF2DFB /* Release */ = {
			isa = XCBuildConfiguration;
			buildSettings = {
				BUNDLE_LOADER = "$(BUILT_PRODUCTS_DIR)/DiceRoller.app/DiceRoller";
				FRAMEWORK_SEARCH_PATHS = (
					"$(SDKROOT)/Developer/Library/Frameworks",
					"$(inherited)",
					"$(DEVELOPER_FRAMEWORKS_DIR)",
				);
				GCC_PRECOMPILE_PREFIX_HEADER = YES;
				GCC_PREFIX_HEADER = "DiceRoller/DiceRoller-Prefix.pch";
				INFOPLIST_FILE = "DiceRollerTests/DiceRollerTests-Info.plist";
				PRODUCT_NAME = "$(TARGET_NAME)";
				TEST_HOST = "$(BUNDLE_LOADER)";
				WRAPPER_EXTENSION = xctest;
			};
			name = Release;
		};
/* End XCBuildConfiguration section */

/* Begin XCConfigurationList section */
		31739DCC19DB3A7C00CF2DFB /* Build configuration list for PBXProject "DiceRoller" */ = {
			isa = XCConfigurationList;
			buildConfigurations = (
				31739E0119DB3A7C00CF2DFB /* Debug */,
				31739E0219DB3A7C00CF2DFB /* Release */,
			);
			defaultConfigurationIsVisible = 0;
			defaultConfigurationName = Release;
		};
		31739E0319DB3A7C00CF2DFB /* Build configuration list for PBXNativeTarget "DiceRoller" */ = {
			isa = XCConfigurationList;
			buildConfigurations = (
				31739E0419DB3A7C00CF2DFB /* Debug */,
				31739E0519DB3A7C00CF2DFB /* Release */,
			);
			defaultConfigurationIsVisible = 0;
			defaultConfigurationName = Release;
		};
		31739E0619DB3A7C00CF2DFB /* Build configuration list for PBXNativeTarget "DiceRollerTests" */ = {
			isa = XCConfigurationList;
			buildConfigurations = (
				31739E0719DB3A7C00CF2DFB /* Debug */,
				31739E0819DB3A7C00CF2DFB /* Release */,
			);
			defaultConfigurationIsVisible = 0;
			defaultConfigurationName = Release;
		};
/* End XCConfigurationList section */
	};
	rootObject = 31739DC919DB3A7C00CF2DFB /* Project object */;
}
